Microsoft Visual Studio Solution File, Format Version 12.00
# Visual Studio 16
Project("{2150E333-8FDC-42A3-9474-1A3956D46DE8}") = "CMakePredefinedTargets", "CMakePredefinedTargets", "{22488A71-05C3-3E93-95E6-9EC4DB52CD43}"
EndProject
Project("{2150E333-8FDC-42A3-9474-1A3956D46DE8}") = "PhysX SDK", "PhysX SDK", "{7F7DFD40-17B8-358D-A4B8-9F453C2EDA1C}"
EndProject
Project("{2150E333-8FDC-42A3-9474-1A3956D46DE8}") = "PhysX Samples", "PhysX Samples", "{34B6A5F6-0366-3EF5-9A7A-DE870EA0E9EE}"
EndProject
Project("{8BC9CEB8-8B4A-11D0-8D11-00A0C91BC942}") = "ALL_BUILD", "ALL_BUILD.vcxproj", "{68A5F5D1-D82A-3315-9916-0C2648A57D97}"
	ProjectSection(ProjectDependencies) = postProject
		{BD76FCD5-A28C-3377-9B81-359B02553651} = {BD76FCD5-A28C-3377-9B81-359B02553651}
		{25136EF7-9824-38E9-A762-9FC78FBA6229} = {25136EF7-9824-38E9-A762-9FC78FBA6229}
		{4AF08E0B-3E43-368E-B684-6184A803D902} = {4AF08E0B-3E43-368E-B684-6184A803D902}
		{393DB806-AD3A-3D7F-8A44-304CFEFF8EDA} = {393DB806-AD3A-3D7F-8A44-304CFEFF8EDA}
		{0EA46F7D-D637-30C7-82FF-D57DBE52D616} = {0EA46F7D-D637-30C7-82FF-D57DBE52D616}
		{9EFC712B-5BE4-32A7-8920-6CEA87DAE679} = {9EFC712B-5BE4-32A7-8920-6CEA87DAE679}
		{263EF82A-759A-35F0-988A-45930B42E676} = {263EF82A-759A-35F0-988A-45930B42E676}
	EndProjectSection
EndProject
Project("{8BC9CEB8-8B4A-11D0-8D11-00A0C91BC942}") = "FastXml", "..\sdk_source_bin\FastXml.vcxproj", "{BAD0B39D-73DF-38ED-A8B0-9B7AD5466428}"
	ProjectSection(ProjectDependencies) = postProject
		{263EF82A-759A-35F0-988A-45930B42E676} = {263EF82A-759A-35F0-988A-45930B42E676}
	EndProjectSection
EndProject
Project("{8BC9CEB8-8B4A-11D0-8D11-00A0C91BC942}") = "INSTALL", "INSTALL.vcxproj", "{6298C785-53FF-32B0-A5FF-F8F3AE74BCB4}"
	ProjectSection(ProjectDependencies) = postProject
		{68A5F5D1-D82A-3315-9916-0C2648A57D97} = {68A5F5D1-D82A-3315-9916-0C2648A57D97}
		{263EF82A-759A-35F0-988A-45930B42E676} = {263EF82A-759A-35F0-988A-45930B42E676}
	EndProjectSection
EndProject
Project("{8BC9CEB8-8B4A-11D0-8D11-00A0C91BC942}") = "LowLevel", "..\sdk_source_bin\LowLevel.vcxproj", "{C5C4BC8C-38BD-358D-A3DC-B3C5C377C855}"
	ProjectSection(ProjectDependencies) = postProject
		{263EF82A-759A-35F0-988A-45930B42E676} = {263EF82A-759A-35F0-988A-45930B42E676}
	EndProjectSection
EndProject
Project("{8BC9CEB8-8B4A-11D0-8D11-00A0C91BC942}") = "LowLevelAABB", "..\sdk_source_bin\LowLevelAABB.vcxproj", "{22DB972C-D896-3848-A77B-286E829B908C}"
	ProjectSection(ProjectDependencies) = postProject
		{263EF82A-759A-35F0-988A-45930B42E676} = {263EF82A-759A-35F0-988A-45930B42E676}
	EndProjectSection
EndProject
Project("{8BC9CEB8-8B4A-11D0-8D11-00A0C91BC942}") = "LowLevelDynamics", "..\sdk_source_bin\LowLevelDynamics.vcxproj", "{21E8A5D5-AFEA-3455-BC9F-5042D438DF33}"
	ProjectSection(ProjectDependencies) = postProject
		{263EF82A-759A-35F0-988A-45930B42E676} = {263EF82A-759A-35F0-988A-45930B42E676}
	EndProjectSection
EndProject
Project("{8BC9CEB8-8B4A-11D0-8D11-00A0C91BC942}") = "PhysX", "..\sdk_source_bin\PhysX.vcxproj", "{49943FD0-5B4A-3956-AA3B-07BBE495A136}"
	ProjectSection(ProjectDependencies) = postProject
		{C5C4BC8C-38BD-358D-A3DC-B3C5C377C855} = {C5C4BC8C-38BD-358D-A3DC-B3C5C377C855}
		{22DB972C-D896-3848-A77B-286E829B908C} = {22DB972C-D896-3848-A77B-286E829B908C}
		{21E8A5D5-AFEA-3455-BC9F-5042D438DF33} = {21E8A5D5-AFEA-3455-BC9F-5042D438DF33}
		{DD810424-7F09-3132-9A77-35FCBCBAAC56} = {DD810424-7F09-3132-9A77-35FCBCBAAC56}
		{F382E671-B3D6-367F-8231-7F0720D03090} = {F382E671-B3D6-367F-8231-7F0720D03090}
		{4587724A-0B92-3EAF-8D18-107FB2138B0F} = {4587724A-0B92-3EAF-8D18-107FB2138B0F}
		{4A8BDEB0-2C69-322E-89D2-33179ACFFEC2} = {4A8BDEB0-2C69-322E-89D2-33179ACFFEC2}
		{6D4845B3-881D-30BF-A15C-AB3BBD361215} = {6D4845B3-881D-30BF-A15C-AB3BBD361215}
		{C2849802-880D-3F55-9C0F-2BE87A37DE8B} = {C2849802-880D-3F55-9C0F-2BE87A37DE8B}
		{263EF82A-759A-35F0-988A-45930B42E676} = {263EF82A-759A-35F0-988A-45930B42E676}
	EndProjectSection
EndProject
Project("{8BC9CEB8-8B4A-11D0-8D11-00A0C91BC942}") = "PhysXCharacterKinematic", "..\sdk_source_bin\PhysXCharacterKinematic.vcxproj", "{54E6CCE0-44E1-3746-BA09-3C683F8851A8}"
	ProjectSection(ProjectDependencies) = postProject
		{F382E671-B3D6-367F-8231-7F0720D03090} = {F382E671-B3D6-367F-8231-7F0720D03090}
		{263EF82A-759A-35F0-988A-45930B42E676} = {263EF82A-759A-35F0-988A-45930B42E676}
	EndProjectSection
EndProject
Project("{8BC9CEB8-8B4A-11D0-8D11-00A0C91BC942}") = "PhysXCommon", "..\sdk_source_bin\PhysXCommon.vcxproj", "{DD810424-7F09-3132-9A77-35FCBCBAAC56}"
	ProjectSection(ProjectDependencies) = postProject
		{F382E671-B3D6-367F-8231-7F0720D03090} = {F382E671-B3D6-367F-8231-7F0720D03090}
		{263EF82A-759A-35F0-988A-45930B42E676} = {263EF82A-759A-35F0-988A-45930B42E676}
	EndProjectSection
EndProject
Project("{8BC9CEB8-8B4A-11D0-8D11-00A0C91BC942}") = "PhysXCooking", "..\sdk_source_bin\PhysXCooking.vcxproj", "{67AB5E7F-2BA1-38F5-B845-3D2376983E41}"
	ProjectSection(ProjectDependencies) = postProject
		{DD810424-7F09-3132-9A77-35FCBCBAAC56} = {DD810424-7F09-3132-9A77-35FCBCBAAC56}
		{F382E671-B3D6-367F-8231-7F0720D03090} = {F382E671-B3D6-367F-8231-7F0720D03090}
		{263EF82A-759A-35F0-988A-45930B42E676} = {263EF82A-759A-35F0-988A-45930B42E676}
	EndProjectSection
EndProject
Project("{8BC9CEB8-8B4A-11D0-8D11-00A0C91BC942}") = "PhysXExtensions", "..\sdk_source_bin\PhysXExtensions.vcxproj", "{0ADE9E10-B405-39F0-99E7-5E25F06AC45E}"
	ProjectSection(ProjectDependencies) = postProject
		{BAD0B39D-73DF-38ED-A8B0-9B7AD5466428} = {BAD0B39D-73DF-38ED-A8B0-9B7AD5466428}
		{49943FD0-5B4A-3956-AA3B-07BBE495A136} = {49943FD0-5B4A-3956-AA3B-07BBE495A136}
		{F382E671-B3D6-367F-8231-7F0720D03090} = {F382E671-B3D6-367F-8231-7F0720D03090}
		{4587724A-0B92-3EAF-8D18-107FB2138B0F} = {4587724A-0B92-3EAF-8D18-107FB2138B0F}
		{263EF82A-759A-35F0-988A-45930B42E676} = {263EF82A-759A-35F0-988A-45930B42E676}
	EndProjectSection
EndProject
Project("{8BC9CEB8-8B4A-11D0-8D11-00A0C91BC942}") = "PhysXFoundation", "..\sdk_source_bin\PhysXFoundation.vcxproj", "{F382E671-B3D6-367F-8231-7F0720D03090}"
	ProjectSection(ProjectDependencies) = postProject
		{263EF82A-759A-35F0-988A-45930B42E676} = {263EF82A-759A-35F0-988A-45930B42E676}
	EndProjectSection
EndProject
Project("{8BC9CEB8-8B4A-11D0-8D11-00A0C91BC942}") = "PhysXPvdSDK", "..\sdk_source_bin\PhysXPvdSDK.vcxproj", "{4587724A-0B92-3EAF-8D18-107FB2138B0F}"
	ProjectSection(ProjectDependencies) = postProject
		{F382E671-B3D6-367F-8231-7F0720D03090} = {F382E671-B3D6-367F-8231-7F0720D03090}
		{263EF82A-759A-35F0-988A-45930B42E676} = {263EF82A-759A-35F0-988A-45930B42E676}
	EndProjectSection
EndProject
Project("{8BC9CEB8-8B4A-11D0-8D11-00A0C91BC942}") = "PhysXTask", "..\sdk_source_bin\PhysXTask.vcxproj", "{4A8BDEB0-2C69-322E-89D2-33179ACFFEC2}"
	ProjectSection(ProjectDependencies) = postProject
		{263EF82A-759A-35F0-988A-45930B42E676} = {263EF82A-759A-35F0-988A-45930B42E676}
	EndProjectSection
EndProject
Project("{8BC9CEB8-8B4A-11D0-8D11-00A0C91BC942}") = "PhysXVehicle", "..\sdk_source_bin\PhysXVehicle.vcxproj", "{497D7FB2-E02C-3F55-9FE0-F2495EF6910E}"
	ProjectSection(ProjectDependencies) = postProject
		{F382E671-B3D6-367F-8231-7F0720D03090} = {F382E671-B3D6-367F-8231-7F0720D03090}
		{4587724A-0B92-3EAF-8D18-107FB2138B0F} = {4587724A-0B92-3EAF-8D18-107FB2138B0F}
		{263EF82A-759A-35F0-988A-45930B42E676} = {263EF82A-759A-35F0-988A-45930B42E676}
	EndProjectSection
EndProject
Project("{8BC9CEB8-8B4A-11D0-8D11-00A0C91BC942}") = "SampleBase", "SampleBase.vcxproj", "{BD76FCD5-A28C-3377-9B81-359B02553651}"
	ProjectSection(ProjectDependencies) = postProject
		{49943FD0-5B4A-3956-AA3B-07BBE495A136} = {49943FD0-5B4A-3956-AA3B-07BBE495A136}
		{0ADE9E10-B405-39F0-99E7-5E25F06AC45E} = {0ADE9E10-B405-39F0-99E7-5E25F06AC45E}
		{F382E671-B3D6-367F-8231-7F0720D03090} = {F382E671-B3D6-367F-8231-7F0720D03090}
		{4587724A-0B92-3EAF-8D18-107FB2138B0F} = {4587724A-0B92-3EAF-8D18-107FB2138B0F}
		{0EA46F7D-D637-30C7-82FF-D57DBE52D616} = {0EA46F7D-D637-30C7-82FF-D57DBE52D616}
		{263EF82A-759A-35F0-988A-45930B42E676} = {263EF82A-759A-35F0-988A-45930B42E676}
	EndProjectSection
EndProject
Project("{8BC9CEB8-8B4A-11D0-8D11-00A0C91BC942}") = "SampleFramework", "SampleFramework.vcxproj", "{25136EF7-9824-38E9-A762-9FC78FBA6229}"
	ProjectSection(ProjectDependencies) = postProject
		{49943FD0-5B4A-3956-AA3B-07BBE495A136} = {49943FD0-5B4A-3956-AA3B-07BBE495A136}
		{0ADE9E10-B405-39F0-99E7-5E25F06AC45E} = {0ADE9E10-B405-39F0-99E7-5E25F06AC45E}
		{F382E671-B3D6-367F-8231-7F0720D03090} = {F382E671-B3D6-367F-8231-7F0720D03090}
		{4587724A-0B92-3EAF-8D18-107FB2138B0F} = {4587724A-0B92-3EAF-8D18-107FB2138B0F}
		{0EA46F7D-D637-30C7-82FF-D57DBE52D616} = {0EA46F7D-D637-30C7-82FF-D57DBE52D616}
		{263EF82A-759A-35F0-988A-45930B42E676} = {263EF82A-759A-35F0-988A-45930B42E676}
	EndProjectSection
EndProject
Project("{8BC9CEB8-8B4A-11D0-8D11-00A0C91BC942}") = "SamplePlatform", "SamplePlatform.vcxproj", "{4AF08E0B-3E43-368E-B684-6184A803D902}"
	ProjectSection(ProjectDependencies) = postProject
		{49943FD0-5B4A-3956-AA3B-07BBE495A136} = {49943FD0-5B4A-3956-AA3B-07BBE495A136}
		{0ADE9E10-B405-39F0-99E7-5E25F06AC45E} = {0ADE9E10-B405-39F0-99E7-5E25F06AC45E}
		{F382E671-B3D6-367F-8231-7F0720D03090} = {F382E671-B3D6-367F-8231-7F0720D03090}
		{4587724A-0B92-3EAF-8D18-107FB2138B0F} = {4587724A-0B92-3EAF-8D18-107FB2138B0F}
		{0EA46F7D-D637-30C7-82FF-D57DBE52D616} = {0EA46F7D-D637-30C7-82FF-D57DBE52D616}
		{263EF82A-759A-35F0-988A-45930B42E676} = {263EF82A-759A-35F0-988A-45930B42E676}
	EndProjectSection
EndProject
Project("{8BC9CEB8-8B4A-11D0-8D11-00A0C91BC942}") = "SampleRenderer", "SampleRenderer.vcxproj", "{393DB806-AD3A-3D7F-8A44-304CFEFF8EDA}"
	ProjectSection(ProjectDependencies) = postProject
		{49943FD0-5B4A-3956-AA3B-07BBE495A136} = {49943FD0-5B4A-3956-AA3B-07BBE495A136}
		{0ADE9E10-B405-39F0-99E7-5E25F06AC45E} = {0ADE9E10-B405-39F0-99E7-5E25F06AC45E}
		{F382E671-B3D6-367F-8231-7F0720D03090} = {F382E671-B3D6-367F-8231-7F0720D03090}
		{4587724A-0B92-3EAF-8D18-107FB2138B0F} = {4587724A-0B92-3EAF-8D18-107FB2138B0F}
		{0EA46F7D-D637-30C7-82FF-D57DBE52D616} = {0EA46F7D-D637-30C7-82FF-D57DBE52D616}
		{263EF82A-759A-35F0-988A-45930B42E676} = {263EF82A-759A-35F0-988A-45930B42E676}
	EndProjectSection
EndProject
Project("{8BC9CEB8-8B4A-11D0-8D11-00A0C91BC942}") = "SampleToolkit", "SampleToolkit.vcxproj", "{0EA46F7D-D637-30C7-82FF-D57DBE52D616}"
	ProjectSection(ProjectDependencies) = postProject
		{49943FD0-5B4A-3956-AA3B-07BBE495A136} = {49943FD0-5B4A-3956-AA3B-07BBE495A136}
		{0ADE9E10-B405-39F0-99E7-5E25F06AC45E} = {0ADE9E10-B405-39F0-99E7-5E25F06AC45E}
		{F382E671-B3D6-367F-8231-7F0720D03090} = {F382E671-B3D6-367F-8231-7F0720D03090}
		{4587724A-0B92-3EAF-8D18-107FB2138B0F} = {4587724A-0B92-3EAF-8D18-107FB2138B0F}
		{263EF82A-759A-35F0-988A-45930B42E676} = {263EF82A-759A-35F0-988A-45930B42E676}
	EndProjectSection
EndProject
Project("{8BC9CEB8-8B4A-11D0-8D11-00A0C91BC942}") = "Samples", "Samples.vcxproj", "{9EFC712B-5BE4-32A7-8920-6CEA87DAE679}"
	ProjectSection(ProjectDependencies) = postProject
		{49943FD0-5B4A-3956-AA3B-07BBE495A136} = {49943FD0-5B4A-3956-AA3B-07BBE495A136}
		{54E6CCE0-44E1-3746-BA09-3C683F8851A8} = {54E6CCE0-44E1-3746-BA09-3C683F8851A8}
		{DD810424-7F09-3132-9A77-35FCBCBAAC56} = {DD810424-7F09-3132-9A77-35FCBCBAAC56}
		{67AB5E7F-2BA1-38F5-B845-3D2376983E41} = {67AB5E7F-2BA1-38F5-B845-3D2376983E41}
		{0ADE9E10-B405-39F0-99E7-5E25F06AC45E} = {0ADE9E10-B405-39F0-99E7-5E25F06AC45E}
		{F382E671-B3D6-367F-8231-7F0720D03090} = {F382E671-B3D6-367F-8231-7F0720D03090}
		{4587724A-0B92-3EAF-8D18-107FB2138B0F} = {4587724A-0B92-3EAF-8D18-107FB2138B0F}
		{497D7FB2-E02C-3F55-9FE0-F2495EF6910E} = {497D7FB2-E02C-3F55-9FE0-F2495EF6910E}
		{BD76FCD5-A28C-3377-9B81-359B02553651} = {BD76FCD5-A28C-3377-9B81-359B02553651}
		{25136EF7-9824-38E9-A762-9FC78FBA6229} = {25136EF7-9824-38E9-A762-9FC78FBA6229}
		{4AF08E0B-3E43-368E-B684-6184A803D902} = {4AF08E0B-3E43-368E-B684-6184A803D902}
		{393DB806-AD3A-3D7F-8A44-304CFEFF8EDA} = {393DB806-AD3A-3D7F-8A44-304CFEFF8EDA}
		{0EA46F7D-D637-30C7-82FF-D57DBE52D616} = {0EA46F7D-D637-30C7-82FF-D57DBE52D616}
		{263EF82A-759A-35F0-988A-45930B42E676} = {263EF82A-759A-35F0-988A-45930B42E676}
	EndProjectSection
EndProject
Project("{8BC9CEB8-8B4A-11D0-8D11-00A0C91BC942}") = "SceneQuery", "..\sdk_source_bin\SceneQuery.vcxproj", "{6D4845B3-881D-30BF-A15C-AB3BBD361215}"
	ProjectSection(ProjectDependencies) = postProject
		{263EF82A-759A-35F0-988A-45930B42E676} = {263EF82A-759A-35F0-988A-45930B42E676}
	EndProjectSection
EndProject
Project("{8BC9CEB8-8B4A-11D0-8D11-00A0C91BC942}") = "SimulationController", "..\sdk_source_bin\SimulationController.vcxproj", "{C2849802-880D-3F55-9C0F-2BE87A37DE8B}"
	ProjectSection(ProjectDependencies) = postProject
		{263EF82A-759A-35F0-988A-45930B42E676} = {263EF82A-759A-35F0-988A-45930B42E676}
	EndProjectSection
EndProject
Project("{8BC9CEB8-8B4A-11D0-8D11-00A0C91BC942}") = "ZERO_CHECK", "..\\ZERO_CHECK.vcxproj", "{263EF82A-759A-35F0-988A-45930B42E676}"
	ProjectSection(ProjectDependencies) = postProject
	EndProjectSection
EndProject
Global
	GlobalSection(SolutionConfigurationPlatforms) = preSolution
		debug|x64 = debug|x64
		checked|x64 = checked|x64
		profile|x64 = profile|x64
		release|x64 = release|x64
	EndGlobalSection
	GlobalSection(ProjectConfigurationPlatforms) = postSolution
		{68A5F5D1-D82A-3315-9916-0C2648A57D97}.debug|x64.ActiveCfg = debug|x64
		{68A5F5D1-D82A-3315-9916-0C2648A57D97}.debug|x64.Build.0 = debug|x64
		{68A5F5D1-D82A-3315-9916-0C2648A57D97}.checked|x64.ActiveCfg = checked|x64
		{68A5F5D1-D82A-3315-9916-0C2648A57D97}.checked|x64.Build.0 = checked|x64
		{68A5F5D1-D82A-3315-9916-0C2648A57D97}.profile|x64.ActiveCfg = profile|x64
		{68A5F5D1-D82A-3315-9916-0C2648A57D97}.profile|x64.Build.0 = profile|x64
		{68A5F5D1-D82A-3315-9916-0C2648A57D97}.release|x64.ActiveCfg = release|x64
		{68A5F5D1-D82A-3315-9916-0C2648A57D97}.release|x64.Build.0 = release|x64
		{BAD0B39D-73DF-38ED-A8B0-9B7AD5466428}.debug|x64.ActiveCfg = debug|x64
		{BAD0B39D-73DF-38ED-A8B0-9B7AD5466428}.debug|x64.Build.0 = debug|x64
		{BAD0B39D-73DF-38ED-A8B0-9B7AD5466428}.checked|x64.ActiveCfg = checked|x64
		{BAD0B39D-73DF-38ED-A8B0-9B7AD5466428}.checked|x64.Build.0 = checked|x64
		{BAD0B39D-73DF-38ED-A8B0-9B7AD5466428}.profile|x64.ActiveCfg = profile|x64
		{BAD0B39D-73DF-38ED-A8B0-9B7AD5466428}.profile|x64.Build.0 = profile|x64
		{BAD0B39D-73DF-38ED-A8B0-9B7AD5466428}.release|x64.ActiveCfg = release|x64
		{BAD0B39D-73DF-38ED-A8B0-9B7AD5466428}.release|x64.Build.0 = release|x64
		{6298C785-53FF-32B0-A5FF-F8F3AE74BCB4}.debug|x64.ActiveCfg = debug|x64
		{6298C785-53FF-32B0-A5FF-F8F3AE74BCB4}.checked|x64.ActiveCfg = checked|x64
		{6298C785-53FF-32B0-A5FF-F8F3AE74BCB4}.profile|x64.ActiveCfg = profile|x64
		{6298C785-53FF-32B0-A5FF-F8F3AE74BCB4}.release|x64.ActiveCfg = release|x64
		{C5C4BC8C-38BD-358D-A3DC-B3C5C377C855}.debug|x64.ActiveCfg = debug|x64
		{C5C4BC8C-38BD-358D-A3DC-B3C5C377C855}.debug|x64.Build.0 = debug|x64
		{C5C4BC8C-38BD-358D-A3DC-B3C5C377C855}.checked|x64.ActiveCfg = checked|x64
		{C5C4BC8C-38BD-358D-A3DC-B3C5C377C855}.checked|x64.Build.0 = checked|x64
		{C5C4BC8C-38BD-358D-A3DC-B3C5C377C855}.profile|x64.ActiveCfg = profile|x64
		{C5C4BC8C-38BD-358D-A3DC-B3C5C377C855}.profile|x64.Build.0 = profile|x64
		{C5C4BC8C-38BD-358D-A3DC-B3C5C377C855}.release|x64.ActiveCfg = release|x64
		{C5C4BC8C-38BD-358D-A3DC-B3C5C377C855}.release|x64.Build.0 = release|x64
		{22DB972C-D896-3848-A77B-286E829B908C}.debug|x64.ActiveCfg = debug|x64
		{22DB972C-D896-3848-A77B-286E829B908C}.debug|x64.Build.0 = debug|x64
		{22DB972C-D896-3848-A77B-286E829B908C}.checked|x64.ActiveCfg = checked|x64
		{22DB972C-D896-3848-A77B-286E829B908C}.checked|x64.Build.0 = checked|x64
		{22DB972C-D896-3848-A77B-286E829B908C}.profile|x64.ActiveCfg = profile|x64
		{22DB972C-D896-3848-A77B-286E829B908C}.profile|x64.Build.0 = profile|x64
		{22DB972C-D896-3848-A77B-286E829B908C}.release|x64.ActiveCfg = release|x64
		{22DB972C-D896-3848-A77B-286E829B908C}.release|x64.Build.0 = release|x64
		{21E8A5D5-AFEA-3455-BC9F-5042D438DF33}.debug|x64.ActiveCfg = debug|x64
		{21E8A5D5-AFEA-3455-BC9F-5042D438DF33}.debug|x64.Build.0 = debug|x64
		{21E8A5D5-AFEA-3455-BC9F-5042D438DF33}.checked|x64.ActiveCfg = checked|x64
		{21E8A5D5-AFEA-3455-BC9F-5042D438DF33}.checked|x64.Build.0 = checked|x64
		{21E8A5D5-AFEA-3455-BC9F-5042D438DF33}.profile|x64.ActiveCfg = profile|x64
		{21E8A5D5-AFEA-3455-BC9F-5042D438DF33}.profile|x64.Build.0 = profile|x64
		{21E8A5D5-AFEA-3455-BC9F-5042D438DF33}.release|x64.ActiveCfg = release|x64
		{21E8A5D5-AFEA-3455-BC9F-5042D438DF33}.release|x64.Build.0 = release|x64
		{49943FD0-5B4A-3956-AA3B-07BBE495A136}.debug|x64.ActiveCfg = debug|x64
		{49943FD0-5B4A-3956-AA3B-07BBE495A136}.debug|x64.Build.0 = debug|x64
		{49943FD0-5B4A-3956-AA3B-07BBE495A136}.checked|x64.ActiveCfg = checked|x64
		{49943FD0-5B4A-3956-AA3B-07BBE495A136}.checked|x64.Build.0 = checked|x64
		{49943FD0-5B4A-3956-AA3B-07BBE495A136}.profile|x64.ActiveCfg = profile|x64
		{49943FD0-5B4A-3956-AA3B-07BBE495A136}.profile|x64.Build.0 = profile|x64
		{49943FD0-5B4A-3956-AA3B-07BBE495A136}.release|x64.ActiveCfg = release|x64
		{49943FD0-5B4A-3956-AA3B-07BBE495A136}.release|x64.Build.0 = release|x64
		{54E6CCE0-44E1-3746-BA09-3C683F8851A8}.debug|x64.ActiveCfg = debug|x64
		{54E6CCE0-44E1-3746-BA09-3C683F8851A8}.debug|x64.Build.0 = debug|x64
		{54E6CCE0-44E1-3746-BA09-3C683F8851A8}.checked|x64.ActiveCfg = checked|x64
		{54E6CCE0-44E1-3746-BA09-3C683F8851A8}.checked|x64.Build.0 = checked|x64
		{54E6CCE0-44E1-3746-BA09-3C683F8851A8}.profile|x64.ActiveCfg = profile|x64
		{54E6CCE0-44E1-3746-BA09-3C683F8851A8}.profile|x64.Build.0 = profile|x64
		{54E6CCE0-44E1-3746-BA09-3C683F8851A8}.release|x64.ActiveCfg = release|x64
		{54E6CCE0-44E1-3746-BA09-3C683F8851A8}.release|x64.Build.0 = release|x64
		{DD810424-7F09-3132-9A77-35FCBCBAAC56}.debug|x64.ActiveCfg = debug|x64
		{DD810424-7F09-3132-9A77-35FCBCBAAC56}.debug|x64.Build.0 = debug|x64
		{DD810424-7F09-3132-9A77-35FCBCBAAC56}.checked|x64.ActiveCfg = checked|x64
		{DD810424-7F09-3132-9A77-35FCBCBAAC56}.checked|x64.Build.0 = checked|x64
		{DD810424-7F09-3132-9A77-35FCBCBAAC56}.profile|x64.ActiveCfg = profile|x64
		{DD810424-7F09-3132-9A77-35FCBCBAAC56}.profile|x64.Build.0 = profile|x64
		{DD810424-7F09-3132-9A77-35FCBCBAAC56}.release|x64.ActiveCfg = release|x64
		{DD810424-7F09-3132-9A77-35FCBCBAAC56}.release|x64.Build.0 = release|x64
		{67AB5E7F-2BA1-38F5-B845-3D2376983E41}.debug|x64.ActiveCfg = debug|x64
		{67AB5E7F-2BA1-38F5-B845-3D2376983E41}.debug|x64.Build.0 = debug|x64
		{67AB5E7F-2BA1-38F5-B845-3D2376983E41}.checked|x64.ActiveCfg = checked|x64
		{67AB5E7F-2BA1-38F5-B845-3D2376983E41}.checked|x64.Build.0 = checked|x64
		{67AB5E7F-2BA1-38F5-B845-3D2376983E41}.profile|x64.ActiveCfg = profile|x64
		{67AB5E7F-2BA1-38F5-B845-3D2376983E41}.profile|x64.Build.0 = profile|x64
		{67AB5E7F-2BA1-38F5-B845-3D2376983E41}.release|x64.ActiveCfg = release|x64
		{67AB5E7F-2BA1-38F5-B845-3D2376983E41}.release|x64.Build.0 = release|x64
		{0ADE9E10-B405-39F0-99E7-5E25F06AC45E}.debug|x64.ActiveCfg = debug|x64
		{0ADE9E10-B405-39F0-99E7-5E25F06AC45E}.debug|x64.Build.0 = debug|x64
		{0ADE9E10-B405-39F0-99E7-5E25F06AC45E}.checked|x64.ActiveCfg = checked|x64
		{0ADE9E10-B405-39F0-99E7-5E25F06AC45E}.checked|x64.Build.0 = checked|x64
		{0ADE9E10-B405-39F0-99E7-5E25F06AC45E}.profile|x64.ActiveCfg = profile|x64
		{0ADE9E10-B405-39F0-99E7-5E25F06AC45E}.profile|x64.Build.0 = profile|x64
		{0ADE9E10-B405-39F0-99E7-5E25F06AC45E}.release|x64.ActiveCfg = release|x64
		{0ADE9E10-B405-39F0-99E7-5E25F06AC45E}.release|x64.Build.0 = release|x64
		{F382E671-B3D6-367F-8231-7F0720D03090}.debug|x64.ActiveCfg = debug|x64
		{F382E671-B3D6-367F-8231-7F0720D03090}.debug|x64.Build.0 = debug|x64
		{F382E671-B3D6-367F-8231-7F0720D03090}.checked|x64.ActiveCfg = checked|x64
		{F382E671-B3D6-367F-8231-7F0720D03090}.checked|x64.Build.0 = checked|x64
		{F382E671-B3D6-367F-8231-7F0720D03090}.profile|x64.ActiveCfg = profile|x64
		{F382E671-B3D6-367F-8231-7F0720D03090}.profile|x64.Build.0 = profile|x64
		{F382E671-B3D6-367F-8231-7F0720D03090}.release|x64.ActiveCfg = release|x64
		{F382E671-B3D6-367F-8231-7F0720D03090}.release|x64.Build.0 = release|x64
		{4587724A-0B92-3EAF-8D18-107FB2138B0F}.debug|x64.ActiveCfg = debug|x64
		{4587724A-0B92-3EAF-8D18-107FB2138B0F}.debug|x64.Build.0 = debug|x64
		{4587724A-0B92-3EAF-8D18-107FB2138B0F}.checked|x64.ActiveCfg = checked|x64
		{4587724A-0B92-3EAF-8D18-107FB2138B0F}.checked|x64.Build.0 = checked|x64
		{4587724A-0B92-3EAF-8D18-107FB2138B0F}.profile|x64.ActiveCfg = profile|x64
		{4587724A-0B92-3EAF-8D18-107FB2138B0F}.profile|x64.Build.0 = profile|x64
		{4587724A-0B92-3EAF-8D18-107FB2138B0F}.release|x64.ActiveCfg = release|x64
		{4587724A-0B92-3EAF-8D18-107FB2138B0F}.release|x64.Build.0 = release|x64
		{4A8BDEB0-2C69-322E-89D2-33179ACFFEC2}.debug|x64.ActiveCfg = debug|x64
		{4A8BDEB0-2C69-322E-89D2-33179ACFFEC2}.debug|x64.Build.0 = debug|x64
		{4A8BDEB0-2C69-322E-89D2-33179ACFFEC2}.checked|x64.ActiveCfg = checked|x64
		{4A8BDEB0-2C69-322E-89D2-33179ACFFEC2}.checked|x64.Build.0 = checked|x64
		{4A8BDEB0-2C69-322E-89D2-33179ACFFEC2}.profile|x64.ActiveCfg = profile|x64
		{4A8BDEB0-2C69-322E-89D2-33179ACFFEC2}.profile|x64.Build.0 = profile|x64
		{4A8BDEB0-2C69-322E-89D2-33179ACFFEC2}.release|x64.ActiveCfg = release|x64
		{4A8BDEB0-2C69-322E-89D2-33179ACFFEC2}.release|x64.Build.0 = release|x64
		{497D7FB2-E02C-3F55-9FE0-F2495EF6910E}.debug|x64.ActiveCfg = debug|x64
		{497D7FB2-E02C-3F55-9FE0-F2495EF6910E}.debug|x64.Build.0 = debug|x64
		{497D7FB2-E02C-3F55-9FE0-F2495EF6910E}.checked|x64.ActiveCfg = checked|x64
		{497D7FB2-E02C-3F55-9FE0-F2495EF6910E}.checked|x64.Build.0 = checked|x64
		{497D7FB2-E02C-3F55-9FE0-F2495EF6910E}.profile|x64.ActiveCfg = profile|x64
		{497D7FB2-E02C-3F55-9FE0-F2495EF6910E}.profile|x64.Build.0 = profile|x64
		{497D7FB2-E02C-3F55-9FE0-F2495EF6910E}.release|x64.ActiveCfg = release|x64
		{497D7FB2-E02C-3F55-9FE0-F2495EF6910E}.release|x64.Build.0 = release|x64
		{BD76FCD5-A28C-3377-9B81-359B02553651}.debug|x64.ActiveCfg = debug|x64
		{BD76FCD5-A28C-3377-9B81-359B02553651}.debug|x64.Build.0 = debug|x64
		{BD76FCD5-A28C-3377-9B81-359B02553651}.checked|x64.ActiveCfg = checked|x64
		{BD76FCD5-A28C-3377-9B81-359B02553651}.checked|x64.Build.0 = checked|x64
		{BD76FCD5-A28C-3377-9B81-359B02553651}.profile|x64.ActiveCfg = profile|x64
		{BD76FCD5-A28C-3377-9B81-359B02553651}.profile|x64.Build.0 = profile|x64
		{BD76FCD5-A28C-3377-9B81-359B02553651}.release|x64.ActiveCfg = release|x64
		{BD76FCD5-A28C-3377-9B81-359B02553651}.release|x64.Build.0 = release|x64
		{25136EF7-9824-38E9-A762-9FC78FBA6229}.debug|x64.ActiveCfg = debug|x64
		{25136EF7-9824-38E9-A762-9FC78FBA6229}.debug|x64.Build.0 = debug|x64
		{25136EF7-9824-38E9-A762-9FC78FBA6229}.checked|x64.ActiveCfg = checked|x64
		{25136EF7-9824-38E9-A762-9FC78FBA6229}.checked|x64.Build.0 = checked|x64
		{25136EF7-9824-38E9-A762-9FC78FBA6229}.profile|x64.ActiveCfg = profile|x64
		{25136EF7-9824-38E9-A762-9FC78FBA6229}.profile|x64.Build.0 = profile|x64
		{25136EF7-9824-38E9-A762-9FC78FBA6229}.release|x64.ActiveCfg = release|x64
		{25136EF7-9824-38E9-A762-9FC78FBA6229}.release|x64.Build.0 = release|x64
		{4AF08E0B-3E43-368E-B684-6184A803D902}.debug|x64.ActiveCfg = debug|x64
		{4AF08E0B-3E43-368E-B684-6184A803D902}.debug|x64.Build.0 = debug|x64
		{4AF08E0B-3E43-368E-B684-6184A803D902}.checked|x64.ActiveCfg = checked|x64
		{4AF08E0B-3E43-368E-B684-6184A803D902}.checked|x64.Build.0 = checked|x64
		{4AF08E0B-3E43-368E-B684-6184A803D902}.profile|x64.ActiveCfg = profile|x64
		{4AF08E0B-3E43-368E-B684-6184A803D902}.profile|x64.Build.0 = profile|x64
		{4AF08E0B-3E43-368E-B684-6184A803D902}.release|x64.ActiveCfg = release|x64
		{4AF08E0B-3E43-368E-B684-6184A803D902}.release|x64.Build.0 = release|x64
		{393DB806-AD3A-3D7F-8A44-304CFEFF8EDA}.debug|x64.ActiveCfg = debug|x64
		{393DB806-AD3A-3D7F-8A44-304CFEFF8EDA}.debug|x64.Build.0 = debug|x64
		{393DB806-AD3A-3D7F-8A44-304CFEFF8EDA}.checked|x64.ActiveCfg = checked|x64
		{393DB806-AD3A-3D7F-8A44-304CFEFF8EDA}.checked|x64.Build.0 = checked|x64
		{393DB806-AD3A-3D7F-8A44-304CFEFF8EDA}.profile|x64.ActiveCfg = profile|x64
		{393DB806-AD3A-3D7F-8A44-304CFEFF8EDA}.profile|x64.Build.0 = profile|x64
		{393DB806-AD3A-3D7F-8A44-304CFEFF8EDA}.release|x64.ActiveCfg = release|x64
		{393DB806-AD3A-3D7F-8A44-304CFEFF8EDA}.release|x64.Build.0 = release|x64
		{0EA46F7D-D637-30C7-82FF-D57DBE52D616}.debug|x64.ActiveCfg = debug|x64
		{0EA46F7D-D637-30C7-82FF-D57DBE52D616}.debug|x64.Build.0 = debug|x64
		{0EA46F7D-D637-30C7-82FF-D57DBE52D616}.checked|x64.ActiveCfg = checked|x64
		{0EA46F7D-D637-30C7-82FF-D57DBE52D616}.checked|x64.Build.0 = checked|x64
		{0EA46F7D-D637-30C7-82FF-D57DBE52D616}.profile|x64.ActiveCfg = profile|x64
		{0EA46F7D-D637-30C7-82FF-D57DBE52D616}.profile|x64.Build.0 = profile|x64
		{0EA46F7D-D637-30C7-82FF-D57DBE52D616}.release|x64.ActiveCfg = release|x64
		{0EA46F7D-D637-30C7-82FF-D57DBE52D616}.release|x64.Build.0 = release|x64
		{9EFC712B-5BE4-32A7-8920-6CEA87DAE679}.debug|x64.ActiveCfg = debug|x64
		{9EFC712B-5BE4-32A7-8920-6CEA87DAE679}.debug|x64.Build.0 = debug|x64
		{9EFC712B-5BE4-32A7-8920-6CEA87DAE679}.checked|x64.ActiveCfg = checked|x64
		{9EFC712B-5BE4-32A7-8920-6CEA87DAE679}.checked|x64.Build.0 = checked|x64
		{9EFC712B-5BE4-32A7-8920-6CEA87DAE679}.profile|x64.ActiveCfg = profile|x64
		{9EFC712B-5BE4-32A7-8920-6CEA87DAE679}.profile|x64.Build.0 = profile|x64
		{9EFC712B-5BE4-32A7-8920-6CEA87DAE679}.release|x64.ActiveCfg = release|x64
		{9EFC712B-5BE4-32A7-8920-6CEA87DAE679}.release|x64.Build.0 = release|x64
		{6D4845B3-881D-30BF-A15C-AB3BBD361215}.debug|x64.ActiveCfg = debug|x64
		{6D4845B3-881D-30BF-A15C-AB3BBD361215}.debug|x64.Build.0 = debug|x64
		{6D4845B3-881D-30BF-A15C-AB3BBD361215}.checked|x64.ActiveCfg = checked|x64
		{6D4845B3-881D-30BF-A15C-AB3BBD361215}.checked|x64.Build.0 = checked|x64
		{6D4845B3-881D-30BF-A15C-AB3BBD361215}.profile|x64.ActiveCfg = profile|x64
		{6D4845B3-881D-30BF-A15C-AB3BBD361215}.profile|x64.Build.0 = profile|x64
		{6D4845B3-881D-30BF-A15C-AB3BBD361215}.release|x64.ActiveCfg = release|x64
		{6D4845B3-881D-30BF-A15C-AB3BBD361215}.release|x64.Build.0 = release|x64
		{C2849802-880D-3F55-9C0F-2BE87A37DE8B}.debug|x64.ActiveCfg = debug|x64
		{C2849802-880D-3F55-9C0F-2BE87A37DE8B}.debug|x64.Build.0 = debug|x64
		{C2849802-880D-3F55-9C0F-2BE87A37DE8B}.checked|x64.ActiveCfg = checked|x64
		{C2849802-880D-3F55-9C0F-2BE87A37DE8B}.checked|x64.Build.0 = checked|x64
		{C2849802-880D-3F55-9C0F-2BE87A37DE8B}.profile|x64.ActiveCfg = profile|x64
		{C2849802-880D-3F55-9C0F-2BE87A37DE8B}.profile|x64.Build.0 = profile|x64
		{C2849802-880D-3F55-9C0F-2BE87A37DE8B}.release|x64.ActiveCfg = release|x64
		{C2849802-880D-3F55-9C0F-2BE87A37DE8B}.release|x64.Build.0 = release|x64
		{263EF82A-759A-35F0-988A-45930B42E676}.debug|x64.ActiveCfg = debug|x64
		{263EF82A-759A-35F0-988A-45930B42E676}.debug|x64.Build.0 = debug|x64
		{263EF82A-759A-35F0-988A-45930B42E676}.checked|x64.ActiveCfg = checked|x64
		{263EF82A-759A-35F0-988A-45930B42E676}.checked|x64.Build.0 = checked|x64
		{263EF82A-759A-35F0-988A-45930B42E676}.profile|x64.ActiveCfg = profile|x64
		{263EF82A-759A-35F0-988A-45930B42E676}.profile|x64.Build.0 = profile|x64
		{263EF82A-759A-35F0-988A-45930B42E676}.release|x64.ActiveCfg = release|x64
		{263EF82A-759A-35F0-988A-45930B42E676}.release|x64.Build.0 = release|x64
	EndGlobalSection
	GlobalSection(NestedProjects) = preSolution
		{68A5F5D1-D82A-3315-9916-0C2648A57D97} = {22488A71-05C3-3E93-95E6-9EC4DB52CD43}
		{6298C785-53FF-32B0-A5FF-F8F3AE74BCB4} = {22488A71-05C3-3E93-95E6-9EC4DB52CD43}
		{263EF82A-759A-35F0-988A-45930B42E676} = {22488A71-05C3-3E93-95E6-9EC4DB52CD43}
		{BAD0B39D-73DF-38ED-A8B0-9B7AD5466428} = {7F7DFD40-17B8-358D-A4B8-9F453C2EDA1C}
		{C5C4BC8C-38BD-358D-A3DC-B3C5C377C855} = {7F7DFD40-17B8-358D-A4B8-9F453C2EDA1C}
		{22DB972C-D896-3848-A77B-286E829B908C} = {7F7DFD40-17B8-358D-A4B8-9F453C2EDA1C}
		{21E8A5D5-AFEA-3455-BC9F-5042D438DF33} = {7F7DFD40-17B8-358D-A4B8-9F453C2EDA1C}
		{49943FD0-5B4A-3956-AA3B-07BBE495A136} = {7F7DFD40-17B8-358D-A4B8-9F453C2EDA1C}
		{54E6CCE0-44E1-3746-BA09-3C683F8851A8} = {7F7DFD40-17B8-358D-A4B8-9F453C2EDA1C}
		{DD810424-7F09-3132-9A77-35FCBCBAAC56} = {7F7DFD40-17B8-358D-A4B8-9F453C2EDA1C}
		{67AB5E7F-2BA1-38F5-B845-3D2376983E41} = {7F7DFD40-17B8-358D-A4B8-9F453C2EDA1C}
		{0ADE9E10-B405-39F0-99E7-5E25F06AC45E} = {7F7DFD40-17B8-358D-A4B8-9F453C2EDA1C}
		{F382E671-B3D6-367F-8231-7F0720D03090} = {7F7DFD40-17B8-358D-A4B8-9F453C2EDA1C}
		{4587724A-0B92-3EAF-8D18-107FB2138B0F} = {7F7DFD40-17B8-358D-A4B8-9F453C2EDA1C}
		{4A8BDEB0-2C69-322E-89D2-33179ACFFEC2} = {7F7DFD40-17B8-358D-A4B8-9F453C2EDA1C}
		{497D7FB2-E02C-3F55-9FE0-F2495EF6910E} = {7F7DFD40-17B8-358D-A4B8-9F453C2EDA1C}
		{6D4845B3-881D-30BF-A15C-AB3BBD361215} = {7F7DFD40-17B8-358D-A4B8-9F453C2EDA1C}
		{C2849802-880D-3F55-9C0F-2BE87A37DE8B} = {7F7DFD40-17B8-358D-A4B8-9F453C2EDA1C}
		{BD76FCD5-A28C-3377-9B81-359B02553651} = {34B6A5F6-0366-3EF5-9A7A-DE870EA0E9EE}
		{25136EF7-9824-38E9-A762-9FC78FBA6229} = {34B6A5F6-0366-3EF5-9A7A-DE870EA0E9EE}
		{4AF08E0B-3E43-368E-B684-6184A803D902} = {34B6A5F6-0366-3EF5-9A7A-DE870EA0E9EE}
		{393DB806-AD3A-3D7F-8A44-304CFEFF8EDA} = {34B6A5F6-0366-3EF5-9A7A-DE870EA0E9EE}
		{0EA46F7D-D637-30C7-82FF-D57DBE52D616} = {34B6A5F6-0366-3EF5-9A7A-DE870EA0E9EE}
		{9EFC712B-5BE4-32A7-8920-6CEA87DAE679} = {34B6A5F6-0366-3EF5-9A7A-DE870EA0E9EE}
	EndGlobalSection
	GlobalSection(ExtensibilityGlobals) = postSolution
		SolutionGuid = {65903D81-C8AD-364B-A35C-1378D89EE17C}
	EndGlobalSection
	GlobalSection(ExtensibilityAddIns) = postSolution
	EndGlobalSection
EndGlobal
