<?xml version="1.0" encoding="utf-8"?>
<Project ToolsVersion="16.0" xmlns="http://schemas.microsoft.com/developer/msbuild/2003">
  <ItemGroup>
    <ClCompile Include="F:\WorkPhysXEmLuna\physx\source\physxcooking\src\Adjacencies.cpp">
      <Filter>src</Filter>
    </ClCompile>
    <ClCompile Include="F:\WorkPhysXEmLuna\physx\source\physxcooking\src\Cooking.cpp">
      <Filter>src</Filter>
    </ClCompile>
    <ClCompile Include="F:\WorkPhysXEmLuna\physx\source\physxcooking\src\CookingUtils.cpp">
      <Filter>src</Filter>
    </ClCompile>
    <ClCompile Include="F:\WorkPhysXEmLuna\physx\source\physxcooking\src\EdgeList.cpp">
      <Filter>src</Filter>
    </ClCompile>
    <ClCompile Include="F:\WorkPhysXEmLuna\physx\source\physxcooking\src\MeshCleaner.cpp">
      <Filter>src</Filter>
    </ClCompile>
    <ClCompile Include="F:\WorkPhysXEmLuna\physx\source\physxcooking\src\Quantizer.cpp">
      <Filter>src</Filter>
    </ClCompile>
    <ClCompile Include="F:\WorkPhysXEmLuna\physx\source\physxcooking\src\BVHStructureBuilder.cpp">
      <Filter>src</Filter>
    </ClCompile>
    <ClCompile Include="F:\WorkPhysXEmLuna\physx\source\physxcooking\src\mesh\HeightFieldCooking.cpp">
      <Filter>src\mesh</Filter>
    </ClCompile>
    <ClCompile Include="F:\WorkPhysXEmLuna\physx\source\physxcooking\src\mesh\RTreeCooking.cpp">
      <Filter>src\mesh</Filter>
    </ClCompile>
    <ClCompile Include="F:\WorkPhysXEmLuna\physx\source\physxcooking\src\mesh\MeshBuilder.cpp">
      <Filter>src\mesh</Filter>
    </ClCompile>
    <ClCompile Include="F:\WorkPhysXEmLuna\physx\source\physxcooking\src\mesh\TriangleMeshBuilder.cpp">
      <Filter>src\mesh</Filter>
    </ClCompile>
    <ClCompile Include="F:\WorkPhysXEmLuna\physx\source\physxcooking\src\mesh\GrbTriangleMeshCooking.cpp">
      <Filter>src\mesh</Filter>
    </ClCompile>
    <ClCompile Include="F:\WorkPhysXEmLuna\physx\source\physxcooking\src\convex\BigConvexDataBuilder.cpp">
      <Filter>src\convex</Filter>
    </ClCompile>
    <ClCompile Include="F:\WorkPhysXEmLuna\physx\source\physxcooking\src\convex\ConvexHullBuilder.cpp">
      <Filter>src\convex</Filter>
    </ClCompile>
    <ClCompile Include="F:\WorkPhysXEmLuna\physx\source\physxcooking\src\convex\ConvexHullLib.cpp">
      <Filter>src\convex</Filter>
    </ClCompile>
    <ClCompile Include="F:\WorkPhysXEmLuna\physx\source\physxcooking\src\convex\ConvexHullUtils.cpp">
      <Filter>src\convex</Filter>
    </ClCompile>
    <ClCompile Include="F:\WorkPhysXEmLuna\physx\source\physxcooking\src\convex\ConvexMeshBuilder.cpp">
      <Filter>src\convex</Filter>
    </ClCompile>
    <ClCompile Include="F:\WorkPhysXEmLuna\physx\source\physxcooking\src\convex\ConvexPolygonsBuilder.cpp">
      <Filter>src\convex</Filter>
    </ClCompile>
    <ClCompile Include="F:\WorkPhysXEmLuna\physx\source\physxcooking\src\convex\QuickHullConvexHullLib.cpp">
      <Filter>src\convex</Filter>
    </ClCompile>
    <ClCompile Include="F:\WorkPhysXEmLuna\physx\source\physxcooking\src\convex\VolumeIntegration.cpp">
      <Filter>src\convex</Filter>
    </ClCompile>
    <ClCompile Include="F:\WorkPhysXEmLuna\physx\source\physxcooking\src\windows\WindowsCookingDelayLoadHook.cpp">
      <Filter>src\windows</Filter>
    </ClCompile>
  </ItemGroup>
  <ItemGroup>
    <ClInclude Include="F:\WorkPhysXEmLuna\physx\include\cooking\PxBVH33MidphaseDesc.h">
      <Filter>include</Filter>
    </ClInclude>
    <ClInclude Include="F:\WorkPhysXEmLuna\physx\include\cooking\PxBVH34MidphaseDesc.h">
      <Filter>include</Filter>
    </ClInclude>
    <ClInclude Include="F:\WorkPhysXEmLuna\physx\include\cooking\Pxc.h">
      <Filter>include</Filter>
    </ClInclude>
    <ClInclude Include="F:\WorkPhysXEmLuna\physx\include\cooking\PxConvexMeshDesc.h">
      <Filter>include</Filter>
    </ClInclude>
    <ClInclude Include="F:\WorkPhysXEmLuna\physx\include\cooking\PxCooking.h">
      <Filter>include</Filter>
    </ClInclude>
    <ClInclude Include="F:\WorkPhysXEmLuna\physx\include\cooking\PxMidphaseDesc.h">
      <Filter>include</Filter>
    </ClInclude>
    <ClInclude Include="F:\WorkPhysXEmLuna\physx\include\cooking\PxTriangleMeshDesc.h">
      <Filter>include</Filter>
    </ClInclude>
    <ClInclude Include="F:\WorkPhysXEmLuna\physx\include\cooking\PxBVHStructureDesc.h">
      <Filter>include</Filter>
    </ClInclude>
    <ClInclude Include="F:\WorkPhysXEmLuna\physx\source\physxcooking\src\Adjacencies.h">
      <Filter>src</Filter>
    </ClInclude>
    <ClInclude Include="F:\WorkPhysXEmLuna\physx\source\physxcooking\src\Cooking.h">
      <Filter>src</Filter>
    </ClInclude>
    <ClInclude Include="F:\WorkPhysXEmLuna\physx\source\physxcooking\src\CookingUtils.h">
      <Filter>src</Filter>
    </ClInclude>
    <ClInclude Include="F:\WorkPhysXEmLuna\physx\source\physxcooking\src\EdgeList.h">
      <Filter>src</Filter>
    </ClInclude>
    <ClInclude Include="F:\WorkPhysXEmLuna\physx\source\physxcooking\src\MeshCleaner.h">
      <Filter>src</Filter>
    </ClInclude>
    <ClInclude Include="F:\WorkPhysXEmLuna\physx\source\physxcooking\src\Quantizer.h">
      <Filter>src</Filter>
    </ClInclude>
    <ClInclude Include="F:\WorkPhysXEmLuna\physx\source\physxcooking\src\BVHStructureBuilder.h">
      <Filter>src</Filter>
    </ClInclude>
    <ClInclude Include="F:\WorkPhysXEmLuna\physx\source\physxcooking\src\mesh\GrbTriangleMeshCooking.h">
      <Filter>src\mesh</Filter>
    </ClInclude>
    <ClInclude Include="F:\WorkPhysXEmLuna\physx\source\physxcooking\src\mesh\HeightFieldCooking.h">
      <Filter>src\mesh</Filter>
    </ClInclude>
    <ClInclude Include="F:\WorkPhysXEmLuna\physx\source\physxcooking\src\mesh\QuickSelect.h">
      <Filter>src\mesh</Filter>
    </ClInclude>
    <ClInclude Include="F:\WorkPhysXEmLuna\physx\source\physxcooking\src\mesh\RTreeCooking.h">
      <Filter>src\mesh</Filter>
    </ClInclude>
    <ClInclude Include="F:\WorkPhysXEmLuna\physx\source\physxcooking\src\mesh\MeshBuilder.h">
      <Filter>src\mesh</Filter>
    </ClInclude>
    <ClInclude Include="F:\WorkPhysXEmLuna\physx\source\physxcooking\src\mesh\TriangleMeshBuilder.h">
      <Filter>src\mesh</Filter>
    </ClInclude>
    <ClInclude Include="F:\WorkPhysXEmLuna\physx\source\physxcooking\src\convex\BigConvexDataBuilder.h">
      <Filter>src\convex</Filter>
    </ClInclude>
    <ClInclude Include="F:\WorkPhysXEmLuna\physx\source\physxcooking\src\convex\ConvexHullBuilder.h">
      <Filter>src\convex</Filter>
    </ClInclude>
    <ClInclude Include="F:\WorkPhysXEmLuna\physx\source\physxcooking\src\convex\ConvexHullLib.h">
      <Filter>src\convex</Filter>
    </ClInclude>
    <ClInclude Include="F:\WorkPhysXEmLuna\physx\source\physxcooking\src\convex\ConvexHullUtils.h">
      <Filter>src\convex</Filter>
    </ClInclude>
    <ClInclude Include="F:\WorkPhysXEmLuna\physx\source\physxcooking\src\convex\ConvexMeshBuilder.h">
      <Filter>src\convex</Filter>
    </ClInclude>
    <ClInclude Include="F:\WorkPhysXEmLuna\physx\source\physxcooking\src\convex\ConvexPolygonsBuilder.h">
      <Filter>src\convex</Filter>
    </ClInclude>
    <ClInclude Include="F:\WorkPhysXEmLuna\physx\source\physxcooking\src\convex\QuickHullConvexHullLib.h">
      <Filter>src\convex</Filter>
    </ClInclude>
    <ClInclude Include="F:\WorkPhysXEmLuna\physx\source\physxcooking\src\convex\VolumeIntegration.h">
      <Filter>src\convex</Filter>
    </ClInclude>
  </ItemGroup>
  <ItemGroup>
    <CustomBuild Include="F:\WorkPhysXEmLuna\physx\source\compiler\cmake\CMakeLists.txt" />
  </ItemGroup>
  <ItemGroup>
    <ResourceCompile Include="F:\WorkPhysXEmLuna\physx\source\compiler\resource_x64\PhysXCooking.rc">
      <Filter>resource</Filter>
    </ResourceCompile>
  </ItemGroup>
  <ItemGroup>
    <Filter Include="include">
      <UniqueIdentifier>{BC046A67-4562-323F-8B55-6E39183CCFA8}</UniqueIdentifier>
    </Filter>
    <Filter Include="resource">
      <UniqueIdentifier>{AAC0534A-A4FC-3A29-8C92-94547962EE65}</UniqueIdentifier>
    </Filter>
    <Filter Include="src">
      <UniqueIdentifier>{8EA03AC3-9626-37BE-9211-6AD44C579010}</UniqueIdentifier>
    </Filter>
    <Filter Include="src\convex">
      <UniqueIdentifier>{85FE208F-8A94-3C82-B4E8-146EDBED3F6F}</UniqueIdentifier>
    </Filter>
    <Filter Include="src\mesh">
      <UniqueIdentifier>{1DAACE85-94A4-35C4-ACAF-6D9D1EFC6185}</UniqueIdentifier>
    </Filter>
    <Filter Include="src\windows">
      <UniqueIdentifier>{90468316-DA09-3CA3-8BAA-902B96DEA711}</UniqueIdentifier>
    </Filter>
  </ItemGroup>
</Project>
