<?xml version="1.0" encoding="utf-8"?>
<Project ToolsVersion="16.0" xmlns="http://schemas.microsoft.com/developer/msbuild/2003">
  <ItemGroup>
    <ClCompile Include="F:\WorkPhysXEmLuna\physx\source\physxmetadata\core\src\PxAutoGeneratedMetaDataObjects.cpp">
      <Filter>metadata\src</Filter>
    </ClCompile>
    <ClCompile Include="F:\WorkPhysXEmLuna\physx\source\physxmetadata\core\src\PxMetaDataObjects.cpp">
      <Filter>metadata\src</Filter>
    </ClCompile>
    <ClCompile Include="F:\WorkPhysXEmLuna\physx\source\physx\src\NpActor.cpp">
      <Filter>src</Filter>
    </ClCompile>
    <ClCompile Include="F:\WorkPhysXEmLuna\physx\source\physx\src\NpAggregate.cpp">
      <Filter>src</Filter>
    </ClCompile>
    <ClCompile Include="F:\WorkPhysXEmLuna\physx\source\physx\src\NpArticulationReducedCoordinate.cpp">
      <Filter>src</Filter>
    </ClCompile>
    <ClCompile Include="F:\WorkPhysXEmLuna\physx\source\physx\src\NpArticulation.cpp">
      <Filter>src</Filter>
    </ClCompile>
    <ClCompile Include="F:\WorkPhysXEmLuna\physx\source\physx\src\NpArticulationJoint.cpp">
      <Filter>src</Filter>
    </ClCompile>
    <ClCompile Include="F:\WorkPhysXEmLuna\physx\source\physx\src\NpArticulationJointReducedCoordinate.cpp">
      <Filter>src</Filter>
    </ClCompile>
    <ClCompile Include="F:\WorkPhysXEmLuna\physx\source\physx\src\NpArticulationLink.cpp">
      <Filter>src</Filter>
    </ClCompile>
    <ClCompile Include="F:\WorkPhysXEmLuna\physx\source\physx\src\NpBatchQuery.cpp">
      <Filter>src</Filter>
    </ClCompile>
    <ClCompile Include="F:\WorkPhysXEmLuna\physx\source\physx\src\NpConstraint.cpp">
      <Filter>src</Filter>
    </ClCompile>
    <ClCompile Include="F:\WorkPhysXEmLuna\physx\source\physx\src\NpFactory.cpp">
      <Filter>src</Filter>
    </ClCompile>
    <ClCompile Include="F:\WorkPhysXEmLuna\physx\source\physx\src\NpMaterial.cpp">
      <Filter>src</Filter>
    </ClCompile>
    <ClCompile Include="F:\WorkPhysXEmLuna\physx\source\physx\src\NpMetaData.cpp">
      <Filter>src</Filter>
    </ClCompile>
    <ClCompile Include="F:\WorkPhysXEmLuna\physx\source\physx\src\NpPhysics.cpp">
      <Filter>src</Filter>
    </ClCompile>
    <ClCompile Include="F:\WorkPhysXEmLuna\physx\source\physx\src\NpPvdSceneQueryCollector.cpp">
      <Filter>src</Filter>
    </ClCompile>
    <ClCompile Include="F:\WorkPhysXEmLuna\physx\source\physx\src\NpReadCheck.cpp">
      <Filter>src</Filter>
    </ClCompile>
    <ClCompile Include="F:\WorkPhysXEmLuna\physx\source\physx\src\NpRigidDynamic.cpp">
      <Filter>src</Filter>
    </ClCompile>
    <ClCompile Include="F:\WorkPhysXEmLuna\physx\source\physx\src\NpRigidStatic.cpp">
      <Filter>src</Filter>
    </ClCompile>
    <ClCompile Include="F:\WorkPhysXEmLuna\physx\source\physx\src\NpScene.cpp">
      <Filter>src</Filter>
    </ClCompile>
    <ClCompile Include="F:\WorkPhysXEmLuna\physx\source\physx\src\NpSceneQueries.cpp">
      <Filter>src</Filter>
    </ClCompile>
    <ClCompile Include="F:\WorkPhysXEmLuna\physx\source\physx\src\NpSerializerAdapter.cpp">
      <Filter>src</Filter>
    </ClCompile>
    <ClCompile Include="F:\WorkPhysXEmLuna\physx\source\physx\src\NpShape.cpp">
      <Filter>src</Filter>
    </ClCompile>
    <ClCompile Include="F:\WorkPhysXEmLuna\physx\source\physx\src\NpShapeManager.cpp">
      <Filter>src</Filter>
    </ClCompile>
    <ClCompile Include="F:\WorkPhysXEmLuna\physx\source\physx\src\NpWriteCheck.cpp">
      <Filter>src</Filter>
    </ClCompile>
    <ClCompile Include="F:\WorkPhysXEmLuna\physx\source\physx\src\PvdMetaDataPvdBinding.cpp">
      <Filter>src</Filter>
    </ClCompile>
    <ClCompile Include="F:\WorkPhysXEmLuna\physx\source\physx\src\PvdPhysicsClient.cpp">
      <Filter>src</Filter>
    </ClCompile>
    <ClCompile Include="F:\WorkPhysXEmLuna\physx\source\physx\src\buffering\ScbActor.cpp">
      <Filter>src\buffering</Filter>
    </ClCompile>
    <ClCompile Include="F:\WorkPhysXEmLuna\physx\source\physx\src\buffering\ScbAggregate.cpp">
      <Filter>src\buffering</Filter>
    </ClCompile>
    <ClCompile Include="F:\WorkPhysXEmLuna\physx\source\physx\src\buffering\ScbBase.cpp">
      <Filter>src\buffering</Filter>
    </ClCompile>
    <ClCompile Include="F:\WorkPhysXEmLuna\physx\source\physx\src\buffering\ScbMetaData.cpp">
      <Filter>src\buffering</Filter>
    </ClCompile>
    <ClCompile Include="F:\WorkPhysXEmLuna\physx\source\physx\src\buffering\ScbScene.cpp">
      <Filter>src\buffering</Filter>
    </ClCompile>
    <ClCompile Include="F:\WorkPhysXEmLuna\physx\source\physx\src\buffering\ScbScenePvdClient.cpp">
      <Filter>src\buffering</Filter>
    </ClCompile>
    <ClCompile Include="F:\WorkPhysXEmLuna\physx\source\physx\src\buffering\ScbShape.cpp">
      <Filter>src\buffering</Filter>
    </ClCompile>
    <ClCompile Include="F:\WorkPhysXEmLuna\physx\source\immediatemode\src\NpImmediateMode.cpp">
      <Filter>src\immediatemode</Filter>
    </ClCompile>
    <ClCompile Include="F:\WorkPhysXEmLuna\physx\source\physx\src\device\windows\PhysXIndicatorWindows.cpp">
      <Filter>src\device</Filter>
    </ClCompile>
    <ClCompile Include="F:\WorkPhysXEmLuna\physx\source\physx\src\gpu\PxGpu.cpp">
      <Filter>src\gpu</Filter>
    </ClCompile>
    <ClCompile Include="F:\WorkPhysXEmLuna\physx\source\physx\src\gpu\PxPhysXGpuModuleLoader.cpp">
      <Filter>src\gpu</Filter>
    </ClCompile>
    <ClCompile Include="F:\WorkPhysXEmLuna\physx\source\physx\src\windows\NpWindowsDelayLoadHook.cpp">
      <Filter>src\windows</Filter>
    </ClCompile>
  </ItemGroup>
  <ItemGroup>
    <ClInclude Include="F:\WorkPhysXEmLuna\physx\include\PxActor.h">
      <Filter>include</Filter>
    </ClInclude>
    <ClInclude Include="F:\WorkPhysXEmLuna\physx\include\PxAggregate.h">
      <Filter>include</Filter>
    </ClInclude>
    <ClInclude Include="F:\WorkPhysXEmLuna\physx\include\PxArticulationReducedCoordinate.h">
      <Filter>include</Filter>
    </ClInclude>
    <ClInclude Include="F:\WorkPhysXEmLuna\physx\include\PxArticulationBase.h">
      <Filter>include</Filter>
    </ClInclude>
    <ClInclude Include="F:\WorkPhysXEmLuna\physx\include\PxArticulation.h">
      <Filter>include</Filter>
    </ClInclude>
    <ClInclude Include="F:\WorkPhysXEmLuna\physx\include\PxArticulationJoint.h">
      <Filter>include</Filter>
    </ClInclude>
    <ClInclude Include="F:\WorkPhysXEmLuna\physx\include\PxArticulationJointReducedCoordinate.h">
      <Filter>include</Filter>
    </ClInclude>
    <ClInclude Include="F:\WorkPhysXEmLuna\physx\include\PxArticulationLink.h">
      <Filter>include</Filter>
    </ClInclude>
    <ClInclude Include="F:\WorkPhysXEmLuna\physx\include\PxBatchQuery.h">
      <Filter>include</Filter>
    </ClInclude>
    <ClInclude Include="F:\WorkPhysXEmLuna\physx\include\PxBatchQueryDesc.h">
      <Filter>include</Filter>
    </ClInclude>
    <ClInclude Include="F:\WorkPhysXEmLuna\physx\include\PxBroadPhase.h">
      <Filter>include</Filter>
    </ClInclude>
    <ClInclude Include="F:\WorkPhysXEmLuna\physx\include\PxClient.h">
      <Filter>include</Filter>
    </ClInclude>
    <ClInclude Include="F:\WorkPhysXEmLuna\physx\include\PxConstraint.h">
      <Filter>include</Filter>
    </ClInclude>
    <ClInclude Include="F:\WorkPhysXEmLuna\physx\include\PxConstraintDesc.h">
      <Filter>include</Filter>
    </ClInclude>
    <ClInclude Include="F:\WorkPhysXEmLuna\physx\include\PxContact.h">
      <Filter>include</Filter>
    </ClInclude>
    <ClInclude Include="F:\WorkPhysXEmLuna\physx\include\PxContactModifyCallback.h">
      <Filter>include</Filter>
    </ClInclude>
    <ClInclude Include="F:\WorkPhysXEmLuna\physx\include\PxDeletionListener.h">
      <Filter>include</Filter>
    </ClInclude>
    <ClInclude Include="F:\WorkPhysXEmLuna\physx\include\PxFiltering.h">
      <Filter>include</Filter>
    </ClInclude>
    <ClInclude Include="F:\WorkPhysXEmLuna\physx\include\PxForceMode.h">
      <Filter>include</Filter>
    </ClInclude>
    <ClInclude Include="F:\WorkPhysXEmLuna\physx\include\PxImmediateMode.h">
      <Filter>include</Filter>
    </ClInclude>
    <ClInclude Include="F:\WorkPhysXEmLuna\physx\include\PxLockedData.h">
      <Filter>include</Filter>
    </ClInclude>
    <ClInclude Include="F:\WorkPhysXEmLuna\physx\include\PxMaterial.h">
      <Filter>include</Filter>
    </ClInclude>
    <ClInclude Include="F:\WorkPhysXEmLuna\physx\include\PxPhysics.h">
      <Filter>include</Filter>
    </ClInclude>
    <ClInclude Include="F:\WorkPhysXEmLuna\physx\include\PxPhysicsAPI.h">
      <Filter>include</Filter>
    </ClInclude>
    <ClInclude Include="F:\WorkPhysXEmLuna\physx\include\PxPhysicsSerialization.h">
      <Filter>include</Filter>
    </ClInclude>
    <ClInclude Include="F:\WorkPhysXEmLuna\physx\include\PxPhysicsVersion.h">
      <Filter>include</Filter>
    </ClInclude>
    <ClInclude Include="F:\WorkPhysXEmLuna\physx\include\PxPhysXConfig.h">
      <Filter>include</Filter>
    </ClInclude>
    <ClInclude Include="F:\WorkPhysXEmLuna\physx\include\PxPruningStructure.h">
      <Filter>include</Filter>
    </ClInclude>
    <ClInclude Include="F:\WorkPhysXEmLuna\physx\include\PxQueryFiltering.h">
      <Filter>include</Filter>
    </ClInclude>
    <ClInclude Include="F:\WorkPhysXEmLuna\physx\include\PxQueryReport.h">
      <Filter>include</Filter>
    </ClInclude>
    <ClInclude Include="F:\WorkPhysXEmLuna\physx\include\PxRigidActor.h">
      <Filter>include</Filter>
    </ClInclude>
    <ClInclude Include="F:\WorkPhysXEmLuna\physx\include\PxRigidBody.h">
      <Filter>include</Filter>
    </ClInclude>
    <ClInclude Include="F:\WorkPhysXEmLuna\physx\include\PxRigidDynamic.h">
      <Filter>include</Filter>
    </ClInclude>
    <ClInclude Include="F:\WorkPhysXEmLuna\physx\include\PxRigidStatic.h">
      <Filter>include</Filter>
    </ClInclude>
    <ClInclude Include="F:\WorkPhysXEmLuna\physx\include\PxScene.h">
      <Filter>include</Filter>
    </ClInclude>
    <ClInclude Include="F:\WorkPhysXEmLuna\physx\include\PxSceneDesc.h">
      <Filter>include</Filter>
    </ClInclude>
    <ClInclude Include="F:\WorkPhysXEmLuna\physx\include\PxSceneLock.h">
      <Filter>include</Filter>
    </ClInclude>
    <ClInclude Include="F:\WorkPhysXEmLuna\physx\include\PxShape.h">
      <Filter>include</Filter>
    </ClInclude>
    <ClInclude Include="F:\WorkPhysXEmLuna\physx\include\PxSimulationEventCallback.h">
      <Filter>include</Filter>
    </ClInclude>
    <ClInclude Include="F:\WorkPhysXEmLuna\physx\include\PxSimulationStatistics.h">
      <Filter>include</Filter>
    </ClInclude>
    <ClInclude Include="F:\WorkPhysXEmLuna\physx\include\PxVisualizationParameter.h">
      <Filter>include</Filter>
    </ClInclude>
    <ClInclude Include="F:\WorkPhysXEmLuna\physx\include\common\PxBase.h">
      <Filter>include\common</Filter>
    </ClInclude>
    <ClInclude Include="F:\WorkPhysXEmLuna\physx\include\common\PxCollection.h">
      <Filter>include\common</Filter>
    </ClInclude>
    <ClInclude Include="F:\WorkPhysXEmLuna\physx\include\common\PxCoreUtilityTypes.h">
      <Filter>include\common</Filter>
    </ClInclude>
    <ClInclude Include="F:\WorkPhysXEmLuna\physx\include\common\PxMetaData.h">
      <Filter>include\common</Filter>
    </ClInclude>
    <ClInclude Include="F:\WorkPhysXEmLuna\physx\include\common\PxMetaDataFlags.h">
      <Filter>include\common</Filter>
    </ClInclude>
    <ClInclude Include="F:\WorkPhysXEmLuna\physx\include\common\PxPhysicsInsertionCallback.h">
      <Filter>include\common</Filter>
    </ClInclude>
    <ClInclude Include="F:\WorkPhysXEmLuna\physx\include\common\PxPhysXCommonConfig.h">
      <Filter>include\common</Filter>
    </ClInclude>
    <ClInclude Include="F:\WorkPhysXEmLuna\physx\include\common\PxRenderBuffer.h">
      <Filter>include\common</Filter>
    </ClInclude>
    <ClInclude Include="F:\WorkPhysXEmLuna\physx\include\common\PxSerialFramework.h">
      <Filter>include\common</Filter>
    </ClInclude>
    <ClInclude Include="F:\WorkPhysXEmLuna\physx\include\common\PxSerializer.h">
      <Filter>include\common</Filter>
    </ClInclude>
    <ClInclude Include="F:\WorkPhysXEmLuna\physx\include\common\PxStringTable.h">
      <Filter>include\common</Filter>
    </ClInclude>
    <ClInclude Include="F:\WorkPhysXEmLuna\physx\include\common\PxTolerancesScale.h">
      <Filter>include\common</Filter>
    </ClInclude>
    <ClInclude Include="F:\WorkPhysXEmLuna\physx\include\common\PxTypeInfo.h">
      <Filter>include\common</Filter>
    </ClInclude>
    <ClInclude Include="F:\WorkPhysXEmLuna\physx\include\common\PxProfileZone.h">
      <Filter>include\common</Filter>
    </ClInclude>
    <ClInclude Include="F:\WorkPhysXEmLuna\physx\include\pvd\PxPvdSceneClient.h">
      <Filter>include\pvd</Filter>
    </ClInclude>
    <ClInclude Include="F:\WorkPhysXEmLuna\physx\include\pvd\PxPvd.h">
      <Filter>include</Filter>
    </ClInclude>
    <ClInclude Include="F:\WorkPhysXEmLuna\physx\include\pvd\PxPvdTransport.h">
      <Filter>include</Filter>
    </ClInclude>
    <ClInclude Include="F:\WorkPhysXEmLuna\physx\include\solver\PxSolverDefs.h">
      <Filter>include\collision</Filter>
    </ClInclude>
    <ClInclude Include="F:\WorkPhysXEmLuna\physx\source\physxmetadata\core\include\PvdMetaDataDefineProperties.h">
      <Filter>metadata\include</Filter>
    </ClInclude>
    <ClInclude Include="F:\WorkPhysXEmLuna\physx\source\physxmetadata\core\include\PvdMetaDataExtensions.h">
      <Filter>metadata\include</Filter>
    </ClInclude>
    <ClInclude Include="F:\WorkPhysXEmLuna\physx\source\physxmetadata\core\include\PvdMetaDataPropertyVisitor.h">
      <Filter>metadata\include</Filter>
    </ClInclude>
    <ClInclude Include="F:\WorkPhysXEmLuna\physx\source\physxmetadata\core\include\PxAutoGeneratedMetaDataObjectNames.h">
      <Filter>metadata\include</Filter>
    </ClInclude>
    <ClInclude Include="F:\WorkPhysXEmLuna\physx\source\physxmetadata\core\include\PxAutoGeneratedMetaDataObjects.h">
      <Filter>metadata\include</Filter>
    </ClInclude>
    <ClInclude Include="F:\WorkPhysXEmLuna\physx\source\physxmetadata\core\include\PxMetaDataCompare.h">
      <Filter>metadata\include</Filter>
    </ClInclude>
    <ClInclude Include="F:\WorkPhysXEmLuna\physx\source\physxmetadata\core\include\PxMetaDataCppPrefix.h">
      <Filter>metadata\include</Filter>
    </ClInclude>
    <ClInclude Include="F:\WorkPhysXEmLuna\physx\source\physxmetadata\core\include\PxMetaDataObjects.h">
      <Filter>metadata\include</Filter>
    </ClInclude>
    <ClInclude Include="F:\WorkPhysXEmLuna\physx\source\physxmetadata\core\include\RepXMetaDataPropertyVisitor.h">
      <Filter>metadata\include</Filter>
    </ClInclude>
    <ClInclude Include="F:\WorkPhysXEmLuna\physx\source\physx\src\NpActor.h">
      <Filter>src</Filter>
    </ClInclude>
    <ClInclude Include="F:\WorkPhysXEmLuna\physx\source\physx\src\NpActorTemplate.h">
      <Filter>src</Filter>
    </ClInclude>
    <ClInclude Include="F:\WorkPhysXEmLuna\physx\source\physx\src\NpAggregate.h">
      <Filter>src</Filter>
    </ClInclude>
    <ClInclude Include="F:\WorkPhysXEmLuna\physx\source\physx\src\NpArticulationReducedCoordinate.h">
      <Filter>src</Filter>
    </ClInclude>
    <ClInclude Include="F:\WorkPhysXEmLuna\physx\source\physx\src\NpArticulation.h">
      <Filter>src</Filter>
    </ClInclude>
    <ClInclude Include="F:\WorkPhysXEmLuna\physx\source\physx\src\NpArticulationJoint.h">
      <Filter>src</Filter>
    </ClInclude>
    <ClInclude Include="F:\WorkPhysXEmLuna\physx\source\physx\src\NpArticulationJointReducedCoordinate.h">
      <Filter>src</Filter>
    </ClInclude>
    <ClInclude Include="F:\WorkPhysXEmLuna\physx\source\physx\src\NpArticulationLink.h">
      <Filter>src</Filter>
    </ClInclude>
    <ClInclude Include="F:\WorkPhysXEmLuna\physx\source\physx\src\NpArticulationTemplate.h">
      <Filter>src</Filter>
    </ClInclude>
    <ClInclude Include="F:\WorkPhysXEmLuna\physx\source\physx\src\NpBatchQuery.h">
      <Filter>src</Filter>
    </ClInclude>
    <ClInclude Include="F:\WorkPhysXEmLuna\physx\source\physx\src\NpCast.h">
      <Filter>src</Filter>
    </ClInclude>
    <ClInclude Include="F:\WorkPhysXEmLuna\physx\source\physx\src\NpConnector.h">
      <Filter>src</Filter>
    </ClInclude>
    <ClInclude Include="F:\WorkPhysXEmLuna\physx\source\physx\src\NpConstraint.h">
      <Filter>src</Filter>
    </ClInclude>
    <ClInclude Include="F:\WorkPhysXEmLuna\physx\source\physx\src\NpFactory.h">
      <Filter>src</Filter>
    </ClInclude>
    <ClInclude Include="F:\WorkPhysXEmLuna\physx\source\physx\src\NpMaterial.h">
      <Filter>src</Filter>
    </ClInclude>
    <ClInclude Include="F:\WorkPhysXEmLuna\physx\source\physx\src\NpMaterialManager.h">
      <Filter>src</Filter>
    </ClInclude>
    <ClInclude Include="F:\WorkPhysXEmLuna\physx\source\physx\src\NpPhysics.h">
      <Filter>src</Filter>
    </ClInclude>
    <ClInclude Include="F:\WorkPhysXEmLuna\physx\source\physx\src\NpPhysicsInsertionCallback.h">
      <Filter>src</Filter>
    </ClInclude>
    <ClInclude Include="F:\WorkPhysXEmLuna\physx\source\physx\src\NpPtrTableStorageManager.h">
      <Filter>src</Filter>
    </ClInclude>
    <ClInclude Include="F:\WorkPhysXEmLuna\physx\source\physx\src\NpPvdSceneQueryCollector.h">
      <Filter>src</Filter>
    </ClInclude>
    <ClInclude Include="F:\WorkPhysXEmLuna\physx\source\physx\src\NpQueryShared.h">
      <Filter>src</Filter>
    </ClInclude>
    <ClInclude Include="F:\WorkPhysXEmLuna\physx\source\physx\src\NpReadCheck.h">
      <Filter>src</Filter>
    </ClInclude>
    <ClInclude Include="F:\WorkPhysXEmLuna\physx\source\physx\src\NpRigidActorTemplate.h">
      <Filter>src</Filter>
    </ClInclude>
    <ClInclude Include="F:\WorkPhysXEmLuna\physx\source\physx\src\NpRigidActorTemplateInternal.h">
      <Filter>src</Filter>
    </ClInclude>
    <ClInclude Include="F:\WorkPhysXEmLuna\physx\source\physx\src\NpRigidBodyTemplate.h">
      <Filter>src</Filter>
    </ClInclude>
    <ClInclude Include="F:\WorkPhysXEmLuna\physx\source\physx\src\NpRigidDynamic.h">
      <Filter>src</Filter>
    </ClInclude>
    <ClInclude Include="F:\WorkPhysXEmLuna\physx\source\physx\src\NpRigidStatic.h">
      <Filter>src</Filter>
    </ClInclude>
    <ClInclude Include="F:\WorkPhysXEmLuna\physx\source\physx\src\NpScene.h">
      <Filter>src</Filter>
    </ClInclude>
    <ClInclude Include="F:\WorkPhysXEmLuna\physx\source\physx\src\NpSceneQueries.h">
      <Filter>src</Filter>
    </ClInclude>
    <ClInclude Include="F:\WorkPhysXEmLuna\physx\source\physx\src\NpSceneAccessor.h">
      <Filter>src</Filter>
    </ClInclude>
    <ClInclude Include="F:\WorkPhysXEmLuna\physx\source\physx\src\NpShape.h">
      <Filter>src</Filter>
    </ClInclude>
    <ClInclude Include="F:\WorkPhysXEmLuna\physx\source\physx\src\NpShapeManager.h">
      <Filter>src</Filter>
    </ClInclude>
    <ClInclude Include="F:\WorkPhysXEmLuna\physx\source\physx\src\NpWriteCheck.h">
      <Filter>src</Filter>
    </ClInclude>
    <ClInclude Include="F:\WorkPhysXEmLuna\physx\source\physx\src\PvdMetaDataBindingData.h">
      <Filter>src</Filter>
    </ClInclude>
    <ClInclude Include="F:\WorkPhysXEmLuna\physx\source\physx\src\PvdMetaDataPvdBinding.h">
      <Filter>src</Filter>
    </ClInclude>
    <ClInclude Include="F:\WorkPhysXEmLuna\physx\source\physx\src\PvdPhysicsClient.h">
      <Filter>src</Filter>
    </ClInclude>
    <ClInclude Include="F:\WorkPhysXEmLuna\physx\source\physx\src\PvdTypeNames.h">
      <Filter>src</Filter>
    </ClInclude>
    <ClInclude Include="F:\WorkPhysXEmLuna\physx\source\physx\src\buffering\ScbActor.h">
      <Filter>src\buffering</Filter>
    </ClInclude>
    <ClInclude Include="F:\WorkPhysXEmLuna\physx\source\physx\src\buffering\ScbAggregate.h">
      <Filter>src\buffering</Filter>
    </ClInclude>
    <ClInclude Include="F:\WorkPhysXEmLuna\physx\source\physx\src\buffering\ScbArticulation.h">
      <Filter>src\buffering</Filter>
    </ClInclude>
    <ClInclude Include="F:\WorkPhysXEmLuna\physx\source\physx\src\buffering\ScbArticulationJoint.h">
      <Filter>src\buffering</Filter>
    </ClInclude>
    <ClInclude Include="F:\WorkPhysXEmLuna\physx\source\physx\src\buffering\ScbBase.h">
      <Filter>src\buffering</Filter>
    </ClInclude>
    <ClInclude Include="F:\WorkPhysXEmLuna\physx\source\physx\src\buffering\ScbBody.h">
      <Filter>src\buffering</Filter>
    </ClInclude>
    <ClInclude Include="F:\WorkPhysXEmLuna\physx\source\physx\src\buffering\ScbConstraint.h">
      <Filter>src\buffering</Filter>
    </ClInclude>
    <ClInclude Include="F:\WorkPhysXEmLuna\physx\source\physx\src\buffering\ScbDefs.h">
      <Filter>src\buffering</Filter>
    </ClInclude>
    <ClInclude Include="F:\WorkPhysXEmLuna\physx\source\physx\src\buffering\ScbNpDeps.h">
      <Filter>src\buffering</Filter>
    </ClInclude>
    <ClInclude Include="F:\WorkPhysXEmLuna\physx\source\physx\src\buffering\ScbRigidObject.h">
      <Filter>src\buffering</Filter>
    </ClInclude>
    <ClInclude Include="F:\WorkPhysXEmLuna\physx\source\physx\src\buffering\ScbRigidStatic.h">
      <Filter>src\buffering</Filter>
    </ClInclude>
    <ClInclude Include="F:\WorkPhysXEmLuna\physx\source\physx\src\buffering\ScbScene.h">
      <Filter>src\buffering</Filter>
    </ClInclude>
    <ClInclude Include="F:\WorkPhysXEmLuna\physx\source\physx\src\buffering\ScbSceneBuffer.h">
      <Filter>src\buffering</Filter>
    </ClInclude>
    <ClInclude Include="F:\WorkPhysXEmLuna\physx\source\physx\src\buffering\ScbScenePvdClient.h">
      <Filter>src\buffering</Filter>
    </ClInclude>
    <ClInclude Include="F:\WorkPhysXEmLuna\physx\source\physx\src\buffering\ScbShape.h">
      <Filter>src\buffering</Filter>
    </ClInclude>
    <ClInclude Include="F:\WorkPhysXEmLuna\physx\source\physx\src\buffering\ScbType.h">
      <Filter>src\buffering</Filter>
    </ClInclude>
    <ClInclude Include="F:\WorkPhysXEmLuna\physx\include\gpu\PxGpu.h">
      <Filter>include\gpu</Filter>
    </ClInclude>
    <ClInclude Include="F:\WorkPhysXEmLuna\physx\include\cudamanager\PxCudaContextManager.h">
      <Filter>include\cudamanager</Filter>
    </ClInclude>
    <ClInclude Include="F:\WorkPhysXEmLuna\physx\include\cudamanager\PxCudaMemoryManager.h">
      <Filter>include\cudamanager</Filter>
    </ClInclude>
    <ClInclude Include="F:\WorkPhysXEmLuna\physx\source\compiler\resource_x64\resource.h">
      <Filter>resource</Filter>
    </ClInclude>
    <ClInclude Include="F:\WorkPhysXEmLuna\physx\include\common\windows\PxWindowsDelayLoadHook.h">
      <Filter>include\common\windows</Filter>
    </ClInclude>
    <ClInclude Include="F:\WorkPhysXEmLuna\physx\source\physx\src\device\nvPhysXtoDrv.h">
      <Filter>src\device</Filter>
    </ClInclude>
    <ClInclude Include="F:\WorkPhysXEmLuna\physx\source\physx\src\device\PhysXIndicator.h">
      <Filter>src\device</Filter>
    </ClInclude>
  </ItemGroup>
  <ItemGroup>
    <CustomBuild Include="F:\WorkPhysXEmLuna\physx\source\compiler\cmake\CMakeLists.txt" />
  </ItemGroup>
  <ItemGroup>
    <ResourceCompile Include="F:\WorkPhysXEmLuna\physx\source\compiler\resource_x64\PhysX.rc">
      <Filter>resource</Filter>
    </ResourceCompile>
  </ItemGroup>
  <ItemGroup>
    <Filter Include="include">
      <UniqueIdentifier>{BC046A67-4562-323F-8B55-6E39183CCFA8}</UniqueIdentifier>
    </Filter>
    <Filter Include="include\collision">
      <UniqueIdentifier>{EB3F8E97-F2B5-3B73-B5ED-DC3D3421B8B8}</UniqueIdentifier>
    </Filter>
    <Filter Include="include\common">
      <UniqueIdentifier>{A751088F-5DCB-3486-B38F-171E9F987B3B}</UniqueIdentifier>
    </Filter>
    <Filter Include="include\common\windows">
      <UniqueIdentifier>{FE0A1FC1-4485-3BB7-819D-38C36FC50FFB}</UniqueIdentifier>
    </Filter>
    <Filter Include="include\cudamanager">
      <UniqueIdentifier>{19AC9687-9D97-389D-99BC-A22EED50AAC7}</UniqueIdentifier>
    </Filter>
    <Filter Include="include\gpu">
      <UniqueIdentifier>{00ADDA73-C45B-30FC-847D-48B97DC67B07}</UniqueIdentifier>
    </Filter>
    <Filter Include="include\pvd">
      <UniqueIdentifier>{77FF8C33-F2A9-3683-A838-786AF29E7AB7}</UniqueIdentifier>
    </Filter>
    <Filter Include="metadata">
      <UniqueIdentifier>{9EAD5E8B-7CA3-35B4-8320-87CEEC553197}</UniqueIdentifier>
    </Filter>
    <Filter Include="metadata\include">
      <UniqueIdentifier>{BEC46CD2-34DA-36E1-86AF-C0FC3F98F5D4}</UniqueIdentifier>
    </Filter>
    <Filter Include="metadata\src">
      <UniqueIdentifier>{A6066E27-BDEB-3BA1-83A6-126CB7B0B467}</UniqueIdentifier>
    </Filter>
    <Filter Include="resource">
      <UniqueIdentifier>{AAC0534A-A4FC-3A29-8C92-94547962EE65}</UniqueIdentifier>
    </Filter>
    <Filter Include="src">
      <UniqueIdentifier>{8EA03AC3-9626-37BE-9211-6AD44C579010}</UniqueIdentifier>
    </Filter>
    <Filter Include="src\buffering">
      <UniqueIdentifier>{A02D3B78-A530-3D0A-AED9-44CCEEE0BD26}</UniqueIdentifier>
    </Filter>
    <Filter Include="src\device">
      <UniqueIdentifier>{FDBB3308-E60C-3FB6-9D9E-54F6CAC4E4CF}</UniqueIdentifier>
    </Filter>
    <Filter Include="src\gpu">
      <UniqueIdentifier>{7F9A625D-41DC-378B-8BEC-BC8784D88348}</UniqueIdentifier>
    </Filter>
    <Filter Include="src\immediatemode">
      <UniqueIdentifier>{643C9F45-B2D0-36AD-9FE2-86A88EAF3038}</UniqueIdentifier>
    </Filter>
    <Filter Include="src\windows">
      <UniqueIdentifier>{90468316-DA09-3CA3-8BAA-902B96DEA711}</UniqueIdentifier>
    </Filter>
  </ItemGroup>
</Project>
