<?xml version="1.0" encoding="utf-8"?>
<Project ToolsVersion="16.0" xmlns="http://schemas.microsoft.com/developer/msbuild/2003">
  <ItemGroup>
    <CustomBuild Include="F:\WorkPhysXEmLuna\physx\compiler\vc16win64\CMakeFiles\697dc68ca5a6b50d78e04fdd4200e067\INSTALL_force.rule">
      <Filter>CMake Rules</Filter>
    </CustomBuild>
  </ItemGroup>
  <ItemGroup>
    <Filter Include="CMake Rules">
      <UniqueIdentifier>{45F33548-7668-387C-87DE-39FC02CFF81A}</UniqueIdentifier>
    </Filter>
  </ItemGroup>
</Project>
