Microsoft Visual Studio Solution File, Format Version 12.00
# Visual Studio 16
Project("{2150E333-8FDC-42A3-9474-1A3956D46DE8}") = "CMakePredefinedTargets", "CMakePredefinedTargets", "{22488A71-05C3-3E93-95E6-9EC4DB52CD43}"
EndProject
Project("{2150E333-8FDC-42A3-9474-1A3956D46DE8}") = "PhysX SDK", "PhysX SDK", "{7F7DFD40-17B8-358D-A4B8-9F453C2EDA1C}"
EndProject
Project("{2150E333-8FDC-42A3-9474-1A3956D46DE8}") = "Snippets", "Snippets", "{C23B178D-5804-3CD3-AF7A-09F5ED759389}"
EndProject
Project("{8BC9CEB8-8B4A-11D0-8D11-00A0C91BC942}") = "ALL_BUILD", "ALL_BUILD.vcxproj", "{68A5F5D1-D82A-3315-9916-0C2648A57D97}"
	ProjectSection(ProjectDependencies) = postProject
		{4561F22B-7883-35E6-9371-5183BAC2A6DF} = {4561F22B-7883-35E6-9371-5183BAC2A6DF}
		{B65F05EF-3E39-33C1-ADAC-C3ADD8B934D0} = {B65F05EF-3E39-33C1-ADAC-C3ADD8B934D0}
		{4A451058-A3B2-3A2E-B5EE-1876F0859182} = {4A451058-A3B2-3A2E-B5EE-1876F0859182}
		{868F041F-231E-3637-AC36-38BE4D6BEA42} = {868F041F-231E-3637-AC36-38BE4D6BEA42}
		{B40A7E20-EB51-3BA2-B8AA-7BFB43AC88D1} = {B40A7E20-EB51-3BA2-B8AA-7BFB43AC88D1}
		{9A35644F-D9E5-3169-A055-1AB9751B8FEC} = {9A35644F-D9E5-3169-A055-1AB9751B8FEC}
		{8A0446DC-F226-322C-ADC7-82CD9471A883} = {8A0446DC-F226-322C-ADC7-82CD9471A883}
		{699E51BB-12CD-3246-8507-7F1222893DB2} = {699E51BB-12CD-3246-8507-7F1222893DB2}
		{B526D7B6-B5D2-30E9-B50F-58CD4AF0F49C} = {B526D7B6-B5D2-30E9-B50F-58CD4AF0F49C}
		{3BC0AD99-C7F4-3A39-93CD-701E49D44B75} = {3BC0AD99-C7F4-3A39-93CD-701E49D44B75}
		{651ED67C-ACD8-3C4B-8F1E-C1D849260F6A} = {651ED67C-ACD8-3C4B-8F1E-C1D849260F6A}
		{E8159792-49AE-3E12-A96C-F5FCEA5314AD} = {E8159792-49AE-3E12-A96C-F5FCEA5314AD}
		{29B9E5E3-CEEE-3787-8DCD-7F8793942843} = {29B9E5E3-CEEE-3787-8DCD-7F8793942843}
		{3D75A6E0-4EBB-30A2-9DDB-167D237898FB} = {3D75A6E0-4EBB-30A2-9DDB-167D237898FB}
		{6E43A309-6FF9-3305-A138-B872A1773F2C} = {6E43A309-6FF9-3305-A138-B872A1773F2C}
		{7121965D-6E1E-3EBF-9DC0-D9F893BA404F} = {7121965D-6E1E-3EBF-9DC0-D9F893BA404F}
		{DEC3891F-14B2-3976-876A-C1AF8C6D8AFE} = {DEC3891F-14B2-3976-876A-C1AF8C6D8AFE}
		{767F7910-E4E6-3196-869A-34DCA2E01743} = {767F7910-E4E6-3196-869A-34DCA2E01743}
		{57546CA9-2B1F-3243-95AA-0C1E959B4141} = {57546CA9-2B1F-3243-95AA-0C1E959B4141}
		{4E157063-251D-30CE-95B7-F7DBD4BD55C2} = {4E157063-251D-30CE-95B7-F7DBD4BD55C2}
		{66A857EB-E486-3255-BC30-86FE09E7B3AB} = {66A857EB-E486-3255-BC30-86FE09E7B3AB}
		{A79D0904-CA78-3032-90E8-A6AF7B9B0F5D} = {A79D0904-CA78-3032-90E8-A6AF7B9B0F5D}
		{D6199C45-3712-3310-94CA-A8E7934FDD7C} = {D6199C45-3712-3310-94CA-A8E7934FDD7C}
		{7872D0EB-93FA-3B14-9C30-16B193597494} = {7872D0EB-93FA-3B14-9C30-16B193597494}
		{222AB3EE-E8C6-3926-8B87-C7EDC47F7664} = {222AB3EE-E8C6-3926-8B87-C7EDC47F7664}
		{FB0443FC-B54D-3641-A118-C44C7E43FD8B} = {FB0443FC-B54D-3641-A118-C44C7E43FD8B}
		{D13B0EB8-AAC9-39ED-9603-E708F08B419B} = {D13B0EB8-AAC9-39ED-9603-E708F08B419B}
		{9A0F5BFD-5AF2-38DD-BB10-DCDAE068541A} = {9A0F5BFD-5AF2-38DD-BB10-DCDAE068541A}
		{E45D522B-DE0B-3DA6-A5DF-669548929D10} = {E45D522B-DE0B-3DA6-A5DF-669548929D10}
		{3A94D717-54E6-3C06-86FA-1C9F118541E7} = {3A94D717-54E6-3C06-86FA-1C9F118541E7}
		{2297566B-ED88-35BF-8C6F-9B7939B0F322} = {2297566B-ED88-35BF-8C6F-9B7939B0F322}
		{388613A4-E013-3C69-B066-BFC0AE362533} = {388613A4-E013-3C69-B066-BFC0AE362533}
		{77B1C437-CAAF-3041-AF2F-7EB02B30BC75} = {77B1C437-CAAF-3041-AF2F-7EB02B30BC75}
		{A9A62681-5689-324A-B29A-E8D366FB3BF9} = {A9A62681-5689-324A-B29A-E8D366FB3BF9}
		{56D20E2F-CB8A-309A-BD79-5EF0B45310BC} = {56D20E2F-CB8A-309A-BD79-5EF0B45310BC}
		{3436E570-E04C-3F5F-86AD-B39B0E359B02} = {3436E570-E04C-3F5F-86AD-B39B0E359B02}
		{263EF82A-759A-35F0-988A-45930B42E676} = {263EF82A-759A-35F0-988A-45930B42E676}
	EndProjectSection
EndProject
Project("{8BC9CEB8-8B4A-11D0-8D11-00A0C91BC942}") = "FastXml", "..\sdk_source_bin\FastXml.vcxproj", "{BAD0B39D-73DF-38ED-A8B0-9B7AD5466428}"
	ProjectSection(ProjectDependencies) = postProject
		{263EF82A-759A-35F0-988A-45930B42E676} = {263EF82A-759A-35F0-988A-45930B42E676}
	EndProjectSection
EndProject
Project("{8BC9CEB8-8B4A-11D0-8D11-00A0C91BC942}") = "INSTALL", "INSTALL.vcxproj", "{6298C785-53FF-32B0-A5FF-F8F3AE74BCB4}"
	ProjectSection(ProjectDependencies) = postProject
		{68A5F5D1-D82A-3315-9916-0C2648A57D97} = {68A5F5D1-D82A-3315-9916-0C2648A57D97}
		{263EF82A-759A-35F0-988A-45930B42E676} = {263EF82A-759A-35F0-988A-45930B42E676}
	EndProjectSection
EndProject
Project("{8BC9CEB8-8B4A-11D0-8D11-00A0C91BC942}") = "LowLevel", "..\sdk_source_bin\LowLevel.vcxproj", "{C5C4BC8C-38BD-358D-A3DC-B3C5C377C855}"
	ProjectSection(ProjectDependencies) = postProject
		{263EF82A-759A-35F0-988A-45930B42E676} = {263EF82A-759A-35F0-988A-45930B42E676}
	EndProjectSection
EndProject
Project("{8BC9CEB8-8B4A-11D0-8D11-00A0C91BC942}") = "LowLevelAABB", "..\sdk_source_bin\LowLevelAABB.vcxproj", "{22DB972C-D896-3848-A77B-286E829B908C}"
	ProjectSection(ProjectDependencies) = postProject
		{263EF82A-759A-35F0-988A-45930B42E676} = {263EF82A-759A-35F0-988A-45930B42E676}
	EndProjectSection
EndProject
Project("{8BC9CEB8-8B4A-11D0-8D11-00A0C91BC942}") = "LowLevelDynamics", "..\sdk_source_bin\LowLevelDynamics.vcxproj", "{21E8A5D5-AFEA-3455-BC9F-5042D438DF33}"
	ProjectSection(ProjectDependencies) = postProject
		{263EF82A-759A-35F0-988A-45930B42E676} = {263EF82A-759A-35F0-988A-45930B42E676}
	EndProjectSection
EndProject
Project("{8BC9CEB8-8B4A-11D0-8D11-00A0C91BC942}") = "PhysX", "..\sdk_source_bin\PhysX.vcxproj", "{49943FD0-5B4A-3956-AA3B-07BBE495A136}"
	ProjectSection(ProjectDependencies) = postProject
		{C5C4BC8C-38BD-358D-A3DC-B3C5C377C855} = {C5C4BC8C-38BD-358D-A3DC-B3C5C377C855}
		{22DB972C-D896-3848-A77B-286E829B908C} = {22DB972C-D896-3848-A77B-286E829B908C}
		{21E8A5D5-AFEA-3455-BC9F-5042D438DF33} = {21E8A5D5-AFEA-3455-BC9F-5042D438DF33}
		{DD810424-7F09-3132-9A77-35FCBCBAAC56} = {DD810424-7F09-3132-9A77-35FCBCBAAC56}
		{F382E671-B3D6-367F-8231-7F0720D03090} = {F382E671-B3D6-367F-8231-7F0720D03090}
		{4587724A-0B92-3EAF-8D18-107FB2138B0F} = {4587724A-0B92-3EAF-8D18-107FB2138B0F}
		{4A8BDEB0-2C69-322E-89D2-33179ACFFEC2} = {4A8BDEB0-2C69-322E-89D2-33179ACFFEC2}
		{6D4845B3-881D-30BF-A15C-AB3BBD361215} = {6D4845B3-881D-30BF-A15C-AB3BBD361215}
		{C2849802-880D-3F55-9C0F-2BE87A37DE8B} = {C2849802-880D-3F55-9C0F-2BE87A37DE8B}
		{263EF82A-759A-35F0-988A-45930B42E676} = {263EF82A-759A-35F0-988A-45930B42E676}
	EndProjectSection
EndProject
Project("{8BC9CEB8-8B4A-11D0-8D11-00A0C91BC942}") = "PhysXCharacterKinematic", "..\sdk_source_bin\PhysXCharacterKinematic.vcxproj", "{54E6CCE0-44E1-3746-BA09-3C683F8851A8}"
	ProjectSection(ProjectDependencies) = postProject
		{F382E671-B3D6-367F-8231-7F0720D03090} = {F382E671-B3D6-367F-8231-7F0720D03090}
		{263EF82A-759A-35F0-988A-45930B42E676} = {263EF82A-759A-35F0-988A-45930B42E676}
	EndProjectSection
EndProject
Project("{8BC9CEB8-8B4A-11D0-8D11-00A0C91BC942}") = "PhysXCommon", "..\sdk_source_bin\PhysXCommon.vcxproj", "{DD810424-7F09-3132-9A77-35FCBCBAAC56}"
	ProjectSection(ProjectDependencies) = postProject
		{F382E671-B3D6-367F-8231-7F0720D03090} = {F382E671-B3D6-367F-8231-7F0720D03090}
		{263EF82A-759A-35F0-988A-45930B42E676} = {263EF82A-759A-35F0-988A-45930B42E676}
	EndProjectSection
EndProject
Project("{8BC9CEB8-8B4A-11D0-8D11-00A0C91BC942}") = "PhysXCooking", "..\sdk_source_bin\PhysXCooking.vcxproj", "{67AB5E7F-2BA1-38F5-B845-3D2376983E41}"
	ProjectSection(ProjectDependencies) = postProject
		{DD810424-7F09-3132-9A77-35FCBCBAAC56} = {DD810424-7F09-3132-9A77-35FCBCBAAC56}
		{F382E671-B3D6-367F-8231-7F0720D03090} = {F382E671-B3D6-367F-8231-7F0720D03090}
		{263EF82A-759A-35F0-988A-45930B42E676} = {263EF82A-759A-35F0-988A-45930B42E676}
	EndProjectSection
EndProject
Project("{8BC9CEB8-8B4A-11D0-8D11-00A0C91BC942}") = "PhysXExtensions", "..\sdk_source_bin\PhysXExtensions.vcxproj", "{0ADE9E10-B405-39F0-99E7-5E25F06AC45E}"
	ProjectSection(ProjectDependencies) = postProject
		{BAD0B39D-73DF-38ED-A8B0-9B7AD5466428} = {BAD0B39D-73DF-38ED-A8B0-9B7AD5466428}
		{49943FD0-5B4A-3956-AA3B-07BBE495A136} = {49943FD0-5B4A-3956-AA3B-07BBE495A136}
		{F382E671-B3D6-367F-8231-7F0720D03090} = {F382E671-B3D6-367F-8231-7F0720D03090}
		{4587724A-0B92-3EAF-8D18-107FB2138B0F} = {4587724A-0B92-3EAF-8D18-107FB2138B0F}
		{263EF82A-759A-35F0-988A-45930B42E676} = {263EF82A-759A-35F0-988A-45930B42E676}
	EndProjectSection
EndProject
Project("{8BC9CEB8-8B4A-11D0-8D11-00A0C91BC942}") = "PhysXFoundation", "..\sdk_source_bin\PhysXFoundation.vcxproj", "{F382E671-B3D6-367F-8231-7F0720D03090}"
	ProjectSection(ProjectDependencies) = postProject
		{263EF82A-759A-35F0-988A-45930B42E676} = {263EF82A-759A-35F0-988A-45930B42E676}
	EndProjectSection
EndProject
Project("{8BC9CEB8-8B4A-11D0-8D11-00A0C91BC942}") = "PhysXPvdSDK", "..\sdk_source_bin\PhysXPvdSDK.vcxproj", "{4587724A-0B92-3EAF-8D18-107FB2138B0F}"
	ProjectSection(ProjectDependencies) = postProject
		{F382E671-B3D6-367F-8231-7F0720D03090} = {F382E671-B3D6-367F-8231-7F0720D03090}
		{263EF82A-759A-35F0-988A-45930B42E676} = {263EF82A-759A-35F0-988A-45930B42E676}
	EndProjectSection
EndProject
Project("{8BC9CEB8-8B4A-11D0-8D11-00A0C91BC942}") = "PhysXTask", "..\sdk_source_bin\PhysXTask.vcxproj", "{4A8BDEB0-2C69-322E-89D2-33179ACFFEC2}"
	ProjectSection(ProjectDependencies) = postProject
		{263EF82A-759A-35F0-988A-45930B42E676} = {263EF82A-759A-35F0-988A-45930B42E676}
	EndProjectSection
EndProject
Project("{8BC9CEB8-8B4A-11D0-8D11-00A0C91BC942}") = "PhysXVehicle", "..\sdk_source_bin\PhysXVehicle.vcxproj", "{497D7FB2-E02C-3F55-9FE0-F2495EF6910E}"
	ProjectSection(ProjectDependencies) = postProject
		{F382E671-B3D6-367F-8231-7F0720D03090} = {F382E671-B3D6-367F-8231-7F0720D03090}
		{4587724A-0B92-3EAF-8D18-107FB2138B0F} = {4587724A-0B92-3EAF-8D18-107FB2138B0F}
		{263EF82A-759A-35F0-988A-45930B42E676} = {263EF82A-759A-35F0-988A-45930B42E676}
	EndProjectSection
EndProject
Project("{8BC9CEB8-8B4A-11D0-8D11-00A0C91BC942}") = "SceneQuery", "..\sdk_source_bin\SceneQuery.vcxproj", "{6D4845B3-881D-30BF-A15C-AB3BBD361215}"
	ProjectSection(ProjectDependencies) = postProject
		{263EF82A-759A-35F0-988A-45930B42E676} = {263EF82A-759A-35F0-988A-45930B42E676}
	EndProjectSection
EndProject
Project("{8BC9CEB8-8B4A-11D0-8D11-00A0C91BC942}") = "SimulationController", "..\sdk_source_bin\SimulationController.vcxproj", "{C2849802-880D-3F55-9C0F-2BE87A37DE8B}"
	ProjectSection(ProjectDependencies) = postProject
		{263EF82A-759A-35F0-988A-45930B42E676} = {263EF82A-759A-35F0-988A-45930B42E676}
	EndProjectSection
EndProject
Project("{8BC9CEB8-8B4A-11D0-8D11-00A0C91BC942}") = "SnippetArticulation", "SnippetArticulation.vcxproj", "{4561F22B-7883-35E6-9371-5183BAC2A6DF}"
	ProjectSection(ProjectDependencies) = postProject
		{49943FD0-5B4A-3956-AA3B-07BBE495A136} = {49943FD0-5B4A-3956-AA3B-07BBE495A136}
		{54E6CCE0-44E1-3746-BA09-3C683F8851A8} = {54E6CCE0-44E1-3746-BA09-3C683F8851A8}
		{DD810424-7F09-3132-9A77-35FCBCBAAC56} = {DD810424-7F09-3132-9A77-35FCBCBAAC56}
		{67AB5E7F-2BA1-38F5-B845-3D2376983E41} = {67AB5E7F-2BA1-38F5-B845-3D2376983E41}
		{0ADE9E10-B405-39F0-99E7-5E25F06AC45E} = {0ADE9E10-B405-39F0-99E7-5E25F06AC45E}
		{F382E671-B3D6-367F-8231-7F0720D03090} = {F382E671-B3D6-367F-8231-7F0720D03090}
		{4587724A-0B92-3EAF-8D18-107FB2138B0F} = {4587724A-0B92-3EAF-8D18-107FB2138B0F}
		{497D7FB2-E02C-3F55-9FE0-F2495EF6910E} = {497D7FB2-E02C-3F55-9FE0-F2495EF6910E}
		{D6199C45-3712-3310-94CA-A8E7934FDD7C} = {D6199C45-3712-3310-94CA-A8E7934FDD7C}
		{3A94D717-54E6-3C06-86FA-1C9F118541E7} = {3A94D717-54E6-3C06-86FA-1C9F118541E7}
		{263EF82A-759A-35F0-988A-45930B42E676} = {263EF82A-759A-35F0-988A-45930B42E676}
	EndProjectSection
EndProject
Project("{8BC9CEB8-8B4A-11D0-8D11-00A0C91BC942}") = "SnippetBVHStructure", "SnippetBVHStructure.vcxproj", "{B65F05EF-3E39-33C1-ADAC-C3ADD8B934D0}"
	ProjectSection(ProjectDependencies) = postProject
		{49943FD0-5B4A-3956-AA3B-07BBE495A136} = {49943FD0-5B4A-3956-AA3B-07BBE495A136}
		{54E6CCE0-44E1-3746-BA09-3C683F8851A8} = {54E6CCE0-44E1-3746-BA09-3C683F8851A8}
		{DD810424-7F09-3132-9A77-35FCBCBAAC56} = {DD810424-7F09-3132-9A77-35FCBCBAAC56}
		{67AB5E7F-2BA1-38F5-B845-3D2376983E41} = {67AB5E7F-2BA1-38F5-B845-3D2376983E41}
		{0ADE9E10-B405-39F0-99E7-5E25F06AC45E} = {0ADE9E10-B405-39F0-99E7-5E25F06AC45E}
		{F382E671-B3D6-367F-8231-7F0720D03090} = {F382E671-B3D6-367F-8231-7F0720D03090}
		{4587724A-0B92-3EAF-8D18-107FB2138B0F} = {4587724A-0B92-3EAF-8D18-107FB2138B0F}
		{497D7FB2-E02C-3F55-9FE0-F2495EF6910E} = {497D7FB2-E02C-3F55-9FE0-F2495EF6910E}
		{D6199C45-3712-3310-94CA-A8E7934FDD7C} = {D6199C45-3712-3310-94CA-A8E7934FDD7C}
		{3A94D717-54E6-3C06-86FA-1C9F118541E7} = {3A94D717-54E6-3C06-86FA-1C9F118541E7}
		{263EF82A-759A-35F0-988A-45930B42E676} = {263EF82A-759A-35F0-988A-45930B42E676}
	EndProjectSection
EndProject
Project("{8BC9CEB8-8B4A-11D0-8D11-00A0C91BC942}") = "SnippetContactModification", "SnippetContactModification.vcxproj", "{4A451058-A3B2-3A2E-B5EE-1876F0859182}"
	ProjectSection(ProjectDependencies) = postProject
		{49943FD0-5B4A-3956-AA3B-07BBE495A136} = {49943FD0-5B4A-3956-AA3B-07BBE495A136}
		{54E6CCE0-44E1-3746-BA09-3C683F8851A8} = {54E6CCE0-44E1-3746-BA09-3C683F8851A8}
		{DD810424-7F09-3132-9A77-35FCBCBAAC56} = {DD810424-7F09-3132-9A77-35FCBCBAAC56}
		{67AB5E7F-2BA1-38F5-B845-3D2376983E41} = {67AB5E7F-2BA1-38F5-B845-3D2376983E41}
		{0ADE9E10-B405-39F0-99E7-5E25F06AC45E} = {0ADE9E10-B405-39F0-99E7-5E25F06AC45E}
		{F382E671-B3D6-367F-8231-7F0720D03090} = {F382E671-B3D6-367F-8231-7F0720D03090}
		{4587724A-0B92-3EAF-8D18-107FB2138B0F} = {4587724A-0B92-3EAF-8D18-107FB2138B0F}
		{497D7FB2-E02C-3F55-9FE0-F2495EF6910E} = {497D7FB2-E02C-3F55-9FE0-F2495EF6910E}
		{D6199C45-3712-3310-94CA-A8E7934FDD7C} = {D6199C45-3712-3310-94CA-A8E7934FDD7C}
		{3A94D717-54E6-3C06-86FA-1C9F118541E7} = {3A94D717-54E6-3C06-86FA-1C9F118541E7}
		{263EF82A-759A-35F0-988A-45930B42E676} = {263EF82A-759A-35F0-988A-45930B42E676}
	EndProjectSection
EndProject
Project("{8BC9CEB8-8B4A-11D0-8D11-00A0C91BC942}") = "SnippetContactReport", "SnippetContactReport.vcxproj", "{868F041F-231E-3637-AC36-38BE4D6BEA42}"
	ProjectSection(ProjectDependencies) = postProject
		{49943FD0-5B4A-3956-AA3B-07BBE495A136} = {49943FD0-5B4A-3956-AA3B-07BBE495A136}
		{54E6CCE0-44E1-3746-BA09-3C683F8851A8} = {54E6CCE0-44E1-3746-BA09-3C683F8851A8}
		{DD810424-7F09-3132-9A77-35FCBCBAAC56} = {DD810424-7F09-3132-9A77-35FCBCBAAC56}
		{67AB5E7F-2BA1-38F5-B845-3D2376983E41} = {67AB5E7F-2BA1-38F5-B845-3D2376983E41}
		{0ADE9E10-B405-39F0-99E7-5E25F06AC45E} = {0ADE9E10-B405-39F0-99E7-5E25F06AC45E}
		{F382E671-B3D6-367F-8231-7F0720D03090} = {F382E671-B3D6-367F-8231-7F0720D03090}
		{4587724A-0B92-3EAF-8D18-107FB2138B0F} = {4587724A-0B92-3EAF-8D18-107FB2138B0F}
		{497D7FB2-E02C-3F55-9FE0-F2495EF6910E} = {497D7FB2-E02C-3F55-9FE0-F2495EF6910E}
		{D6199C45-3712-3310-94CA-A8E7934FDD7C} = {D6199C45-3712-3310-94CA-A8E7934FDD7C}
		{3A94D717-54E6-3C06-86FA-1C9F118541E7} = {3A94D717-54E6-3C06-86FA-1C9F118541E7}
		{263EF82A-759A-35F0-988A-45930B42E676} = {263EF82A-759A-35F0-988A-45930B42E676}
	EndProjectSection
EndProject
Project("{8BC9CEB8-8B4A-11D0-8D11-00A0C91BC942}") = "SnippetContactReportCCD", "SnippetContactReportCCD.vcxproj", "{B40A7E20-EB51-3BA2-B8AA-7BFB43AC88D1}"
	ProjectSection(ProjectDependencies) = postProject
		{49943FD0-5B4A-3956-AA3B-07BBE495A136} = {49943FD0-5B4A-3956-AA3B-07BBE495A136}
		{54E6CCE0-44E1-3746-BA09-3C683F8851A8} = {54E6CCE0-44E1-3746-BA09-3C683F8851A8}
		{DD810424-7F09-3132-9A77-35FCBCBAAC56} = {DD810424-7F09-3132-9A77-35FCBCBAAC56}
		{67AB5E7F-2BA1-38F5-B845-3D2376983E41} = {67AB5E7F-2BA1-38F5-B845-3D2376983E41}
		{0ADE9E10-B405-39F0-99E7-5E25F06AC45E} = {0ADE9E10-B405-39F0-99E7-5E25F06AC45E}
		{F382E671-B3D6-367F-8231-7F0720D03090} = {F382E671-B3D6-367F-8231-7F0720D03090}
		{4587724A-0B92-3EAF-8D18-107FB2138B0F} = {4587724A-0B92-3EAF-8D18-107FB2138B0F}
		{497D7FB2-E02C-3F55-9FE0-F2495EF6910E} = {497D7FB2-E02C-3F55-9FE0-F2495EF6910E}
		{D6199C45-3712-3310-94CA-A8E7934FDD7C} = {D6199C45-3712-3310-94CA-A8E7934FDD7C}
		{3A94D717-54E6-3C06-86FA-1C9F118541E7} = {3A94D717-54E6-3C06-86FA-1C9F118541E7}
		{263EF82A-759A-35F0-988A-45930B42E676} = {263EF82A-759A-35F0-988A-45930B42E676}
	EndProjectSection
EndProject
Project("{8BC9CEB8-8B4A-11D0-8D11-00A0C91BC942}") = "SnippetConvert", "SnippetConvert.vcxproj", "{9A35644F-D9E5-3169-A055-1AB9751B8FEC}"
	ProjectSection(ProjectDependencies) = postProject
		{49943FD0-5B4A-3956-AA3B-07BBE495A136} = {49943FD0-5B4A-3956-AA3B-07BBE495A136}
		{54E6CCE0-44E1-3746-BA09-3C683F8851A8} = {54E6CCE0-44E1-3746-BA09-3C683F8851A8}
		{DD810424-7F09-3132-9A77-35FCBCBAAC56} = {DD810424-7F09-3132-9A77-35FCBCBAAC56}
		{67AB5E7F-2BA1-38F5-B845-3D2376983E41} = {67AB5E7F-2BA1-38F5-B845-3D2376983E41}
		{0ADE9E10-B405-39F0-99E7-5E25F06AC45E} = {0ADE9E10-B405-39F0-99E7-5E25F06AC45E}
		{F382E671-B3D6-367F-8231-7F0720D03090} = {F382E671-B3D6-367F-8231-7F0720D03090}
		{4587724A-0B92-3EAF-8D18-107FB2138B0F} = {4587724A-0B92-3EAF-8D18-107FB2138B0F}
		{497D7FB2-E02C-3F55-9FE0-F2495EF6910E} = {497D7FB2-E02C-3F55-9FE0-F2495EF6910E}
		{D6199C45-3712-3310-94CA-A8E7934FDD7C} = {D6199C45-3712-3310-94CA-A8E7934FDD7C}
		{3A94D717-54E6-3C06-86FA-1C9F118541E7} = {3A94D717-54E6-3C06-86FA-1C9F118541E7}
		{263EF82A-759A-35F0-988A-45930B42E676} = {263EF82A-759A-35F0-988A-45930B42E676}
	EndProjectSection
EndProject
Project("{8BC9CEB8-8B4A-11D0-8D11-00A0C91BC942}") = "SnippetConvexMeshCreate", "SnippetConvexMeshCreate.vcxproj", "{8A0446DC-F226-322C-ADC7-82CD9471A883}"
	ProjectSection(ProjectDependencies) = postProject
		{49943FD0-5B4A-3956-AA3B-07BBE495A136} = {49943FD0-5B4A-3956-AA3B-07BBE495A136}
		{54E6CCE0-44E1-3746-BA09-3C683F8851A8} = {54E6CCE0-44E1-3746-BA09-3C683F8851A8}
		{DD810424-7F09-3132-9A77-35FCBCBAAC56} = {DD810424-7F09-3132-9A77-35FCBCBAAC56}
		{67AB5E7F-2BA1-38F5-B845-3D2376983E41} = {67AB5E7F-2BA1-38F5-B845-3D2376983E41}
		{0ADE9E10-B405-39F0-99E7-5E25F06AC45E} = {0ADE9E10-B405-39F0-99E7-5E25F06AC45E}
		{F382E671-B3D6-367F-8231-7F0720D03090} = {F382E671-B3D6-367F-8231-7F0720D03090}
		{4587724A-0B92-3EAF-8D18-107FB2138B0F} = {4587724A-0B92-3EAF-8D18-107FB2138B0F}
		{497D7FB2-E02C-3F55-9FE0-F2495EF6910E} = {497D7FB2-E02C-3F55-9FE0-F2495EF6910E}
		{D6199C45-3712-3310-94CA-A8E7934FDD7C} = {D6199C45-3712-3310-94CA-A8E7934FDD7C}
		{3A94D717-54E6-3C06-86FA-1C9F118541E7} = {3A94D717-54E6-3C06-86FA-1C9F118541E7}
		{263EF82A-759A-35F0-988A-45930B42E676} = {263EF82A-759A-35F0-988A-45930B42E676}
	EndProjectSection
EndProject
Project("{8BC9CEB8-8B4A-11D0-8D11-00A0C91BC942}") = "SnippetCustomJoint", "SnippetCustomJoint.vcxproj", "{699E51BB-12CD-3246-8507-7F1222893DB2}"
	ProjectSection(ProjectDependencies) = postProject
		{49943FD0-5B4A-3956-AA3B-07BBE495A136} = {49943FD0-5B4A-3956-AA3B-07BBE495A136}
		{54E6CCE0-44E1-3746-BA09-3C683F8851A8} = {54E6CCE0-44E1-3746-BA09-3C683F8851A8}
		{DD810424-7F09-3132-9A77-35FCBCBAAC56} = {DD810424-7F09-3132-9A77-35FCBCBAAC56}
		{67AB5E7F-2BA1-38F5-B845-3D2376983E41} = {67AB5E7F-2BA1-38F5-B845-3D2376983E41}
		{0ADE9E10-B405-39F0-99E7-5E25F06AC45E} = {0ADE9E10-B405-39F0-99E7-5E25F06AC45E}
		{F382E671-B3D6-367F-8231-7F0720D03090} = {F382E671-B3D6-367F-8231-7F0720D03090}
		{4587724A-0B92-3EAF-8D18-107FB2138B0F} = {4587724A-0B92-3EAF-8D18-107FB2138B0F}
		{497D7FB2-E02C-3F55-9FE0-F2495EF6910E} = {497D7FB2-E02C-3F55-9FE0-F2495EF6910E}
		{D6199C45-3712-3310-94CA-A8E7934FDD7C} = {D6199C45-3712-3310-94CA-A8E7934FDD7C}
		{3A94D717-54E6-3C06-86FA-1C9F118541E7} = {3A94D717-54E6-3C06-86FA-1C9F118541E7}
		{263EF82A-759A-35F0-988A-45930B42E676} = {263EF82A-759A-35F0-988A-45930B42E676}
	EndProjectSection
EndProject
Project("{8BC9CEB8-8B4A-11D0-8D11-00A0C91BC942}") = "SnippetCustomProfiler", "SnippetCustomProfiler.vcxproj", "{B526D7B6-B5D2-30E9-B50F-58CD4AF0F49C}"
	ProjectSection(ProjectDependencies) = postProject
		{49943FD0-5B4A-3956-AA3B-07BBE495A136} = {49943FD0-5B4A-3956-AA3B-07BBE495A136}
		{54E6CCE0-44E1-3746-BA09-3C683F8851A8} = {54E6CCE0-44E1-3746-BA09-3C683F8851A8}
		{DD810424-7F09-3132-9A77-35FCBCBAAC56} = {DD810424-7F09-3132-9A77-35FCBCBAAC56}
		{67AB5E7F-2BA1-38F5-B845-3D2376983E41} = {67AB5E7F-2BA1-38F5-B845-3D2376983E41}
		{0ADE9E10-B405-39F0-99E7-5E25F06AC45E} = {0ADE9E10-B405-39F0-99E7-5E25F06AC45E}
		{F382E671-B3D6-367F-8231-7F0720D03090} = {F382E671-B3D6-367F-8231-7F0720D03090}
		{4587724A-0B92-3EAF-8D18-107FB2138B0F} = {4587724A-0B92-3EAF-8D18-107FB2138B0F}
		{497D7FB2-E02C-3F55-9FE0-F2495EF6910E} = {497D7FB2-E02C-3F55-9FE0-F2495EF6910E}
		{D6199C45-3712-3310-94CA-A8E7934FDD7C} = {D6199C45-3712-3310-94CA-A8E7934FDD7C}
		{3A94D717-54E6-3C06-86FA-1C9F118541E7} = {3A94D717-54E6-3C06-86FA-1C9F118541E7}
		{263EF82A-759A-35F0-988A-45930B42E676} = {263EF82A-759A-35F0-988A-45930B42E676}
	EndProjectSection
EndProject
Project("{8BC9CEB8-8B4A-11D0-8D11-00A0C91BC942}") = "SnippetDeformableMesh", "SnippetDeformableMesh.vcxproj", "{3BC0AD99-C7F4-3A39-93CD-701E49D44B75}"
	ProjectSection(ProjectDependencies) = postProject
		{49943FD0-5B4A-3956-AA3B-07BBE495A136} = {49943FD0-5B4A-3956-AA3B-07BBE495A136}
		{54E6CCE0-44E1-3746-BA09-3C683F8851A8} = {54E6CCE0-44E1-3746-BA09-3C683F8851A8}
		{DD810424-7F09-3132-9A77-35FCBCBAAC56} = {DD810424-7F09-3132-9A77-35FCBCBAAC56}
		{67AB5E7F-2BA1-38F5-B845-3D2376983E41} = {67AB5E7F-2BA1-38F5-B845-3D2376983E41}
		{0ADE9E10-B405-39F0-99E7-5E25F06AC45E} = {0ADE9E10-B405-39F0-99E7-5E25F06AC45E}
		{F382E671-B3D6-367F-8231-7F0720D03090} = {F382E671-B3D6-367F-8231-7F0720D03090}
		{4587724A-0B92-3EAF-8D18-107FB2138B0F} = {4587724A-0B92-3EAF-8D18-107FB2138B0F}
		{497D7FB2-E02C-3F55-9FE0-F2495EF6910E} = {497D7FB2-E02C-3F55-9FE0-F2495EF6910E}
		{D6199C45-3712-3310-94CA-A8E7934FDD7C} = {D6199C45-3712-3310-94CA-A8E7934FDD7C}
		{3A94D717-54E6-3C06-86FA-1C9F118541E7} = {3A94D717-54E6-3C06-86FA-1C9F118541E7}
		{263EF82A-759A-35F0-988A-45930B42E676} = {263EF82A-759A-35F0-988A-45930B42E676}
	EndProjectSection
EndProject
Project("{8BC9CEB8-8B4A-11D0-8D11-00A0C91BC942}") = "SnippetDelayLoadHook", "SnippetDelayLoadHook.vcxproj", "{651ED67C-ACD8-3C4B-8F1E-C1D849260F6A}"
	ProjectSection(ProjectDependencies) = postProject
		{49943FD0-5B4A-3956-AA3B-07BBE495A136} = {49943FD0-5B4A-3956-AA3B-07BBE495A136}
		{54E6CCE0-44E1-3746-BA09-3C683F8851A8} = {54E6CCE0-44E1-3746-BA09-3C683F8851A8}
		{DD810424-7F09-3132-9A77-35FCBCBAAC56} = {DD810424-7F09-3132-9A77-35FCBCBAAC56}
		{67AB5E7F-2BA1-38F5-B845-3D2376983E41} = {67AB5E7F-2BA1-38F5-B845-3D2376983E41}
		{0ADE9E10-B405-39F0-99E7-5E25F06AC45E} = {0ADE9E10-B405-39F0-99E7-5E25F06AC45E}
		{F382E671-B3D6-367F-8231-7F0720D03090} = {F382E671-B3D6-367F-8231-7F0720D03090}
		{4587724A-0B92-3EAF-8D18-107FB2138B0F} = {4587724A-0B92-3EAF-8D18-107FB2138B0F}
		{497D7FB2-E02C-3F55-9FE0-F2495EF6910E} = {497D7FB2-E02C-3F55-9FE0-F2495EF6910E}
		{D6199C45-3712-3310-94CA-A8E7934FDD7C} = {D6199C45-3712-3310-94CA-A8E7934FDD7C}
		{3A94D717-54E6-3C06-86FA-1C9F118541E7} = {3A94D717-54E6-3C06-86FA-1C9F118541E7}
		{263EF82A-759A-35F0-988A-45930B42E676} = {263EF82A-759A-35F0-988A-45930B42E676}
	EndProjectSection
EndProject
Project("{8BC9CEB8-8B4A-11D0-8D11-00A0C91BC942}") = "SnippetHelloGRB", "SnippetHelloGRB.vcxproj", "{E8159792-49AE-3E12-A96C-F5FCEA5314AD}"
	ProjectSection(ProjectDependencies) = postProject
		{49943FD0-5B4A-3956-AA3B-07BBE495A136} = {49943FD0-5B4A-3956-AA3B-07BBE495A136}
		{54E6CCE0-44E1-3746-BA09-3C683F8851A8} = {54E6CCE0-44E1-3746-BA09-3C683F8851A8}
		{DD810424-7F09-3132-9A77-35FCBCBAAC56} = {DD810424-7F09-3132-9A77-35FCBCBAAC56}
		{67AB5E7F-2BA1-38F5-B845-3D2376983E41} = {67AB5E7F-2BA1-38F5-B845-3D2376983E41}
		{0ADE9E10-B405-39F0-99E7-5E25F06AC45E} = {0ADE9E10-B405-39F0-99E7-5E25F06AC45E}
		{F382E671-B3D6-367F-8231-7F0720D03090} = {F382E671-B3D6-367F-8231-7F0720D03090}
		{4587724A-0B92-3EAF-8D18-107FB2138B0F} = {4587724A-0B92-3EAF-8D18-107FB2138B0F}
		{497D7FB2-E02C-3F55-9FE0-F2495EF6910E} = {497D7FB2-E02C-3F55-9FE0-F2495EF6910E}
		{D6199C45-3712-3310-94CA-A8E7934FDD7C} = {D6199C45-3712-3310-94CA-A8E7934FDD7C}
		{3A94D717-54E6-3C06-86FA-1C9F118541E7} = {3A94D717-54E6-3C06-86FA-1C9F118541E7}
		{263EF82A-759A-35F0-988A-45930B42E676} = {263EF82A-759A-35F0-988A-45930B42E676}
	EndProjectSection
EndProject
Project("{8BC9CEB8-8B4A-11D0-8D11-00A0C91BC942}") = "SnippetHelloWorld", "SnippetHelloWorld.vcxproj", "{29B9E5E3-CEEE-3787-8DCD-7F8793942843}"
	ProjectSection(ProjectDependencies) = postProject
		{49943FD0-5B4A-3956-AA3B-07BBE495A136} = {49943FD0-5B4A-3956-AA3B-07BBE495A136}
		{54E6CCE0-44E1-3746-BA09-3C683F8851A8} = {54E6CCE0-44E1-3746-BA09-3C683F8851A8}
		{DD810424-7F09-3132-9A77-35FCBCBAAC56} = {DD810424-7F09-3132-9A77-35FCBCBAAC56}
		{67AB5E7F-2BA1-38F5-B845-3D2376983E41} = {67AB5E7F-2BA1-38F5-B845-3D2376983E41}
		{0ADE9E10-B405-39F0-99E7-5E25F06AC45E} = {0ADE9E10-B405-39F0-99E7-5E25F06AC45E}
		{F382E671-B3D6-367F-8231-7F0720D03090} = {F382E671-B3D6-367F-8231-7F0720D03090}
		{4587724A-0B92-3EAF-8D18-107FB2138B0F} = {4587724A-0B92-3EAF-8D18-107FB2138B0F}
		{497D7FB2-E02C-3F55-9FE0-F2495EF6910E} = {497D7FB2-E02C-3F55-9FE0-F2495EF6910E}
		{D6199C45-3712-3310-94CA-A8E7934FDD7C} = {D6199C45-3712-3310-94CA-A8E7934FDD7C}
		{3A94D717-54E6-3C06-86FA-1C9F118541E7} = {3A94D717-54E6-3C06-86FA-1C9F118541E7}
		{263EF82A-759A-35F0-988A-45930B42E676} = {263EF82A-759A-35F0-988A-45930B42E676}
	EndProjectSection
EndProject
Project("{8BC9CEB8-8B4A-11D0-8D11-00A0C91BC942}") = "SnippetImmediateArticulation", "SnippetImmediateArticulation.vcxproj", "{3D75A6E0-4EBB-30A2-9DDB-167D237898FB}"
	ProjectSection(ProjectDependencies) = postProject
		{49943FD0-5B4A-3956-AA3B-07BBE495A136} = {49943FD0-5B4A-3956-AA3B-07BBE495A136}
		{54E6CCE0-44E1-3746-BA09-3C683F8851A8} = {54E6CCE0-44E1-3746-BA09-3C683F8851A8}
		{DD810424-7F09-3132-9A77-35FCBCBAAC56} = {DD810424-7F09-3132-9A77-35FCBCBAAC56}
		{67AB5E7F-2BA1-38F5-B845-3D2376983E41} = {67AB5E7F-2BA1-38F5-B845-3D2376983E41}
		{0ADE9E10-B405-39F0-99E7-5E25F06AC45E} = {0ADE9E10-B405-39F0-99E7-5E25F06AC45E}
		{F382E671-B3D6-367F-8231-7F0720D03090} = {F382E671-B3D6-367F-8231-7F0720D03090}
		{4587724A-0B92-3EAF-8D18-107FB2138B0F} = {4587724A-0B92-3EAF-8D18-107FB2138B0F}
		{497D7FB2-E02C-3F55-9FE0-F2495EF6910E} = {497D7FB2-E02C-3F55-9FE0-F2495EF6910E}
		{D6199C45-3712-3310-94CA-A8E7934FDD7C} = {D6199C45-3712-3310-94CA-A8E7934FDD7C}
		{3A94D717-54E6-3C06-86FA-1C9F118541E7} = {3A94D717-54E6-3C06-86FA-1C9F118541E7}
		{263EF82A-759A-35F0-988A-45930B42E676} = {263EF82A-759A-35F0-988A-45930B42E676}
	EndProjectSection
EndProject
Project("{8BC9CEB8-8B4A-11D0-8D11-00A0C91BC942}") = "SnippetImmediateMode", "SnippetImmediateMode.vcxproj", "{6E43A309-6FF9-3305-A138-B872A1773F2C}"
	ProjectSection(ProjectDependencies) = postProject
		{49943FD0-5B4A-3956-AA3B-07BBE495A136} = {49943FD0-5B4A-3956-AA3B-07BBE495A136}
		{54E6CCE0-44E1-3746-BA09-3C683F8851A8} = {54E6CCE0-44E1-3746-BA09-3C683F8851A8}
		{DD810424-7F09-3132-9A77-35FCBCBAAC56} = {DD810424-7F09-3132-9A77-35FCBCBAAC56}
		{67AB5E7F-2BA1-38F5-B845-3D2376983E41} = {67AB5E7F-2BA1-38F5-B845-3D2376983E41}
		{0ADE9E10-B405-39F0-99E7-5E25F06AC45E} = {0ADE9E10-B405-39F0-99E7-5E25F06AC45E}
		{F382E671-B3D6-367F-8231-7F0720D03090} = {F382E671-B3D6-367F-8231-7F0720D03090}
		{4587724A-0B92-3EAF-8D18-107FB2138B0F} = {4587724A-0B92-3EAF-8D18-107FB2138B0F}
		{497D7FB2-E02C-3F55-9FE0-F2495EF6910E} = {497D7FB2-E02C-3F55-9FE0-F2495EF6910E}
		{D6199C45-3712-3310-94CA-A8E7934FDD7C} = {D6199C45-3712-3310-94CA-A8E7934FDD7C}
		{3A94D717-54E6-3C06-86FA-1C9F118541E7} = {3A94D717-54E6-3C06-86FA-1C9F118541E7}
		{263EF82A-759A-35F0-988A-45930B42E676} = {263EF82A-759A-35F0-988A-45930B42E676}
	EndProjectSection
EndProject
Project("{8BC9CEB8-8B4A-11D0-8D11-00A0C91BC942}") = "SnippetJoint", "SnippetJoint.vcxproj", "{7121965D-6E1E-3EBF-9DC0-D9F893BA404F}"
	ProjectSection(ProjectDependencies) = postProject
		{49943FD0-5B4A-3956-AA3B-07BBE495A136} = {49943FD0-5B4A-3956-AA3B-07BBE495A136}
		{54E6CCE0-44E1-3746-BA09-3C683F8851A8} = {54E6CCE0-44E1-3746-BA09-3C683F8851A8}
		{DD810424-7F09-3132-9A77-35FCBCBAAC56} = {DD810424-7F09-3132-9A77-35FCBCBAAC56}
		{67AB5E7F-2BA1-38F5-B845-3D2376983E41} = {67AB5E7F-2BA1-38F5-B845-3D2376983E41}
		{0ADE9E10-B405-39F0-99E7-5E25F06AC45E} = {0ADE9E10-B405-39F0-99E7-5E25F06AC45E}
		{F382E671-B3D6-367F-8231-7F0720D03090} = {F382E671-B3D6-367F-8231-7F0720D03090}
		{4587724A-0B92-3EAF-8D18-107FB2138B0F} = {4587724A-0B92-3EAF-8D18-107FB2138B0F}
		{497D7FB2-E02C-3F55-9FE0-F2495EF6910E} = {497D7FB2-E02C-3F55-9FE0-F2495EF6910E}
		{D6199C45-3712-3310-94CA-A8E7934FDD7C} = {D6199C45-3712-3310-94CA-A8E7934FDD7C}
		{3A94D717-54E6-3C06-86FA-1C9F118541E7} = {3A94D717-54E6-3C06-86FA-1C9F118541E7}
		{263EF82A-759A-35F0-988A-45930B42E676} = {263EF82A-759A-35F0-988A-45930B42E676}
	EndProjectSection
EndProject
Project("{8BC9CEB8-8B4A-11D0-8D11-00A0C91BC942}") = "SnippetLoadCollection", "SnippetLoadCollection.vcxproj", "{DEC3891F-14B2-3976-876A-C1AF8C6D8AFE}"
	ProjectSection(ProjectDependencies) = postProject
		{49943FD0-5B4A-3956-AA3B-07BBE495A136} = {49943FD0-5B4A-3956-AA3B-07BBE495A136}
		{54E6CCE0-44E1-3746-BA09-3C683F8851A8} = {54E6CCE0-44E1-3746-BA09-3C683F8851A8}
		{DD810424-7F09-3132-9A77-35FCBCBAAC56} = {DD810424-7F09-3132-9A77-35FCBCBAAC56}
		{67AB5E7F-2BA1-38F5-B845-3D2376983E41} = {67AB5E7F-2BA1-38F5-B845-3D2376983E41}
		{0ADE9E10-B405-39F0-99E7-5E25F06AC45E} = {0ADE9E10-B405-39F0-99E7-5E25F06AC45E}
		{F382E671-B3D6-367F-8231-7F0720D03090} = {F382E671-B3D6-367F-8231-7F0720D03090}
		{4587724A-0B92-3EAF-8D18-107FB2138B0F} = {4587724A-0B92-3EAF-8D18-107FB2138B0F}
		{497D7FB2-E02C-3F55-9FE0-F2495EF6910E} = {497D7FB2-E02C-3F55-9FE0-F2495EF6910E}
		{D6199C45-3712-3310-94CA-A8E7934FDD7C} = {D6199C45-3712-3310-94CA-A8E7934FDD7C}
		{3A94D717-54E6-3C06-86FA-1C9F118541E7} = {3A94D717-54E6-3C06-86FA-1C9F118541E7}
		{263EF82A-759A-35F0-988A-45930B42E676} = {263EF82A-759A-35F0-988A-45930B42E676}
	EndProjectSection
EndProject
Project("{8BC9CEB8-8B4A-11D0-8D11-00A0C91BC942}") = "SnippetMBP", "SnippetMBP.vcxproj", "{767F7910-E4E6-3196-869A-34DCA2E01743}"
	ProjectSection(ProjectDependencies) = postProject
		{49943FD0-5B4A-3956-AA3B-07BBE495A136} = {49943FD0-5B4A-3956-AA3B-07BBE495A136}
		{54E6CCE0-44E1-3746-BA09-3C683F8851A8} = {54E6CCE0-44E1-3746-BA09-3C683F8851A8}
		{DD810424-7F09-3132-9A77-35FCBCBAAC56} = {DD810424-7F09-3132-9A77-35FCBCBAAC56}
		{67AB5E7F-2BA1-38F5-B845-3D2376983E41} = {67AB5E7F-2BA1-38F5-B845-3D2376983E41}
		{0ADE9E10-B405-39F0-99E7-5E25F06AC45E} = {0ADE9E10-B405-39F0-99E7-5E25F06AC45E}
		{F382E671-B3D6-367F-8231-7F0720D03090} = {F382E671-B3D6-367F-8231-7F0720D03090}
		{4587724A-0B92-3EAF-8D18-107FB2138B0F} = {4587724A-0B92-3EAF-8D18-107FB2138B0F}
		{497D7FB2-E02C-3F55-9FE0-F2495EF6910E} = {497D7FB2-E02C-3F55-9FE0-F2495EF6910E}
		{D6199C45-3712-3310-94CA-A8E7934FDD7C} = {D6199C45-3712-3310-94CA-A8E7934FDD7C}
		{3A94D717-54E6-3C06-86FA-1C9F118541E7} = {3A94D717-54E6-3C06-86FA-1C9F118541E7}
		{263EF82A-759A-35F0-988A-45930B42E676} = {263EF82A-759A-35F0-988A-45930B42E676}
	EndProjectSection
EndProject
Project("{8BC9CEB8-8B4A-11D0-8D11-00A0C91BC942}") = "SnippetMultiThreading", "SnippetMultiThreading.vcxproj", "{57546CA9-2B1F-3243-95AA-0C1E959B4141}"
	ProjectSection(ProjectDependencies) = postProject
		{49943FD0-5B4A-3956-AA3B-07BBE495A136} = {49943FD0-5B4A-3956-AA3B-07BBE495A136}
		{54E6CCE0-44E1-3746-BA09-3C683F8851A8} = {54E6CCE0-44E1-3746-BA09-3C683F8851A8}
		{DD810424-7F09-3132-9A77-35FCBCBAAC56} = {DD810424-7F09-3132-9A77-35FCBCBAAC56}
		{67AB5E7F-2BA1-38F5-B845-3D2376983E41} = {67AB5E7F-2BA1-38F5-B845-3D2376983E41}
		{0ADE9E10-B405-39F0-99E7-5E25F06AC45E} = {0ADE9E10-B405-39F0-99E7-5E25F06AC45E}
		{F382E671-B3D6-367F-8231-7F0720D03090} = {F382E671-B3D6-367F-8231-7F0720D03090}
		{4587724A-0B92-3EAF-8D18-107FB2138B0F} = {4587724A-0B92-3EAF-8D18-107FB2138B0F}
		{497D7FB2-E02C-3F55-9FE0-F2495EF6910E} = {497D7FB2-E02C-3F55-9FE0-F2495EF6910E}
		{D6199C45-3712-3310-94CA-A8E7934FDD7C} = {D6199C45-3712-3310-94CA-A8E7934FDD7C}
		{3A94D717-54E6-3C06-86FA-1C9F118541E7} = {3A94D717-54E6-3C06-86FA-1C9F118541E7}
		{263EF82A-759A-35F0-988A-45930B42E676} = {263EF82A-759A-35F0-988A-45930B42E676}
	EndProjectSection
EndProject
Project("{8BC9CEB8-8B4A-11D0-8D11-00A0C91BC942}") = "SnippetNestedScene", "SnippetNestedScene.vcxproj", "{4E157063-251D-30CE-95B7-F7DBD4BD55C2}"
	ProjectSection(ProjectDependencies) = postProject
		{49943FD0-5B4A-3956-AA3B-07BBE495A136} = {49943FD0-5B4A-3956-AA3B-07BBE495A136}
		{54E6CCE0-44E1-3746-BA09-3C683F8851A8} = {54E6CCE0-44E1-3746-BA09-3C683F8851A8}
		{DD810424-7F09-3132-9A77-35FCBCBAAC56} = {DD810424-7F09-3132-9A77-35FCBCBAAC56}
		{67AB5E7F-2BA1-38F5-B845-3D2376983E41} = {67AB5E7F-2BA1-38F5-B845-3D2376983E41}
		{0ADE9E10-B405-39F0-99E7-5E25F06AC45E} = {0ADE9E10-B405-39F0-99E7-5E25F06AC45E}
		{F382E671-B3D6-367F-8231-7F0720D03090} = {F382E671-B3D6-367F-8231-7F0720D03090}
		{4587724A-0B92-3EAF-8D18-107FB2138B0F} = {4587724A-0B92-3EAF-8D18-107FB2138B0F}
		{4A8BDEB0-2C69-322E-89D2-33179ACFFEC2} = {4A8BDEB0-2C69-322E-89D2-33179ACFFEC2}
		{497D7FB2-E02C-3F55-9FE0-F2495EF6910E} = {497D7FB2-E02C-3F55-9FE0-F2495EF6910E}
		{D6199C45-3712-3310-94CA-A8E7934FDD7C} = {D6199C45-3712-3310-94CA-A8E7934FDD7C}
		{3A94D717-54E6-3C06-86FA-1C9F118541E7} = {3A94D717-54E6-3C06-86FA-1C9F118541E7}
		{263EF82A-759A-35F0-988A-45930B42E676} = {263EF82A-759A-35F0-988A-45930B42E676}
	EndProjectSection
EndProject
Project("{8BC9CEB8-8B4A-11D0-8D11-00A0C91BC942}") = "SnippetPrunerSerialization", "SnippetPrunerSerialization.vcxproj", "{66A857EB-E486-3255-BC30-86FE09E7B3AB}"
	ProjectSection(ProjectDependencies) = postProject
		{49943FD0-5B4A-3956-AA3B-07BBE495A136} = {49943FD0-5B4A-3956-AA3B-07BBE495A136}
		{54E6CCE0-44E1-3746-BA09-3C683F8851A8} = {54E6CCE0-44E1-3746-BA09-3C683F8851A8}
		{DD810424-7F09-3132-9A77-35FCBCBAAC56} = {DD810424-7F09-3132-9A77-35FCBCBAAC56}
		{67AB5E7F-2BA1-38F5-B845-3D2376983E41} = {67AB5E7F-2BA1-38F5-B845-3D2376983E41}
		{0ADE9E10-B405-39F0-99E7-5E25F06AC45E} = {0ADE9E10-B405-39F0-99E7-5E25F06AC45E}
		{F382E671-B3D6-367F-8231-7F0720D03090} = {F382E671-B3D6-367F-8231-7F0720D03090}
		{4587724A-0B92-3EAF-8D18-107FB2138B0F} = {4587724A-0B92-3EAF-8D18-107FB2138B0F}
		{497D7FB2-E02C-3F55-9FE0-F2495EF6910E} = {497D7FB2-E02C-3F55-9FE0-F2495EF6910E}
		{D6199C45-3712-3310-94CA-A8E7934FDD7C} = {D6199C45-3712-3310-94CA-A8E7934FDD7C}
		{3A94D717-54E6-3C06-86FA-1C9F118541E7} = {3A94D717-54E6-3C06-86FA-1C9F118541E7}
		{263EF82A-759A-35F0-988A-45930B42E676} = {263EF82A-759A-35F0-988A-45930B42E676}
	EndProjectSection
EndProject
Project("{8BC9CEB8-8B4A-11D0-8D11-00A0C91BC942}") = "SnippetRaycastCCD", "SnippetRaycastCCD.vcxproj", "{A79D0904-CA78-3032-90E8-A6AF7B9B0F5D}"
	ProjectSection(ProjectDependencies) = postProject
		{49943FD0-5B4A-3956-AA3B-07BBE495A136} = {49943FD0-5B4A-3956-AA3B-07BBE495A136}
		{54E6CCE0-44E1-3746-BA09-3C683F8851A8} = {54E6CCE0-44E1-3746-BA09-3C683F8851A8}
		{DD810424-7F09-3132-9A77-35FCBCBAAC56} = {DD810424-7F09-3132-9A77-35FCBCBAAC56}
		{67AB5E7F-2BA1-38F5-B845-3D2376983E41} = {67AB5E7F-2BA1-38F5-B845-3D2376983E41}
		{0ADE9E10-B405-39F0-99E7-5E25F06AC45E} = {0ADE9E10-B405-39F0-99E7-5E25F06AC45E}
		{F382E671-B3D6-367F-8231-7F0720D03090} = {F382E671-B3D6-367F-8231-7F0720D03090}
		{4587724A-0B92-3EAF-8D18-107FB2138B0F} = {4587724A-0B92-3EAF-8D18-107FB2138B0F}
		{497D7FB2-E02C-3F55-9FE0-F2495EF6910E} = {497D7FB2-E02C-3F55-9FE0-F2495EF6910E}
		{D6199C45-3712-3310-94CA-A8E7934FDD7C} = {D6199C45-3712-3310-94CA-A8E7934FDD7C}
		{3A94D717-54E6-3C06-86FA-1C9F118541E7} = {3A94D717-54E6-3C06-86FA-1C9F118541E7}
		{263EF82A-759A-35F0-988A-45930B42E676} = {263EF82A-759A-35F0-988A-45930B42E676}
	EndProjectSection
EndProject
Project("{8BC9CEB8-8B4A-11D0-8D11-00A0C91BC942}") = "SnippetRender", "SnippetRender.vcxproj", "{D6199C45-3712-3310-94CA-A8E7934FDD7C}"
	ProjectSection(ProjectDependencies) = postProject
		{F382E671-B3D6-367F-8231-7F0720D03090} = {F382E671-B3D6-367F-8231-7F0720D03090}
		{263EF82A-759A-35F0-988A-45930B42E676} = {263EF82A-759A-35F0-988A-45930B42E676}
	EndProjectSection
EndProject
Project("{8BC9CEB8-8B4A-11D0-8D11-00A0C91BC942}") = "SnippetSerialization", "SnippetSerialization.vcxproj", "{7872D0EB-93FA-3B14-9C30-16B193597494}"
	ProjectSection(ProjectDependencies) = postProject
		{49943FD0-5B4A-3956-AA3B-07BBE495A136} = {49943FD0-5B4A-3956-AA3B-07BBE495A136}
		{54E6CCE0-44E1-3746-BA09-3C683F8851A8} = {54E6CCE0-44E1-3746-BA09-3C683F8851A8}
		{DD810424-7F09-3132-9A77-35FCBCBAAC56} = {DD810424-7F09-3132-9A77-35FCBCBAAC56}
		{67AB5E7F-2BA1-38F5-B845-3D2376983E41} = {67AB5E7F-2BA1-38F5-B845-3D2376983E41}
		{0ADE9E10-B405-39F0-99E7-5E25F06AC45E} = {0ADE9E10-B405-39F0-99E7-5E25F06AC45E}
		{F382E671-B3D6-367F-8231-7F0720D03090} = {F382E671-B3D6-367F-8231-7F0720D03090}
		{4587724A-0B92-3EAF-8D18-107FB2138B0F} = {4587724A-0B92-3EAF-8D18-107FB2138B0F}
		{497D7FB2-E02C-3F55-9FE0-F2495EF6910E} = {497D7FB2-E02C-3F55-9FE0-F2495EF6910E}
		{D6199C45-3712-3310-94CA-A8E7934FDD7C} = {D6199C45-3712-3310-94CA-A8E7934FDD7C}
		{3A94D717-54E6-3C06-86FA-1C9F118541E7} = {3A94D717-54E6-3C06-86FA-1C9F118541E7}
		{263EF82A-759A-35F0-988A-45930B42E676} = {263EF82A-759A-35F0-988A-45930B42E676}
	EndProjectSection
EndProject
Project("{8BC9CEB8-8B4A-11D0-8D11-00A0C91BC942}") = "SnippetSplitFetchResults", "SnippetSplitFetchResults.vcxproj", "{222AB3EE-E8C6-3926-8B87-C7EDC47F7664}"
	ProjectSection(ProjectDependencies) = postProject
		{49943FD0-5B4A-3956-AA3B-07BBE495A136} = {49943FD0-5B4A-3956-AA3B-07BBE495A136}
		{54E6CCE0-44E1-3746-BA09-3C683F8851A8} = {54E6CCE0-44E1-3746-BA09-3C683F8851A8}
		{DD810424-7F09-3132-9A77-35FCBCBAAC56} = {DD810424-7F09-3132-9A77-35FCBCBAAC56}
		{67AB5E7F-2BA1-38F5-B845-3D2376983E41} = {67AB5E7F-2BA1-38F5-B845-3D2376983E41}
		{0ADE9E10-B405-39F0-99E7-5E25F06AC45E} = {0ADE9E10-B405-39F0-99E7-5E25F06AC45E}
		{F382E671-B3D6-367F-8231-7F0720D03090} = {F382E671-B3D6-367F-8231-7F0720D03090}
		{4587724A-0B92-3EAF-8D18-107FB2138B0F} = {4587724A-0B92-3EAF-8D18-107FB2138B0F}
		{497D7FB2-E02C-3F55-9FE0-F2495EF6910E} = {497D7FB2-E02C-3F55-9FE0-F2495EF6910E}
		{D6199C45-3712-3310-94CA-A8E7934FDD7C} = {D6199C45-3712-3310-94CA-A8E7934FDD7C}
		{3A94D717-54E6-3C06-86FA-1C9F118541E7} = {3A94D717-54E6-3C06-86FA-1C9F118541E7}
		{263EF82A-759A-35F0-988A-45930B42E676} = {263EF82A-759A-35F0-988A-45930B42E676}
	EndProjectSection
EndProject
Project("{8BC9CEB8-8B4A-11D0-8D11-00A0C91BC942}") = "SnippetSplitSim", "SnippetSplitSim.vcxproj", "{FB0443FC-B54D-3641-A118-C44C7E43FD8B}"
	ProjectSection(ProjectDependencies) = postProject
		{49943FD0-5B4A-3956-AA3B-07BBE495A136} = {49943FD0-5B4A-3956-AA3B-07BBE495A136}
		{54E6CCE0-44E1-3746-BA09-3C683F8851A8} = {54E6CCE0-44E1-3746-BA09-3C683F8851A8}
		{DD810424-7F09-3132-9A77-35FCBCBAAC56} = {DD810424-7F09-3132-9A77-35FCBCBAAC56}
		{67AB5E7F-2BA1-38F5-B845-3D2376983E41} = {67AB5E7F-2BA1-38F5-B845-3D2376983E41}
		{0ADE9E10-B405-39F0-99E7-5E25F06AC45E} = {0ADE9E10-B405-39F0-99E7-5E25F06AC45E}
		{F382E671-B3D6-367F-8231-7F0720D03090} = {F382E671-B3D6-367F-8231-7F0720D03090}
		{4587724A-0B92-3EAF-8D18-107FB2138B0F} = {4587724A-0B92-3EAF-8D18-107FB2138B0F}
		{497D7FB2-E02C-3F55-9FE0-F2495EF6910E} = {497D7FB2-E02C-3F55-9FE0-F2495EF6910E}
		{D6199C45-3712-3310-94CA-A8E7934FDD7C} = {D6199C45-3712-3310-94CA-A8E7934FDD7C}
		{3A94D717-54E6-3C06-86FA-1C9F118541E7} = {3A94D717-54E6-3C06-86FA-1C9F118541E7}
		{263EF82A-759A-35F0-988A-45930B42E676} = {263EF82A-759A-35F0-988A-45930B42E676}
	EndProjectSection
EndProject
Project("{8BC9CEB8-8B4A-11D0-8D11-00A0C91BC942}") = "SnippetStepper", "SnippetStepper.vcxproj", "{D13B0EB8-AAC9-39ED-9603-E708F08B419B}"
	ProjectSection(ProjectDependencies) = postProject
		{49943FD0-5B4A-3956-AA3B-07BBE495A136} = {49943FD0-5B4A-3956-AA3B-07BBE495A136}
		{54E6CCE0-44E1-3746-BA09-3C683F8851A8} = {54E6CCE0-44E1-3746-BA09-3C683F8851A8}
		{DD810424-7F09-3132-9A77-35FCBCBAAC56} = {DD810424-7F09-3132-9A77-35FCBCBAAC56}
		{67AB5E7F-2BA1-38F5-B845-3D2376983E41} = {67AB5E7F-2BA1-38F5-B845-3D2376983E41}
		{0ADE9E10-B405-39F0-99E7-5E25F06AC45E} = {0ADE9E10-B405-39F0-99E7-5E25F06AC45E}
		{F382E671-B3D6-367F-8231-7F0720D03090} = {F382E671-B3D6-367F-8231-7F0720D03090}
		{4587724A-0B92-3EAF-8D18-107FB2138B0F} = {4587724A-0B92-3EAF-8D18-107FB2138B0F}
		{497D7FB2-E02C-3F55-9FE0-F2495EF6910E} = {497D7FB2-E02C-3F55-9FE0-F2495EF6910E}
		{D6199C45-3712-3310-94CA-A8E7934FDD7C} = {D6199C45-3712-3310-94CA-A8E7934FDD7C}
		{3A94D717-54E6-3C06-86FA-1C9F118541E7} = {3A94D717-54E6-3C06-86FA-1C9F118541E7}
		{263EF82A-759A-35F0-988A-45930B42E676} = {263EF82A-759A-35F0-988A-45930B42E676}
	EndProjectSection
EndProject
Project("{8BC9CEB8-8B4A-11D0-8D11-00A0C91BC942}") = "SnippetToleranceScale", "SnippetToleranceScale.vcxproj", "{9A0F5BFD-5AF2-38DD-BB10-DCDAE068541A}"
	ProjectSection(ProjectDependencies) = postProject
		{49943FD0-5B4A-3956-AA3B-07BBE495A136} = {49943FD0-5B4A-3956-AA3B-07BBE495A136}
		{54E6CCE0-44E1-3746-BA09-3C683F8851A8} = {54E6CCE0-44E1-3746-BA09-3C683F8851A8}
		{DD810424-7F09-3132-9A77-35FCBCBAAC56} = {DD810424-7F09-3132-9A77-35FCBCBAAC56}
		{67AB5E7F-2BA1-38F5-B845-3D2376983E41} = {67AB5E7F-2BA1-38F5-B845-3D2376983E41}
		{0ADE9E10-B405-39F0-99E7-5E25F06AC45E} = {0ADE9E10-B405-39F0-99E7-5E25F06AC45E}
		{F382E671-B3D6-367F-8231-7F0720D03090} = {F382E671-B3D6-367F-8231-7F0720D03090}
		{4587724A-0B92-3EAF-8D18-107FB2138B0F} = {4587724A-0B92-3EAF-8D18-107FB2138B0F}
		{497D7FB2-E02C-3F55-9FE0-F2495EF6910E} = {497D7FB2-E02C-3F55-9FE0-F2495EF6910E}
		{D6199C45-3712-3310-94CA-A8E7934FDD7C} = {D6199C45-3712-3310-94CA-A8E7934FDD7C}
		{3A94D717-54E6-3C06-86FA-1C9F118541E7} = {3A94D717-54E6-3C06-86FA-1C9F118541E7}
		{263EF82A-759A-35F0-988A-45930B42E676} = {263EF82A-759A-35F0-988A-45930B42E676}
	EndProjectSection
EndProject
Project("{8BC9CEB8-8B4A-11D0-8D11-00A0C91BC942}") = "SnippetTriangleMeshCreate", "SnippetTriangleMeshCreate.vcxproj", "{E45D522B-DE0B-3DA6-A5DF-669548929D10}"
	ProjectSection(ProjectDependencies) = postProject
		{49943FD0-5B4A-3956-AA3B-07BBE495A136} = {49943FD0-5B4A-3956-AA3B-07BBE495A136}
		{54E6CCE0-44E1-3746-BA09-3C683F8851A8} = {54E6CCE0-44E1-3746-BA09-3C683F8851A8}
		{DD810424-7F09-3132-9A77-35FCBCBAAC56} = {DD810424-7F09-3132-9A77-35FCBCBAAC56}
		{67AB5E7F-2BA1-38F5-B845-3D2376983E41} = {67AB5E7F-2BA1-38F5-B845-3D2376983E41}
		{0ADE9E10-B405-39F0-99E7-5E25F06AC45E} = {0ADE9E10-B405-39F0-99E7-5E25F06AC45E}
		{F382E671-B3D6-367F-8231-7F0720D03090} = {F382E671-B3D6-367F-8231-7F0720D03090}
		{4587724A-0B92-3EAF-8D18-107FB2138B0F} = {4587724A-0B92-3EAF-8D18-107FB2138B0F}
		{497D7FB2-E02C-3F55-9FE0-F2495EF6910E} = {497D7FB2-E02C-3F55-9FE0-F2495EF6910E}
		{D6199C45-3712-3310-94CA-A8E7934FDD7C} = {D6199C45-3712-3310-94CA-A8E7934FDD7C}
		{3A94D717-54E6-3C06-86FA-1C9F118541E7} = {3A94D717-54E6-3C06-86FA-1C9F118541E7}
		{263EF82A-759A-35F0-988A-45930B42E676} = {263EF82A-759A-35F0-988A-45930B42E676}
	EndProjectSection
EndProject
Project("{8BC9CEB8-8B4A-11D0-8D11-00A0C91BC942}") = "SnippetUtils", "SnippetUtils.vcxproj", "{3A94D717-54E6-3C06-86FA-1C9F118541E7}"
	ProjectSection(ProjectDependencies) = postProject
		{F382E671-B3D6-367F-8231-7F0720D03090} = {F382E671-B3D6-367F-8231-7F0720D03090}
		{263EF82A-759A-35F0-988A-45930B42E676} = {263EF82A-759A-35F0-988A-45930B42E676}
	EndProjectSection
EndProject
Project("{8BC9CEB8-8B4A-11D0-8D11-00A0C91BC942}") = "SnippetVehicle4W", "SnippetVehicle4W.vcxproj", "{2297566B-ED88-35BF-8C6F-9B7939B0F322}"
	ProjectSection(ProjectDependencies) = postProject
		{49943FD0-5B4A-3956-AA3B-07BBE495A136} = {49943FD0-5B4A-3956-AA3B-07BBE495A136}
		{54E6CCE0-44E1-3746-BA09-3C683F8851A8} = {54E6CCE0-44E1-3746-BA09-3C683F8851A8}
		{DD810424-7F09-3132-9A77-35FCBCBAAC56} = {DD810424-7F09-3132-9A77-35FCBCBAAC56}
		{67AB5E7F-2BA1-38F5-B845-3D2376983E41} = {67AB5E7F-2BA1-38F5-B845-3D2376983E41}
		{0ADE9E10-B405-39F0-99E7-5E25F06AC45E} = {0ADE9E10-B405-39F0-99E7-5E25F06AC45E}
		{F382E671-B3D6-367F-8231-7F0720D03090} = {F382E671-B3D6-367F-8231-7F0720D03090}
		{4587724A-0B92-3EAF-8D18-107FB2138B0F} = {4587724A-0B92-3EAF-8D18-107FB2138B0F}
		{4A8BDEB0-2C69-322E-89D2-33179ACFFEC2} = {4A8BDEB0-2C69-322E-89D2-33179ACFFEC2}
		{497D7FB2-E02C-3F55-9FE0-F2495EF6910E} = {497D7FB2-E02C-3F55-9FE0-F2495EF6910E}
		{D6199C45-3712-3310-94CA-A8E7934FDD7C} = {D6199C45-3712-3310-94CA-A8E7934FDD7C}
		{3A94D717-54E6-3C06-86FA-1C9F118541E7} = {3A94D717-54E6-3C06-86FA-1C9F118541E7}
		{263EF82A-759A-35F0-988A-45930B42E676} = {263EF82A-759A-35F0-988A-45930B42E676}
	EndProjectSection
EndProject
Project("{8BC9CEB8-8B4A-11D0-8D11-00A0C91BC942}") = "SnippetVehicleContactMod", "SnippetVehicleContactMod.vcxproj", "{388613A4-E013-3C69-B066-BFC0AE362533}"
	ProjectSection(ProjectDependencies) = postProject
		{49943FD0-5B4A-3956-AA3B-07BBE495A136} = {49943FD0-5B4A-3956-AA3B-07BBE495A136}
		{54E6CCE0-44E1-3746-BA09-3C683F8851A8} = {54E6CCE0-44E1-3746-BA09-3C683F8851A8}
		{DD810424-7F09-3132-9A77-35FCBCBAAC56} = {DD810424-7F09-3132-9A77-35FCBCBAAC56}
		{67AB5E7F-2BA1-38F5-B845-3D2376983E41} = {67AB5E7F-2BA1-38F5-B845-3D2376983E41}
		{0ADE9E10-B405-39F0-99E7-5E25F06AC45E} = {0ADE9E10-B405-39F0-99E7-5E25F06AC45E}
		{F382E671-B3D6-367F-8231-7F0720D03090} = {F382E671-B3D6-367F-8231-7F0720D03090}
		{4587724A-0B92-3EAF-8D18-107FB2138B0F} = {4587724A-0B92-3EAF-8D18-107FB2138B0F}
		{4A8BDEB0-2C69-322E-89D2-33179ACFFEC2} = {4A8BDEB0-2C69-322E-89D2-33179ACFFEC2}
		{497D7FB2-E02C-3F55-9FE0-F2495EF6910E} = {497D7FB2-E02C-3F55-9FE0-F2495EF6910E}
		{D6199C45-3712-3310-94CA-A8E7934FDD7C} = {D6199C45-3712-3310-94CA-A8E7934FDD7C}
		{3A94D717-54E6-3C06-86FA-1C9F118541E7} = {3A94D717-54E6-3C06-86FA-1C9F118541E7}
		{263EF82A-759A-35F0-988A-45930B42E676} = {263EF82A-759A-35F0-988A-45930B42E676}
	EndProjectSection
EndProject
Project("{8BC9CEB8-8B4A-11D0-8D11-00A0C91BC942}") = "SnippetVehicleMultiThreading", "SnippetVehicleMultiThreading.vcxproj", "{77B1C437-CAAF-3041-AF2F-7EB02B30BC75}"
	ProjectSection(ProjectDependencies) = postProject
		{49943FD0-5B4A-3956-AA3B-07BBE495A136} = {49943FD0-5B4A-3956-AA3B-07BBE495A136}
		{54E6CCE0-44E1-3746-BA09-3C683F8851A8} = {54E6CCE0-44E1-3746-BA09-3C683F8851A8}
		{DD810424-7F09-3132-9A77-35FCBCBAAC56} = {DD810424-7F09-3132-9A77-35FCBCBAAC56}
		{67AB5E7F-2BA1-38F5-B845-3D2376983E41} = {67AB5E7F-2BA1-38F5-B845-3D2376983E41}
		{0ADE9E10-B405-39F0-99E7-5E25F06AC45E} = {0ADE9E10-B405-39F0-99E7-5E25F06AC45E}
		{F382E671-B3D6-367F-8231-7F0720D03090} = {F382E671-B3D6-367F-8231-7F0720D03090}
		{4587724A-0B92-3EAF-8D18-107FB2138B0F} = {4587724A-0B92-3EAF-8D18-107FB2138B0F}
		{4A8BDEB0-2C69-322E-89D2-33179ACFFEC2} = {4A8BDEB0-2C69-322E-89D2-33179ACFFEC2}
		{497D7FB2-E02C-3F55-9FE0-F2495EF6910E} = {497D7FB2-E02C-3F55-9FE0-F2495EF6910E}
		{D6199C45-3712-3310-94CA-A8E7934FDD7C} = {D6199C45-3712-3310-94CA-A8E7934FDD7C}
		{3A94D717-54E6-3C06-86FA-1C9F118541E7} = {3A94D717-54E6-3C06-86FA-1C9F118541E7}
		{263EF82A-759A-35F0-988A-45930B42E676} = {263EF82A-759A-35F0-988A-45930B42E676}
	EndProjectSection
EndProject
Project("{8BC9CEB8-8B4A-11D0-8D11-00A0C91BC942}") = "SnippetVehicleNoDrive", "SnippetVehicleNoDrive.vcxproj", "{A9A62681-5689-324A-B29A-E8D366FB3BF9}"
	ProjectSection(ProjectDependencies) = postProject
		{49943FD0-5B4A-3956-AA3B-07BBE495A136} = {49943FD0-5B4A-3956-AA3B-07BBE495A136}
		{54E6CCE0-44E1-3746-BA09-3C683F8851A8} = {54E6CCE0-44E1-3746-BA09-3C683F8851A8}
		{DD810424-7F09-3132-9A77-35FCBCBAAC56} = {DD810424-7F09-3132-9A77-35FCBCBAAC56}
		{67AB5E7F-2BA1-38F5-B845-3D2376983E41} = {67AB5E7F-2BA1-38F5-B845-3D2376983E41}
		{0ADE9E10-B405-39F0-99E7-5E25F06AC45E} = {0ADE9E10-B405-39F0-99E7-5E25F06AC45E}
		{F382E671-B3D6-367F-8231-7F0720D03090} = {F382E671-B3D6-367F-8231-7F0720D03090}
		{4587724A-0B92-3EAF-8D18-107FB2138B0F} = {4587724A-0B92-3EAF-8D18-107FB2138B0F}
		{4A8BDEB0-2C69-322E-89D2-33179ACFFEC2} = {4A8BDEB0-2C69-322E-89D2-33179ACFFEC2}
		{497D7FB2-E02C-3F55-9FE0-F2495EF6910E} = {497D7FB2-E02C-3F55-9FE0-F2495EF6910E}
		{D6199C45-3712-3310-94CA-A8E7934FDD7C} = {D6199C45-3712-3310-94CA-A8E7934FDD7C}
		{3A94D717-54E6-3C06-86FA-1C9F118541E7} = {3A94D717-54E6-3C06-86FA-1C9F118541E7}
		{263EF82A-759A-35F0-988A-45930B42E676} = {263EF82A-759A-35F0-988A-45930B42E676}
	EndProjectSection
EndProject
Project("{8BC9CEB8-8B4A-11D0-8D11-00A0C91BC942}") = "SnippetVehicleScale", "SnippetVehicleScale.vcxproj", "{56D20E2F-CB8A-309A-BD79-5EF0B45310BC}"
	ProjectSection(ProjectDependencies) = postProject
		{49943FD0-5B4A-3956-AA3B-07BBE495A136} = {49943FD0-5B4A-3956-AA3B-07BBE495A136}
		{54E6CCE0-44E1-3746-BA09-3C683F8851A8} = {54E6CCE0-44E1-3746-BA09-3C683F8851A8}
		{DD810424-7F09-3132-9A77-35FCBCBAAC56} = {DD810424-7F09-3132-9A77-35FCBCBAAC56}
		{67AB5E7F-2BA1-38F5-B845-3D2376983E41} = {67AB5E7F-2BA1-38F5-B845-3D2376983E41}
		{0ADE9E10-B405-39F0-99E7-5E25F06AC45E} = {0ADE9E10-B405-39F0-99E7-5E25F06AC45E}
		{F382E671-B3D6-367F-8231-7F0720D03090} = {F382E671-B3D6-367F-8231-7F0720D03090}
		{4587724A-0B92-3EAF-8D18-107FB2138B0F} = {4587724A-0B92-3EAF-8D18-107FB2138B0F}
		{4A8BDEB0-2C69-322E-89D2-33179ACFFEC2} = {4A8BDEB0-2C69-322E-89D2-33179ACFFEC2}
		{497D7FB2-E02C-3F55-9FE0-F2495EF6910E} = {497D7FB2-E02C-3F55-9FE0-F2495EF6910E}
		{D6199C45-3712-3310-94CA-A8E7934FDD7C} = {D6199C45-3712-3310-94CA-A8E7934FDD7C}
		{3A94D717-54E6-3C06-86FA-1C9F118541E7} = {3A94D717-54E6-3C06-86FA-1C9F118541E7}
		{263EF82A-759A-35F0-988A-45930B42E676} = {263EF82A-759A-35F0-988A-45930B42E676}
	EndProjectSection
EndProject
Project("{8BC9CEB8-8B4A-11D0-8D11-00A0C91BC942}") = "SnippetVehicleTank", "SnippetVehicleTank.vcxproj", "{3436E570-E04C-3F5F-86AD-B39B0E359B02}"
	ProjectSection(ProjectDependencies) = postProject
		{49943FD0-5B4A-3956-AA3B-07BBE495A136} = {49943FD0-5B4A-3956-AA3B-07BBE495A136}
		{54E6CCE0-44E1-3746-BA09-3C683F8851A8} = {54E6CCE0-44E1-3746-BA09-3C683F8851A8}
		{DD810424-7F09-3132-9A77-35FCBCBAAC56} = {DD810424-7F09-3132-9A77-35FCBCBAAC56}
		{67AB5E7F-2BA1-38F5-B845-3D2376983E41} = {67AB5E7F-2BA1-38F5-B845-3D2376983E41}
		{0ADE9E10-B405-39F0-99E7-5E25F06AC45E} = {0ADE9E10-B405-39F0-99E7-5E25F06AC45E}
		{F382E671-B3D6-367F-8231-7F0720D03090} = {F382E671-B3D6-367F-8231-7F0720D03090}
		{4587724A-0B92-3EAF-8D18-107FB2138B0F} = {4587724A-0B92-3EAF-8D18-107FB2138B0F}
		{4A8BDEB0-2C69-322E-89D2-33179ACFFEC2} = {4A8BDEB0-2C69-322E-89D2-33179ACFFEC2}
		{497D7FB2-E02C-3F55-9FE0-F2495EF6910E} = {497D7FB2-E02C-3F55-9FE0-F2495EF6910E}
		{D6199C45-3712-3310-94CA-A8E7934FDD7C} = {D6199C45-3712-3310-94CA-A8E7934FDD7C}
		{3A94D717-54E6-3C06-86FA-1C9F118541E7} = {3A94D717-54E6-3C06-86FA-1C9F118541E7}
		{263EF82A-759A-35F0-988A-45930B42E676} = {263EF82A-759A-35F0-988A-45930B42E676}
	EndProjectSection
EndProject
Project("{8BC9CEB8-8B4A-11D0-8D11-00A0C91BC942}") = "ZERO_CHECK", "..\\ZERO_CHECK.vcxproj", "{263EF82A-759A-35F0-988A-45930B42E676}"
	ProjectSection(ProjectDependencies) = postProject
	EndProjectSection
EndProject
Global
	GlobalSection(SolutionConfigurationPlatforms) = preSolution
		debug|x64 = debug|x64
		checked|x64 = checked|x64
		profile|x64 = profile|x64
		release|x64 = release|x64
	EndGlobalSection
	GlobalSection(ProjectConfigurationPlatforms) = postSolution
		{68A5F5D1-D82A-3315-9916-0C2648A57D97}.debug|x64.ActiveCfg = debug|x64
		{68A5F5D1-D82A-3315-9916-0C2648A57D97}.debug|x64.Build.0 = debug|x64
		{68A5F5D1-D82A-3315-9916-0C2648A57D97}.checked|x64.ActiveCfg = checked|x64
		{68A5F5D1-D82A-3315-9916-0C2648A57D97}.checked|x64.Build.0 = checked|x64
		{68A5F5D1-D82A-3315-9916-0C2648A57D97}.profile|x64.ActiveCfg = profile|x64
		{68A5F5D1-D82A-3315-9916-0C2648A57D97}.profile|x64.Build.0 = profile|x64
		{68A5F5D1-D82A-3315-9916-0C2648A57D97}.release|x64.ActiveCfg = release|x64
		{68A5F5D1-D82A-3315-9916-0C2648A57D97}.release|x64.Build.0 = release|x64
		{BAD0B39D-73DF-38ED-A8B0-9B7AD5466428}.debug|x64.ActiveCfg = debug|x64
		{BAD0B39D-73DF-38ED-A8B0-9B7AD5466428}.debug|x64.Build.0 = debug|x64
		{BAD0B39D-73DF-38ED-A8B0-9B7AD5466428}.checked|x64.ActiveCfg = checked|x64
		{BAD0B39D-73DF-38ED-A8B0-9B7AD5466428}.checked|x64.Build.0 = checked|x64
		{BAD0B39D-73DF-38ED-A8B0-9B7AD5466428}.profile|x64.ActiveCfg = profile|x64
		{BAD0B39D-73DF-38ED-A8B0-9B7AD5466428}.profile|x64.Build.0 = profile|x64
		{BAD0B39D-73DF-38ED-A8B0-9B7AD5466428}.release|x64.ActiveCfg = release|x64
		{BAD0B39D-73DF-38ED-A8B0-9B7AD5466428}.release|x64.Build.0 = release|x64
		{6298C785-53FF-32B0-A5FF-F8F3AE74BCB4}.debug|x64.ActiveCfg = debug|x64
		{6298C785-53FF-32B0-A5FF-F8F3AE74BCB4}.checked|x64.ActiveCfg = checked|x64
		{6298C785-53FF-32B0-A5FF-F8F3AE74BCB4}.profile|x64.ActiveCfg = profile|x64
		{6298C785-53FF-32B0-A5FF-F8F3AE74BCB4}.release|x64.ActiveCfg = release|x64
		{C5C4BC8C-38BD-358D-A3DC-B3C5C377C855}.debug|x64.ActiveCfg = debug|x64
		{C5C4BC8C-38BD-358D-A3DC-B3C5C377C855}.debug|x64.Build.0 = debug|x64
		{C5C4BC8C-38BD-358D-A3DC-B3C5C377C855}.checked|x64.ActiveCfg = checked|x64
		{C5C4BC8C-38BD-358D-A3DC-B3C5C377C855}.checked|x64.Build.0 = checked|x64
		{C5C4BC8C-38BD-358D-A3DC-B3C5C377C855}.profile|x64.ActiveCfg = profile|x64
		{C5C4BC8C-38BD-358D-A3DC-B3C5C377C855}.profile|x64.Build.0 = profile|x64
		{C5C4BC8C-38BD-358D-A3DC-B3C5C377C855}.release|x64.ActiveCfg = release|x64
		{C5C4BC8C-38BD-358D-A3DC-B3C5C377C855}.release|x64.Build.0 = release|x64
		{22DB972C-D896-3848-A77B-286E829B908C}.debug|x64.ActiveCfg = debug|x64
		{22DB972C-D896-3848-A77B-286E829B908C}.debug|x64.Build.0 = debug|x64
		{22DB972C-D896-3848-A77B-286E829B908C}.checked|x64.ActiveCfg = checked|x64
		{22DB972C-D896-3848-A77B-286E829B908C}.checked|x64.Build.0 = checked|x64
		{22DB972C-D896-3848-A77B-286E829B908C}.profile|x64.ActiveCfg = profile|x64
		{22DB972C-D896-3848-A77B-286E829B908C}.profile|x64.Build.0 = profile|x64
		{22DB972C-D896-3848-A77B-286E829B908C}.release|x64.ActiveCfg = release|x64
		{22DB972C-D896-3848-A77B-286E829B908C}.release|x64.Build.0 = release|x64
		{21E8A5D5-AFEA-3455-BC9F-5042D438DF33}.debug|x64.ActiveCfg = debug|x64
		{21E8A5D5-AFEA-3455-BC9F-5042D438DF33}.debug|x64.Build.0 = debug|x64
		{21E8A5D5-AFEA-3455-BC9F-5042D438DF33}.checked|x64.ActiveCfg = checked|x64
		{21E8A5D5-AFEA-3455-BC9F-5042D438DF33}.checked|x64.Build.0 = checked|x64
		{21E8A5D5-AFEA-3455-BC9F-5042D438DF33}.profile|x64.ActiveCfg = profile|x64
		{21E8A5D5-AFEA-3455-BC9F-5042D438DF33}.profile|x64.Build.0 = profile|x64
		{21E8A5D5-AFEA-3455-BC9F-5042D438DF33}.release|x64.ActiveCfg = release|x64
		{21E8A5D5-AFEA-3455-BC9F-5042D438DF33}.release|x64.Build.0 = release|x64
		{49943FD0-5B4A-3956-AA3B-07BBE495A136}.debug|x64.ActiveCfg = debug|x64
		{49943FD0-5B4A-3956-AA3B-07BBE495A136}.debug|x64.Build.0 = debug|x64
		{49943FD0-5B4A-3956-AA3B-07BBE495A136}.checked|x64.ActiveCfg = checked|x64
		{49943FD0-5B4A-3956-AA3B-07BBE495A136}.checked|x64.Build.0 = checked|x64
		{49943FD0-5B4A-3956-AA3B-07BBE495A136}.profile|x64.ActiveCfg = profile|x64
		{49943FD0-5B4A-3956-AA3B-07BBE495A136}.profile|x64.Build.0 = profile|x64
		{49943FD0-5B4A-3956-AA3B-07BBE495A136}.release|x64.ActiveCfg = release|x64
		{49943FD0-5B4A-3956-AA3B-07BBE495A136}.release|x64.Build.0 = release|x64
		{54E6CCE0-44E1-3746-BA09-3C683F8851A8}.debug|x64.ActiveCfg = debug|x64
		{54E6CCE0-44E1-3746-BA09-3C683F8851A8}.debug|x64.Build.0 = debug|x64
		{54E6CCE0-44E1-3746-BA09-3C683F8851A8}.checked|x64.ActiveCfg = checked|x64
		{54E6CCE0-44E1-3746-BA09-3C683F8851A8}.checked|x64.Build.0 = checked|x64
		{54E6CCE0-44E1-3746-BA09-3C683F8851A8}.profile|x64.ActiveCfg = profile|x64
		{54E6CCE0-44E1-3746-BA09-3C683F8851A8}.profile|x64.Build.0 = profile|x64
		{54E6CCE0-44E1-3746-BA09-3C683F8851A8}.release|x64.ActiveCfg = release|x64
		{54E6CCE0-44E1-3746-BA09-3C683F8851A8}.release|x64.Build.0 = release|x64
		{DD810424-7F09-3132-9A77-35FCBCBAAC56}.debug|x64.ActiveCfg = debug|x64
		{DD810424-7F09-3132-9A77-35FCBCBAAC56}.debug|x64.Build.0 = debug|x64
		{DD810424-7F09-3132-9A77-35FCBCBAAC56}.checked|x64.ActiveCfg = checked|x64
		{DD810424-7F09-3132-9A77-35FCBCBAAC56}.checked|x64.Build.0 = checked|x64
		{DD810424-7F09-3132-9A77-35FCBCBAAC56}.profile|x64.ActiveCfg = profile|x64
		{DD810424-7F09-3132-9A77-35FCBCBAAC56}.profile|x64.Build.0 = profile|x64
		{DD810424-7F09-3132-9A77-35FCBCBAAC56}.release|x64.ActiveCfg = release|x64
		{DD810424-7F09-3132-9A77-35FCBCBAAC56}.release|x64.Build.0 = release|x64
		{67AB5E7F-2BA1-38F5-B845-3D2376983E41}.debug|x64.ActiveCfg = debug|x64
		{67AB5E7F-2BA1-38F5-B845-3D2376983E41}.debug|x64.Build.0 = debug|x64
		{67AB5E7F-2BA1-38F5-B845-3D2376983E41}.checked|x64.ActiveCfg = checked|x64
		{67AB5E7F-2BA1-38F5-B845-3D2376983E41}.checked|x64.Build.0 = checked|x64
		{67AB5E7F-2BA1-38F5-B845-3D2376983E41}.profile|x64.ActiveCfg = profile|x64
		{67AB5E7F-2BA1-38F5-B845-3D2376983E41}.profile|x64.Build.0 = profile|x64
		{67AB5E7F-2BA1-38F5-B845-3D2376983E41}.release|x64.ActiveCfg = release|x64
		{67AB5E7F-2BA1-38F5-B845-3D2376983E41}.release|x64.Build.0 = release|x64
		{0ADE9E10-B405-39F0-99E7-5E25F06AC45E}.debug|x64.ActiveCfg = debug|x64
		{0ADE9E10-B405-39F0-99E7-5E25F06AC45E}.debug|x64.Build.0 = debug|x64
		{0ADE9E10-B405-39F0-99E7-5E25F06AC45E}.checked|x64.ActiveCfg = checked|x64
		{0ADE9E10-B405-39F0-99E7-5E25F06AC45E}.checked|x64.Build.0 = checked|x64
		{0ADE9E10-B405-39F0-99E7-5E25F06AC45E}.profile|x64.ActiveCfg = profile|x64
		{0ADE9E10-B405-39F0-99E7-5E25F06AC45E}.profile|x64.Build.0 = profile|x64
		{0ADE9E10-B405-39F0-99E7-5E25F06AC45E}.release|x64.ActiveCfg = release|x64
		{0ADE9E10-B405-39F0-99E7-5E25F06AC45E}.release|x64.Build.0 = release|x64
		{F382E671-B3D6-367F-8231-7F0720D03090}.debug|x64.ActiveCfg = debug|x64
		{F382E671-B3D6-367F-8231-7F0720D03090}.debug|x64.Build.0 = debug|x64
		{F382E671-B3D6-367F-8231-7F0720D03090}.checked|x64.ActiveCfg = checked|x64
		{F382E671-B3D6-367F-8231-7F0720D03090}.checked|x64.Build.0 = checked|x64
		{F382E671-B3D6-367F-8231-7F0720D03090}.profile|x64.ActiveCfg = profile|x64
		{F382E671-B3D6-367F-8231-7F0720D03090}.profile|x64.Build.0 = profile|x64
		{F382E671-B3D6-367F-8231-7F0720D03090}.release|x64.ActiveCfg = release|x64
		{F382E671-B3D6-367F-8231-7F0720D03090}.release|x64.Build.0 = release|x64
		{4587724A-0B92-3EAF-8D18-107FB2138B0F}.debug|x64.ActiveCfg = debug|x64
		{4587724A-0B92-3EAF-8D18-107FB2138B0F}.debug|x64.Build.0 = debug|x64
		{4587724A-0B92-3EAF-8D18-107FB2138B0F}.checked|x64.ActiveCfg = checked|x64
		{4587724A-0B92-3EAF-8D18-107FB2138B0F}.checked|x64.Build.0 = checked|x64
		{4587724A-0B92-3EAF-8D18-107FB2138B0F}.profile|x64.ActiveCfg = profile|x64
		{4587724A-0B92-3EAF-8D18-107FB2138B0F}.profile|x64.Build.0 = profile|x64
		{4587724A-0B92-3EAF-8D18-107FB2138B0F}.release|x64.ActiveCfg = release|x64
		{4587724A-0B92-3EAF-8D18-107FB2138B0F}.release|x64.Build.0 = release|x64
		{4A8BDEB0-2C69-322E-89D2-33179ACFFEC2}.debug|x64.ActiveCfg = debug|x64
		{4A8BDEB0-2C69-322E-89D2-33179ACFFEC2}.debug|x64.Build.0 = debug|x64
		{4A8BDEB0-2C69-322E-89D2-33179ACFFEC2}.checked|x64.ActiveCfg = checked|x64
		{4A8BDEB0-2C69-322E-89D2-33179ACFFEC2}.checked|x64.Build.0 = checked|x64
		{4A8BDEB0-2C69-322E-89D2-33179ACFFEC2}.profile|x64.ActiveCfg = profile|x64
		{4A8BDEB0-2C69-322E-89D2-33179ACFFEC2}.profile|x64.Build.0 = profile|x64
		{4A8BDEB0-2C69-322E-89D2-33179ACFFEC2}.release|x64.ActiveCfg = release|x64
		{4A8BDEB0-2C69-322E-89D2-33179ACFFEC2}.release|x64.Build.0 = release|x64
		{497D7FB2-E02C-3F55-9FE0-F2495EF6910E}.debug|x64.ActiveCfg = debug|x64
		{497D7FB2-E02C-3F55-9FE0-F2495EF6910E}.debug|x64.Build.0 = debug|x64
		{497D7FB2-E02C-3F55-9FE0-F2495EF6910E}.checked|x64.ActiveCfg = checked|x64
		{497D7FB2-E02C-3F55-9FE0-F2495EF6910E}.checked|x64.Build.0 = checked|x64
		{497D7FB2-E02C-3F55-9FE0-F2495EF6910E}.profile|x64.ActiveCfg = profile|x64
		{497D7FB2-E02C-3F55-9FE0-F2495EF6910E}.profile|x64.Build.0 = profile|x64
		{497D7FB2-E02C-3F55-9FE0-F2495EF6910E}.release|x64.ActiveCfg = release|x64
		{497D7FB2-E02C-3F55-9FE0-F2495EF6910E}.release|x64.Build.0 = release|x64
		{6D4845B3-881D-30BF-A15C-AB3BBD361215}.debug|x64.ActiveCfg = debug|x64
		{6D4845B3-881D-30BF-A15C-AB3BBD361215}.debug|x64.Build.0 = debug|x64
		{6D4845B3-881D-30BF-A15C-AB3BBD361215}.checked|x64.ActiveCfg = checked|x64
		{6D4845B3-881D-30BF-A15C-AB3BBD361215}.checked|x64.Build.0 = checked|x64
		{6D4845B3-881D-30BF-A15C-AB3BBD361215}.profile|x64.ActiveCfg = profile|x64
		{6D4845B3-881D-30BF-A15C-AB3BBD361215}.profile|x64.Build.0 = profile|x64
		{6D4845B3-881D-30BF-A15C-AB3BBD361215}.release|x64.ActiveCfg = release|x64
		{6D4845B3-881D-30BF-A15C-AB3BBD361215}.release|x64.Build.0 = release|x64
		{C2849802-880D-3F55-9C0F-2BE87A37DE8B}.debug|x64.ActiveCfg = debug|x64
		{C2849802-880D-3F55-9C0F-2BE87A37DE8B}.debug|x64.Build.0 = debug|x64
		{C2849802-880D-3F55-9C0F-2BE87A37DE8B}.checked|x64.ActiveCfg = checked|x64
		{C2849802-880D-3F55-9C0F-2BE87A37DE8B}.checked|x64.Build.0 = checked|x64
		{C2849802-880D-3F55-9C0F-2BE87A37DE8B}.profile|x64.ActiveCfg = profile|x64
		{C2849802-880D-3F55-9C0F-2BE87A37DE8B}.profile|x64.Build.0 = profile|x64
		{C2849802-880D-3F55-9C0F-2BE87A37DE8B}.release|x64.ActiveCfg = release|x64
		{C2849802-880D-3F55-9C0F-2BE87A37DE8B}.release|x64.Build.0 = release|x64
		{4561F22B-7883-35E6-9371-5183BAC2A6DF}.debug|x64.ActiveCfg = debug|x64
		{4561F22B-7883-35E6-9371-5183BAC2A6DF}.debug|x64.Build.0 = debug|x64
		{4561F22B-7883-35E6-9371-5183BAC2A6DF}.checked|x64.ActiveCfg = checked|x64
		{4561F22B-7883-35E6-9371-5183BAC2A6DF}.checked|x64.Build.0 = checked|x64
		{4561F22B-7883-35E6-9371-5183BAC2A6DF}.profile|x64.ActiveCfg = profile|x64
		{4561F22B-7883-35E6-9371-5183BAC2A6DF}.profile|x64.Build.0 = profile|x64
		{4561F22B-7883-35E6-9371-5183BAC2A6DF}.release|x64.ActiveCfg = release|x64
		{4561F22B-7883-35E6-9371-5183BAC2A6DF}.release|x64.Build.0 = release|x64
		{B65F05EF-3E39-33C1-ADAC-C3ADD8B934D0}.debug|x64.ActiveCfg = debug|x64
		{B65F05EF-3E39-33C1-ADAC-C3ADD8B934D0}.debug|x64.Build.0 = debug|x64
		{B65F05EF-3E39-33C1-ADAC-C3ADD8B934D0}.checked|x64.ActiveCfg = checked|x64
		{B65F05EF-3E39-33C1-ADAC-C3ADD8B934D0}.checked|x64.Build.0 = checked|x64
		{B65F05EF-3E39-33C1-ADAC-C3ADD8B934D0}.profile|x64.ActiveCfg = profile|x64
		{B65F05EF-3E39-33C1-ADAC-C3ADD8B934D0}.profile|x64.Build.0 = profile|x64
		{B65F05EF-3E39-33C1-ADAC-C3ADD8B934D0}.release|x64.ActiveCfg = release|x64
		{B65F05EF-3E39-33C1-ADAC-C3ADD8B934D0}.release|x64.Build.0 = release|x64
		{4A451058-A3B2-3A2E-B5EE-1876F0859182}.debug|x64.ActiveCfg = debug|x64
		{4A451058-A3B2-3A2E-B5EE-1876F0859182}.debug|x64.Build.0 = debug|x64
		{4A451058-A3B2-3A2E-B5EE-1876F0859182}.checked|x64.ActiveCfg = checked|x64
		{4A451058-A3B2-3A2E-B5EE-1876F0859182}.checked|x64.Build.0 = checked|x64
		{4A451058-A3B2-3A2E-B5EE-1876F0859182}.profile|x64.ActiveCfg = profile|x64
		{4A451058-A3B2-3A2E-B5EE-1876F0859182}.profile|x64.Build.0 = profile|x64
		{4A451058-A3B2-3A2E-B5EE-1876F0859182}.release|x64.ActiveCfg = release|x64
		{4A451058-A3B2-3A2E-B5EE-1876F0859182}.release|x64.Build.0 = release|x64
		{868F041F-231E-3637-AC36-38BE4D6BEA42}.debug|x64.ActiveCfg = debug|x64
		{868F041F-231E-3637-AC36-38BE4D6BEA42}.debug|x64.Build.0 = debug|x64
		{868F041F-231E-3637-AC36-38BE4D6BEA42}.checked|x64.ActiveCfg = checked|x64
		{868F041F-231E-3637-AC36-38BE4D6BEA42}.checked|x64.Build.0 = checked|x64
		{868F041F-231E-3637-AC36-38BE4D6BEA42}.profile|x64.ActiveCfg = profile|x64
		{868F041F-231E-3637-AC36-38BE4D6BEA42}.profile|x64.Build.0 = profile|x64
		{868F041F-231E-3637-AC36-38BE4D6BEA42}.release|x64.ActiveCfg = release|x64
		{868F041F-231E-3637-AC36-38BE4D6BEA42}.release|x64.Build.0 = release|x64
		{B40A7E20-EB51-3BA2-B8AA-7BFB43AC88D1}.debug|x64.ActiveCfg = debug|x64
		{B40A7E20-EB51-3BA2-B8AA-7BFB43AC88D1}.debug|x64.Build.0 = debug|x64
		{B40A7E20-EB51-3BA2-B8AA-7BFB43AC88D1}.checked|x64.ActiveCfg = checked|x64
		{B40A7E20-EB51-3BA2-B8AA-7BFB43AC88D1}.checked|x64.Build.0 = checked|x64
		{B40A7E20-EB51-3BA2-B8AA-7BFB43AC88D1}.profile|x64.ActiveCfg = profile|x64
		{B40A7E20-EB51-3BA2-B8AA-7BFB43AC88D1}.profile|x64.Build.0 = profile|x64
		{B40A7E20-EB51-3BA2-B8AA-7BFB43AC88D1}.release|x64.ActiveCfg = release|x64
		{B40A7E20-EB51-3BA2-B8AA-7BFB43AC88D1}.release|x64.Build.0 = release|x64
		{9A35644F-D9E5-3169-A055-1AB9751B8FEC}.debug|x64.ActiveCfg = debug|x64
		{9A35644F-D9E5-3169-A055-1AB9751B8FEC}.debug|x64.Build.0 = debug|x64
		{9A35644F-D9E5-3169-A055-1AB9751B8FEC}.checked|x64.ActiveCfg = checked|x64
		{9A35644F-D9E5-3169-A055-1AB9751B8FEC}.checked|x64.Build.0 = checked|x64
		{9A35644F-D9E5-3169-A055-1AB9751B8FEC}.profile|x64.ActiveCfg = profile|x64
		{9A35644F-D9E5-3169-A055-1AB9751B8FEC}.profile|x64.Build.0 = profile|x64
		{9A35644F-D9E5-3169-A055-1AB9751B8FEC}.release|x64.ActiveCfg = release|x64
		{9A35644F-D9E5-3169-A055-1AB9751B8FEC}.release|x64.Build.0 = release|x64
		{8A0446DC-F226-322C-ADC7-82CD9471A883}.debug|x64.ActiveCfg = debug|x64
		{8A0446DC-F226-322C-ADC7-82CD9471A883}.debug|x64.Build.0 = debug|x64
		{8A0446DC-F226-322C-ADC7-82CD9471A883}.checked|x64.ActiveCfg = checked|x64
		{8A0446DC-F226-322C-ADC7-82CD9471A883}.checked|x64.Build.0 = checked|x64
		{8A0446DC-F226-322C-ADC7-82CD9471A883}.profile|x64.ActiveCfg = profile|x64
		{8A0446DC-F226-322C-ADC7-82CD9471A883}.profile|x64.Build.0 = profile|x64
		{8A0446DC-F226-322C-ADC7-82CD9471A883}.release|x64.ActiveCfg = release|x64
		{8A0446DC-F226-322C-ADC7-82CD9471A883}.release|x64.Build.0 = release|x64
		{699E51BB-12CD-3246-8507-7F1222893DB2}.debug|x64.ActiveCfg = debug|x64
		{699E51BB-12CD-3246-8507-7F1222893DB2}.debug|x64.Build.0 = debug|x64
		{699E51BB-12CD-3246-8507-7F1222893DB2}.checked|x64.ActiveCfg = checked|x64
		{699E51BB-12CD-3246-8507-7F1222893DB2}.checked|x64.Build.0 = checked|x64
		{699E51BB-12CD-3246-8507-7F1222893DB2}.profile|x64.ActiveCfg = profile|x64
		{699E51BB-12CD-3246-8507-7F1222893DB2}.profile|x64.Build.0 = profile|x64
		{699E51BB-12CD-3246-8507-7F1222893DB2}.release|x64.ActiveCfg = release|x64
		{699E51BB-12CD-3246-8507-7F1222893DB2}.release|x64.Build.0 = release|x64
		{B526D7B6-B5D2-30E9-B50F-58CD4AF0F49C}.debug|x64.ActiveCfg = debug|x64
		{B526D7B6-B5D2-30E9-B50F-58CD4AF0F49C}.debug|x64.Build.0 = debug|x64
		{B526D7B6-B5D2-30E9-B50F-58CD4AF0F49C}.checked|x64.ActiveCfg = checked|x64
		{B526D7B6-B5D2-30E9-B50F-58CD4AF0F49C}.checked|x64.Build.0 = checked|x64
		{B526D7B6-B5D2-30E9-B50F-58CD4AF0F49C}.profile|x64.ActiveCfg = profile|x64
		{B526D7B6-B5D2-30E9-B50F-58CD4AF0F49C}.profile|x64.Build.0 = profile|x64
		{B526D7B6-B5D2-30E9-B50F-58CD4AF0F49C}.release|x64.ActiveCfg = release|x64
		{B526D7B6-B5D2-30E9-B50F-58CD4AF0F49C}.release|x64.Build.0 = release|x64
		{3BC0AD99-C7F4-3A39-93CD-701E49D44B75}.debug|x64.ActiveCfg = debug|x64
		{3BC0AD99-C7F4-3A39-93CD-701E49D44B75}.debug|x64.Build.0 = debug|x64
		{3BC0AD99-C7F4-3A39-93CD-701E49D44B75}.checked|x64.ActiveCfg = checked|x64
		{3BC0AD99-C7F4-3A39-93CD-701E49D44B75}.checked|x64.Build.0 = checked|x64
		{3BC0AD99-C7F4-3A39-93CD-701E49D44B75}.profile|x64.ActiveCfg = profile|x64
		{3BC0AD99-C7F4-3A39-93CD-701E49D44B75}.profile|x64.Build.0 = profile|x64
		{3BC0AD99-C7F4-3A39-93CD-701E49D44B75}.release|x64.ActiveCfg = release|x64
		{3BC0AD99-C7F4-3A39-93CD-701E49D44B75}.release|x64.Build.0 = release|x64
		{651ED67C-ACD8-3C4B-8F1E-C1D849260F6A}.debug|x64.ActiveCfg = debug|x64
		{651ED67C-ACD8-3C4B-8F1E-C1D849260F6A}.debug|x64.Build.0 = debug|x64
		{651ED67C-ACD8-3C4B-8F1E-C1D849260F6A}.checked|x64.ActiveCfg = checked|x64
		{651ED67C-ACD8-3C4B-8F1E-C1D849260F6A}.checked|x64.Build.0 = checked|x64
		{651ED67C-ACD8-3C4B-8F1E-C1D849260F6A}.profile|x64.ActiveCfg = profile|x64
		{651ED67C-ACD8-3C4B-8F1E-C1D849260F6A}.profile|x64.Build.0 = profile|x64
		{651ED67C-ACD8-3C4B-8F1E-C1D849260F6A}.release|x64.ActiveCfg = release|x64
		{651ED67C-ACD8-3C4B-8F1E-C1D849260F6A}.release|x64.Build.0 = release|x64
		{E8159792-49AE-3E12-A96C-F5FCEA5314AD}.debug|x64.ActiveCfg = debug|x64
		{E8159792-49AE-3E12-A96C-F5FCEA5314AD}.debug|x64.Build.0 = debug|x64
		{E8159792-49AE-3E12-A96C-F5FCEA5314AD}.checked|x64.ActiveCfg = checked|x64
		{E8159792-49AE-3E12-A96C-F5FCEA5314AD}.checked|x64.Build.0 = checked|x64
		{E8159792-49AE-3E12-A96C-F5FCEA5314AD}.profile|x64.ActiveCfg = profile|x64
		{E8159792-49AE-3E12-A96C-F5FCEA5314AD}.profile|x64.Build.0 = profile|x64
		{E8159792-49AE-3E12-A96C-F5FCEA5314AD}.release|x64.ActiveCfg = release|x64
		{E8159792-49AE-3E12-A96C-F5FCEA5314AD}.release|x64.Build.0 = release|x64
		{29B9E5E3-CEEE-3787-8DCD-7F8793942843}.debug|x64.ActiveCfg = debug|x64
		{29B9E5E3-CEEE-3787-8DCD-7F8793942843}.debug|x64.Build.0 = debug|x64
		{29B9E5E3-CEEE-3787-8DCD-7F8793942843}.checked|x64.ActiveCfg = checked|x64
		{29B9E5E3-CEEE-3787-8DCD-7F8793942843}.checked|x64.Build.0 = checked|x64
		{29B9E5E3-CEEE-3787-8DCD-7F8793942843}.profile|x64.ActiveCfg = profile|x64
		{29B9E5E3-CEEE-3787-8DCD-7F8793942843}.profile|x64.Build.0 = profile|x64
		{29B9E5E3-CEEE-3787-8DCD-7F8793942843}.release|x64.ActiveCfg = release|x64
		{29B9E5E3-CEEE-3787-8DCD-7F8793942843}.release|x64.Build.0 = release|x64
		{3D75A6E0-4EBB-30A2-9DDB-167D237898FB}.debug|x64.ActiveCfg = debug|x64
		{3D75A6E0-4EBB-30A2-9DDB-167D237898FB}.debug|x64.Build.0 = debug|x64
		{3D75A6E0-4EBB-30A2-9DDB-167D237898FB}.checked|x64.ActiveCfg = checked|x64
		{3D75A6E0-4EBB-30A2-9DDB-167D237898FB}.checked|x64.Build.0 = checked|x64
		{3D75A6E0-4EBB-30A2-9DDB-167D237898FB}.profile|x64.ActiveCfg = profile|x64
		{3D75A6E0-4EBB-30A2-9DDB-167D237898FB}.profile|x64.Build.0 = profile|x64
		{3D75A6E0-4EBB-30A2-9DDB-167D237898FB}.release|x64.ActiveCfg = release|x64
		{3D75A6E0-4EBB-30A2-9DDB-167D237898FB}.release|x64.Build.0 = release|x64
		{6E43A309-6FF9-3305-A138-B872A1773F2C}.debug|x64.ActiveCfg = debug|x64
		{6E43A309-6FF9-3305-A138-B872A1773F2C}.debug|x64.Build.0 = debug|x64
		{6E43A309-6FF9-3305-A138-B872A1773F2C}.checked|x64.ActiveCfg = checked|x64
		{6E43A309-6FF9-3305-A138-B872A1773F2C}.checked|x64.Build.0 = checked|x64
		{6E43A309-6FF9-3305-A138-B872A1773F2C}.profile|x64.ActiveCfg = profile|x64
		{6E43A309-6FF9-3305-A138-B872A1773F2C}.profile|x64.Build.0 = profile|x64
		{6E43A309-6FF9-3305-A138-B872A1773F2C}.release|x64.ActiveCfg = release|x64
		{6E43A309-6FF9-3305-A138-B872A1773F2C}.release|x64.Build.0 = release|x64
		{7121965D-6E1E-3EBF-9DC0-D9F893BA404F}.debug|x64.ActiveCfg = debug|x64
		{7121965D-6E1E-3EBF-9DC0-D9F893BA404F}.debug|x64.Build.0 = debug|x64
		{7121965D-6E1E-3EBF-9DC0-D9F893BA404F}.checked|x64.ActiveCfg = checked|x64
		{7121965D-6E1E-3EBF-9DC0-D9F893BA404F}.checked|x64.Build.0 = checked|x64
		{7121965D-6E1E-3EBF-9DC0-D9F893BA404F}.profile|x64.ActiveCfg = profile|x64
		{7121965D-6E1E-3EBF-9DC0-D9F893BA404F}.profile|x64.Build.0 = profile|x64
		{7121965D-6E1E-3EBF-9DC0-D9F893BA404F}.release|x64.ActiveCfg = release|x64
		{7121965D-6E1E-3EBF-9DC0-D9F893BA404F}.release|x64.Build.0 = release|x64
		{DEC3891F-14B2-3976-876A-C1AF8C6D8AFE}.debug|x64.ActiveCfg = debug|x64
		{DEC3891F-14B2-3976-876A-C1AF8C6D8AFE}.debug|x64.Build.0 = debug|x64
		{DEC3891F-14B2-3976-876A-C1AF8C6D8AFE}.checked|x64.ActiveCfg = checked|x64
		{DEC3891F-14B2-3976-876A-C1AF8C6D8AFE}.checked|x64.Build.0 = checked|x64
		{DEC3891F-14B2-3976-876A-C1AF8C6D8AFE}.profile|x64.ActiveCfg = profile|x64
		{DEC3891F-14B2-3976-876A-C1AF8C6D8AFE}.profile|x64.Build.0 = profile|x64
		{DEC3891F-14B2-3976-876A-C1AF8C6D8AFE}.release|x64.ActiveCfg = release|x64
		{DEC3891F-14B2-3976-876A-C1AF8C6D8AFE}.release|x64.Build.0 = release|x64
		{767F7910-E4E6-3196-869A-34DCA2E01743}.debug|x64.ActiveCfg = debug|x64
		{767F7910-E4E6-3196-869A-34DCA2E01743}.debug|x64.Build.0 = debug|x64
		{767F7910-E4E6-3196-869A-34DCA2E01743}.checked|x64.ActiveCfg = checked|x64
		{767F7910-E4E6-3196-869A-34DCA2E01743}.checked|x64.Build.0 = checked|x64
		{767F7910-E4E6-3196-869A-34DCA2E01743}.profile|x64.ActiveCfg = profile|x64
		{767F7910-E4E6-3196-869A-34DCA2E01743}.profile|x64.Build.0 = profile|x64
		{767F7910-E4E6-3196-869A-34DCA2E01743}.release|x64.ActiveCfg = release|x64
		{767F7910-E4E6-3196-869A-34DCA2E01743}.release|x64.Build.0 = release|x64
		{57546CA9-2B1F-3243-95AA-0C1E959B4141}.debug|x64.ActiveCfg = debug|x64
		{57546CA9-2B1F-3243-95AA-0C1E959B4141}.debug|x64.Build.0 = debug|x64
		{57546CA9-2B1F-3243-95AA-0C1E959B4141}.checked|x64.ActiveCfg = checked|x64
		{57546CA9-2B1F-3243-95AA-0C1E959B4141}.checked|x64.Build.0 = checked|x64
		{57546CA9-2B1F-3243-95AA-0C1E959B4141}.profile|x64.ActiveCfg = profile|x64
		{57546CA9-2B1F-3243-95AA-0C1E959B4141}.profile|x64.Build.0 = profile|x64
		{57546CA9-2B1F-3243-95AA-0C1E959B4141}.release|x64.ActiveCfg = release|x64
		{57546CA9-2B1F-3243-95AA-0C1E959B4141}.release|x64.Build.0 = release|x64
		{4E157063-251D-30CE-95B7-F7DBD4BD55C2}.debug|x64.ActiveCfg = debug|x64
		{4E157063-251D-30CE-95B7-F7DBD4BD55C2}.debug|x64.Build.0 = debug|x64
		{4E157063-251D-30CE-95B7-F7DBD4BD55C2}.checked|x64.ActiveCfg = checked|x64
		{4E157063-251D-30CE-95B7-F7DBD4BD55C2}.checked|x64.Build.0 = checked|x64
		{4E157063-251D-30CE-95B7-F7DBD4BD55C2}.profile|x64.ActiveCfg = profile|x64
		{4E157063-251D-30CE-95B7-F7DBD4BD55C2}.profile|x64.Build.0 = profile|x64
		{4E157063-251D-30CE-95B7-F7DBD4BD55C2}.release|x64.ActiveCfg = release|x64
		{4E157063-251D-30CE-95B7-F7DBD4BD55C2}.release|x64.Build.0 = release|x64
		{66A857EB-E486-3255-BC30-86FE09E7B3AB}.debug|x64.ActiveCfg = debug|x64
		{66A857EB-E486-3255-BC30-86FE09E7B3AB}.debug|x64.Build.0 = debug|x64
		{66A857EB-E486-3255-BC30-86FE09E7B3AB}.checked|x64.ActiveCfg = checked|x64
		{66A857EB-E486-3255-BC30-86FE09E7B3AB}.checked|x64.Build.0 = checked|x64
		{66A857EB-E486-3255-BC30-86FE09E7B3AB}.profile|x64.ActiveCfg = profile|x64
		{66A857EB-E486-3255-BC30-86FE09E7B3AB}.profile|x64.Build.0 = profile|x64
		{66A857EB-E486-3255-BC30-86FE09E7B3AB}.release|x64.ActiveCfg = release|x64
		{66A857EB-E486-3255-BC30-86FE09E7B3AB}.release|x64.Build.0 = release|x64
		{A79D0904-CA78-3032-90E8-A6AF7B9B0F5D}.debug|x64.ActiveCfg = debug|x64
		{A79D0904-CA78-3032-90E8-A6AF7B9B0F5D}.debug|x64.Build.0 = debug|x64
		{A79D0904-CA78-3032-90E8-A6AF7B9B0F5D}.checked|x64.ActiveCfg = checked|x64
		{A79D0904-CA78-3032-90E8-A6AF7B9B0F5D}.checked|x64.Build.0 = checked|x64
		{A79D0904-CA78-3032-90E8-A6AF7B9B0F5D}.profile|x64.ActiveCfg = profile|x64
		{A79D0904-CA78-3032-90E8-A6AF7B9B0F5D}.profile|x64.Build.0 = profile|x64
		{A79D0904-CA78-3032-90E8-A6AF7B9B0F5D}.release|x64.ActiveCfg = release|x64
		{A79D0904-CA78-3032-90E8-A6AF7B9B0F5D}.release|x64.Build.0 = release|x64
		{D6199C45-3712-3310-94CA-A8E7934FDD7C}.debug|x64.ActiveCfg = debug|x64
		{D6199C45-3712-3310-94CA-A8E7934FDD7C}.debug|x64.Build.0 = debug|x64
		{D6199C45-3712-3310-94CA-A8E7934FDD7C}.checked|x64.ActiveCfg = checked|x64
		{D6199C45-3712-3310-94CA-A8E7934FDD7C}.checked|x64.Build.0 = checked|x64
		{D6199C45-3712-3310-94CA-A8E7934FDD7C}.profile|x64.ActiveCfg = profile|x64
		{D6199C45-3712-3310-94CA-A8E7934FDD7C}.profile|x64.Build.0 = profile|x64
		{D6199C45-3712-3310-94CA-A8E7934FDD7C}.release|x64.ActiveCfg = release|x64
		{D6199C45-3712-3310-94CA-A8E7934FDD7C}.release|x64.Build.0 = release|x64
		{7872D0EB-93FA-3B14-9C30-16B193597494}.debug|x64.ActiveCfg = debug|x64
		{7872D0EB-93FA-3B14-9C30-16B193597494}.debug|x64.Build.0 = debug|x64
		{7872D0EB-93FA-3B14-9C30-16B193597494}.checked|x64.ActiveCfg = checked|x64
		{7872D0EB-93FA-3B14-9C30-16B193597494}.checked|x64.Build.0 = checked|x64
		{7872D0EB-93FA-3B14-9C30-16B193597494}.profile|x64.ActiveCfg = profile|x64
		{7872D0EB-93FA-3B14-9C30-16B193597494}.profile|x64.Build.0 = profile|x64
		{7872D0EB-93FA-3B14-9C30-16B193597494}.release|x64.ActiveCfg = release|x64
		{7872D0EB-93FA-3B14-9C30-16B193597494}.release|x64.Build.0 = release|x64
		{222AB3EE-E8C6-3926-8B87-C7EDC47F7664}.debug|x64.ActiveCfg = debug|x64
		{222AB3EE-E8C6-3926-8B87-C7EDC47F7664}.debug|x64.Build.0 = debug|x64
		{222AB3EE-E8C6-3926-8B87-C7EDC47F7664}.checked|x64.ActiveCfg = checked|x64
		{222AB3EE-E8C6-3926-8B87-C7EDC47F7664}.checked|x64.Build.0 = checked|x64
		{222AB3EE-E8C6-3926-8B87-C7EDC47F7664}.profile|x64.ActiveCfg = profile|x64
		{222AB3EE-E8C6-3926-8B87-C7EDC47F7664}.profile|x64.Build.0 = profile|x64
		{222AB3EE-E8C6-3926-8B87-C7EDC47F7664}.release|x64.ActiveCfg = release|x64
		{222AB3EE-E8C6-3926-8B87-C7EDC47F7664}.release|x64.Build.0 = release|x64
		{FB0443FC-B54D-3641-A118-C44C7E43FD8B}.debug|x64.ActiveCfg = debug|x64
		{FB0443FC-B54D-3641-A118-C44C7E43FD8B}.debug|x64.Build.0 = debug|x64
		{FB0443FC-B54D-3641-A118-C44C7E43FD8B}.checked|x64.ActiveCfg = checked|x64
		{FB0443FC-B54D-3641-A118-C44C7E43FD8B}.checked|x64.Build.0 = checked|x64
		{FB0443FC-B54D-3641-A118-C44C7E43FD8B}.profile|x64.ActiveCfg = profile|x64
		{FB0443FC-B54D-3641-A118-C44C7E43FD8B}.profile|x64.Build.0 = profile|x64
		{FB0443FC-B54D-3641-A118-C44C7E43FD8B}.release|x64.ActiveCfg = release|x64
		{FB0443FC-B54D-3641-A118-C44C7E43FD8B}.release|x64.Build.0 = release|x64
		{D13B0EB8-AAC9-39ED-9603-E708F08B419B}.debug|x64.ActiveCfg = debug|x64
		{D13B0EB8-AAC9-39ED-9603-E708F08B419B}.debug|x64.Build.0 = debug|x64
		{D13B0EB8-AAC9-39ED-9603-E708F08B419B}.checked|x64.ActiveCfg = checked|x64
		{D13B0EB8-AAC9-39ED-9603-E708F08B419B}.checked|x64.Build.0 = checked|x64
		{D13B0EB8-AAC9-39ED-9603-E708F08B419B}.profile|x64.ActiveCfg = profile|x64
		{D13B0EB8-AAC9-39ED-9603-E708F08B419B}.profile|x64.Build.0 = profile|x64
		{D13B0EB8-AAC9-39ED-9603-E708F08B419B}.release|x64.ActiveCfg = release|x64
		{D13B0EB8-AAC9-39ED-9603-E708F08B419B}.release|x64.Build.0 = release|x64
		{9A0F5BFD-5AF2-38DD-BB10-DCDAE068541A}.debug|x64.ActiveCfg = debug|x64
		{9A0F5BFD-5AF2-38DD-BB10-DCDAE068541A}.debug|x64.Build.0 = debug|x64
		{9A0F5BFD-5AF2-38DD-BB10-DCDAE068541A}.checked|x64.ActiveCfg = checked|x64
		{9A0F5BFD-5AF2-38DD-BB10-DCDAE068541A}.checked|x64.Build.0 = checked|x64
		{9A0F5BFD-5AF2-38DD-BB10-DCDAE068541A}.profile|x64.ActiveCfg = profile|x64
		{9A0F5BFD-5AF2-38DD-BB10-DCDAE068541A}.profile|x64.Build.0 = profile|x64
		{9A0F5BFD-5AF2-38DD-BB10-DCDAE068541A}.release|x64.ActiveCfg = release|x64
		{9A0F5BFD-5AF2-38DD-BB10-DCDAE068541A}.release|x64.Build.0 = release|x64
		{E45D522B-DE0B-3DA6-A5DF-669548929D10}.debug|x64.ActiveCfg = debug|x64
		{E45D522B-DE0B-3DA6-A5DF-669548929D10}.debug|x64.Build.0 = debug|x64
		{E45D522B-DE0B-3DA6-A5DF-669548929D10}.checked|x64.ActiveCfg = checked|x64
		{E45D522B-DE0B-3DA6-A5DF-669548929D10}.checked|x64.Build.0 = checked|x64
		{E45D522B-DE0B-3DA6-A5DF-669548929D10}.profile|x64.ActiveCfg = profile|x64
		{E45D522B-DE0B-3DA6-A5DF-669548929D10}.profile|x64.Build.0 = profile|x64
		{E45D522B-DE0B-3DA6-A5DF-669548929D10}.release|x64.ActiveCfg = release|x64
		{E45D522B-DE0B-3DA6-A5DF-669548929D10}.release|x64.Build.0 = release|x64
		{3A94D717-54E6-3C06-86FA-1C9F118541E7}.debug|x64.ActiveCfg = debug|x64
		{3A94D717-54E6-3C06-86FA-1C9F118541E7}.debug|x64.Build.0 = debug|x64
		{3A94D717-54E6-3C06-86FA-1C9F118541E7}.checked|x64.ActiveCfg = checked|x64
		{3A94D717-54E6-3C06-86FA-1C9F118541E7}.checked|x64.Build.0 = checked|x64
		{3A94D717-54E6-3C06-86FA-1C9F118541E7}.profile|x64.ActiveCfg = profile|x64
		{3A94D717-54E6-3C06-86FA-1C9F118541E7}.profile|x64.Build.0 = profile|x64
		{3A94D717-54E6-3C06-86FA-1C9F118541E7}.release|x64.ActiveCfg = release|x64
		{3A94D717-54E6-3C06-86FA-1C9F118541E7}.release|x64.Build.0 = release|x64
		{2297566B-ED88-35BF-8C6F-9B7939B0F322}.debug|x64.ActiveCfg = debug|x64
		{2297566B-ED88-35BF-8C6F-9B7939B0F322}.debug|x64.Build.0 = debug|x64
		{2297566B-ED88-35BF-8C6F-9B7939B0F322}.checked|x64.ActiveCfg = checked|x64
		{2297566B-ED88-35BF-8C6F-9B7939B0F322}.checked|x64.Build.0 = checked|x64
		{2297566B-ED88-35BF-8C6F-9B7939B0F322}.profile|x64.ActiveCfg = profile|x64
		{2297566B-ED88-35BF-8C6F-9B7939B0F322}.profile|x64.Build.0 = profile|x64
		{2297566B-ED88-35BF-8C6F-9B7939B0F322}.release|x64.ActiveCfg = release|x64
		{2297566B-ED88-35BF-8C6F-9B7939B0F322}.release|x64.Build.0 = release|x64
		{388613A4-E013-3C69-B066-BFC0AE362533}.debug|x64.ActiveCfg = debug|x64
		{388613A4-E013-3C69-B066-BFC0AE362533}.debug|x64.Build.0 = debug|x64
		{388613A4-E013-3C69-B066-BFC0AE362533}.checked|x64.ActiveCfg = checked|x64
		{388613A4-E013-3C69-B066-BFC0AE362533}.checked|x64.Build.0 = checked|x64
		{388613A4-E013-3C69-B066-BFC0AE362533}.profile|x64.ActiveCfg = profile|x64
		{388613A4-E013-3C69-B066-BFC0AE362533}.profile|x64.Build.0 = profile|x64
		{388613A4-E013-3C69-B066-BFC0AE362533}.release|x64.ActiveCfg = release|x64
		{388613A4-E013-3C69-B066-BFC0AE362533}.release|x64.Build.0 = release|x64
		{77B1C437-CAAF-3041-AF2F-7EB02B30BC75}.debug|x64.ActiveCfg = debug|x64
		{77B1C437-CAAF-3041-AF2F-7EB02B30BC75}.debug|x64.Build.0 = debug|x64
		{77B1C437-CAAF-3041-AF2F-7EB02B30BC75}.checked|x64.ActiveCfg = checked|x64
		{77B1C437-CAAF-3041-AF2F-7EB02B30BC75}.checked|x64.Build.0 = checked|x64
		{77B1C437-CAAF-3041-AF2F-7EB02B30BC75}.profile|x64.ActiveCfg = profile|x64
		{77B1C437-CAAF-3041-AF2F-7EB02B30BC75}.profile|x64.Build.0 = profile|x64
		{77B1C437-CAAF-3041-AF2F-7EB02B30BC75}.release|x64.ActiveCfg = release|x64
		{77B1C437-CAAF-3041-AF2F-7EB02B30BC75}.release|x64.Build.0 = release|x64
		{A9A62681-5689-324A-B29A-E8D366FB3BF9}.debug|x64.ActiveCfg = debug|x64
		{A9A62681-5689-324A-B29A-E8D366FB3BF9}.debug|x64.Build.0 = debug|x64
		{A9A62681-5689-324A-B29A-E8D366FB3BF9}.checked|x64.ActiveCfg = checked|x64
		{A9A62681-5689-324A-B29A-E8D366FB3BF9}.checked|x64.Build.0 = checked|x64
		{A9A62681-5689-324A-B29A-E8D366FB3BF9}.profile|x64.ActiveCfg = profile|x64
		{A9A62681-5689-324A-B29A-E8D366FB3BF9}.profile|x64.Build.0 = profile|x64
		{A9A62681-5689-324A-B29A-E8D366FB3BF9}.release|x64.ActiveCfg = release|x64
		{A9A62681-5689-324A-B29A-E8D366FB3BF9}.release|x64.Build.0 = release|x64
		{56D20E2F-CB8A-309A-BD79-5EF0B45310BC}.debug|x64.ActiveCfg = debug|x64
		{56D20E2F-CB8A-309A-BD79-5EF0B45310BC}.debug|x64.Build.0 = debug|x64
		{56D20E2F-CB8A-309A-BD79-5EF0B45310BC}.checked|x64.ActiveCfg = checked|x64
		{56D20E2F-CB8A-309A-BD79-5EF0B45310BC}.checked|x64.Build.0 = checked|x64
		{56D20E2F-CB8A-309A-BD79-5EF0B45310BC}.profile|x64.ActiveCfg = profile|x64
		{56D20E2F-CB8A-309A-BD79-5EF0B45310BC}.profile|x64.Build.0 = profile|x64
		{56D20E2F-CB8A-309A-BD79-5EF0B45310BC}.release|x64.ActiveCfg = release|x64
		{56D20E2F-CB8A-309A-BD79-5EF0B45310BC}.release|x64.Build.0 = release|x64
		{3436E570-E04C-3F5F-86AD-B39B0E359B02}.debug|x64.ActiveCfg = debug|x64
		{3436E570-E04C-3F5F-86AD-B39B0E359B02}.debug|x64.Build.0 = debug|x64
		{3436E570-E04C-3F5F-86AD-B39B0E359B02}.checked|x64.ActiveCfg = checked|x64
		{3436E570-E04C-3F5F-86AD-B39B0E359B02}.checked|x64.Build.0 = checked|x64
		{3436E570-E04C-3F5F-86AD-B39B0E359B02}.profile|x64.ActiveCfg = profile|x64
		{3436E570-E04C-3F5F-86AD-B39B0E359B02}.profile|x64.Build.0 = profile|x64
		{3436E570-E04C-3F5F-86AD-B39B0E359B02}.release|x64.ActiveCfg = release|x64
		{3436E570-E04C-3F5F-86AD-B39B0E359B02}.release|x64.Build.0 = release|x64
		{263EF82A-759A-35F0-988A-45930B42E676}.debug|x64.ActiveCfg = debug|x64
		{263EF82A-759A-35F0-988A-45930B42E676}.debug|x64.Build.0 = debug|x64
		{263EF82A-759A-35F0-988A-45930B42E676}.checked|x64.ActiveCfg = checked|x64
		{263EF82A-759A-35F0-988A-45930B42E676}.checked|x64.Build.0 = checked|x64
		{263EF82A-759A-35F0-988A-45930B42E676}.profile|x64.ActiveCfg = profile|x64
		{263EF82A-759A-35F0-988A-45930B42E676}.profile|x64.Build.0 = profile|x64
		{263EF82A-759A-35F0-988A-45930B42E676}.release|x64.ActiveCfg = release|x64
		{263EF82A-759A-35F0-988A-45930B42E676}.release|x64.Build.0 = release|x64
	EndGlobalSection
	GlobalSection(NestedProjects) = preSolution
		{68A5F5D1-D82A-3315-9916-0C2648A57D97} = {22488A71-05C3-3E93-95E6-9EC4DB52CD43}
		{6298C785-53FF-32B0-A5FF-F8F3AE74BCB4} = {22488A71-05C3-3E93-95E6-9EC4DB52CD43}
		{263EF82A-759A-35F0-988A-45930B42E676} = {22488A71-05C3-3E93-95E6-9EC4DB52CD43}
		{BAD0B39D-73DF-38ED-A8B0-9B7AD5466428} = {7F7DFD40-17B8-358D-A4B8-9F453C2EDA1C}
		{C5C4BC8C-38BD-358D-A3DC-B3C5C377C855} = {7F7DFD40-17B8-358D-A4B8-9F453C2EDA1C}
		{22DB972C-D896-3848-A77B-286E829B908C} = {7F7DFD40-17B8-358D-A4B8-9F453C2EDA1C}
		{21E8A5D5-AFEA-3455-BC9F-5042D438DF33} = {7F7DFD40-17B8-358D-A4B8-9F453C2EDA1C}
		{49943FD0-5B4A-3956-AA3B-07BBE495A136} = {7F7DFD40-17B8-358D-A4B8-9F453C2EDA1C}
		{54E6CCE0-44E1-3746-BA09-3C683F8851A8} = {7F7DFD40-17B8-358D-A4B8-9F453C2EDA1C}
		{DD810424-7F09-3132-9A77-35FCBCBAAC56} = {7F7DFD40-17B8-358D-A4B8-9F453C2EDA1C}
		{67AB5E7F-2BA1-38F5-B845-3D2376983E41} = {7F7DFD40-17B8-358D-A4B8-9F453C2EDA1C}
		{0ADE9E10-B405-39F0-99E7-5E25F06AC45E} = {7F7DFD40-17B8-358D-A4B8-9F453C2EDA1C}
		{F382E671-B3D6-367F-8231-7F0720D03090} = {7F7DFD40-17B8-358D-A4B8-9F453C2EDA1C}
		{4587724A-0B92-3EAF-8D18-107FB2138B0F} = {7F7DFD40-17B8-358D-A4B8-9F453C2EDA1C}
		{4A8BDEB0-2C69-322E-89D2-33179ACFFEC2} = {7F7DFD40-17B8-358D-A4B8-9F453C2EDA1C}
		{497D7FB2-E02C-3F55-9FE0-F2495EF6910E} = {7F7DFD40-17B8-358D-A4B8-9F453C2EDA1C}
		{6D4845B3-881D-30BF-A15C-AB3BBD361215} = {7F7DFD40-17B8-358D-A4B8-9F453C2EDA1C}
		{C2849802-880D-3F55-9C0F-2BE87A37DE8B} = {7F7DFD40-17B8-358D-A4B8-9F453C2EDA1C}
		{4561F22B-7883-35E6-9371-5183BAC2A6DF} = {C23B178D-5804-3CD3-AF7A-09F5ED759389}
		{B65F05EF-3E39-33C1-ADAC-C3ADD8B934D0} = {C23B178D-5804-3CD3-AF7A-09F5ED759389}
		{4A451058-A3B2-3A2E-B5EE-1876F0859182} = {C23B178D-5804-3CD3-AF7A-09F5ED759389}
		{868F041F-231E-3637-AC36-38BE4D6BEA42} = {C23B178D-5804-3CD3-AF7A-09F5ED759389}
		{B40A7E20-EB51-3BA2-B8AA-7BFB43AC88D1} = {C23B178D-5804-3CD3-AF7A-09F5ED759389}
		{9A35644F-D9E5-3169-A055-1AB9751B8FEC} = {C23B178D-5804-3CD3-AF7A-09F5ED759389}
		{8A0446DC-F226-322C-ADC7-82CD9471A883} = {C23B178D-5804-3CD3-AF7A-09F5ED759389}
		{699E51BB-12CD-3246-8507-7F1222893DB2} = {C23B178D-5804-3CD3-AF7A-09F5ED759389}
		{B526D7B6-B5D2-30E9-B50F-58CD4AF0F49C} = {C23B178D-5804-3CD3-AF7A-09F5ED759389}
		{3BC0AD99-C7F4-3A39-93CD-701E49D44B75} = {C23B178D-5804-3CD3-AF7A-09F5ED759389}
		{651ED67C-ACD8-3C4B-8F1E-C1D849260F6A} = {C23B178D-5804-3CD3-AF7A-09F5ED759389}
		{E8159792-49AE-3E12-A96C-F5FCEA5314AD} = {C23B178D-5804-3CD3-AF7A-09F5ED759389}
		{29B9E5E3-CEEE-3787-8DCD-7F8793942843} = {C23B178D-5804-3CD3-AF7A-09F5ED759389}
		{3D75A6E0-4EBB-30A2-9DDB-167D237898FB} = {C23B178D-5804-3CD3-AF7A-09F5ED759389}
		{6E43A309-6FF9-3305-A138-B872A1773F2C} = {C23B178D-5804-3CD3-AF7A-09F5ED759389}
		{7121965D-6E1E-3EBF-9DC0-D9F893BA404F} = {C23B178D-5804-3CD3-AF7A-09F5ED759389}
		{DEC3891F-14B2-3976-876A-C1AF8C6D8AFE} = {C23B178D-5804-3CD3-AF7A-09F5ED759389}
		{767F7910-E4E6-3196-869A-34DCA2E01743} = {C23B178D-5804-3CD3-AF7A-09F5ED759389}
		{57546CA9-2B1F-3243-95AA-0C1E959B4141} = {C23B178D-5804-3CD3-AF7A-09F5ED759389}
		{4E157063-251D-30CE-95B7-F7DBD4BD55C2} = {C23B178D-5804-3CD3-AF7A-09F5ED759389}
		{66A857EB-E486-3255-BC30-86FE09E7B3AB} = {C23B178D-5804-3CD3-AF7A-09F5ED759389}
		{A79D0904-CA78-3032-90E8-A6AF7B9B0F5D} = {C23B178D-5804-3CD3-AF7A-09F5ED759389}
		{D6199C45-3712-3310-94CA-A8E7934FDD7C} = {C23B178D-5804-3CD3-AF7A-09F5ED759389}
		{7872D0EB-93FA-3B14-9C30-16B193597494} = {C23B178D-5804-3CD3-AF7A-09F5ED759389}
		{222AB3EE-E8C6-3926-8B87-C7EDC47F7664} = {C23B178D-5804-3CD3-AF7A-09F5ED759389}
		{FB0443FC-B54D-3641-A118-C44C7E43FD8B} = {C23B178D-5804-3CD3-AF7A-09F5ED759389}
		{D13B0EB8-AAC9-39ED-9603-E708F08B419B} = {C23B178D-5804-3CD3-AF7A-09F5ED759389}
		{9A0F5BFD-5AF2-38DD-BB10-DCDAE068541A} = {C23B178D-5804-3CD3-AF7A-09F5ED759389}
		{E45D522B-DE0B-3DA6-A5DF-669548929D10} = {C23B178D-5804-3CD3-AF7A-09F5ED759389}
		{3A94D717-54E6-3C06-86FA-1C9F118541E7} = {C23B178D-5804-3CD3-AF7A-09F5ED759389}
		{2297566B-ED88-35BF-8C6F-9B7939B0F322} = {C23B178D-5804-3CD3-AF7A-09F5ED759389}
		{388613A4-E013-3C69-B066-BFC0AE362533} = {C23B178D-5804-3CD3-AF7A-09F5ED759389}
		{77B1C437-CAAF-3041-AF2F-7EB02B30BC75} = {C23B178D-5804-3CD3-AF7A-09F5ED759389}
		{A9A62681-5689-324A-B29A-E8D366FB3BF9} = {C23B178D-5804-3CD3-AF7A-09F5ED759389}
		{56D20E2F-CB8A-309A-BD79-5EF0B45310BC} = {C23B178D-5804-3CD3-AF7A-09F5ED759389}
		{3436E570-E04C-3F5F-86AD-B39B0E359B02} = {C23B178D-5804-3CD3-AF7A-09F5ED759389}
	EndGlobalSection
	GlobalSection(ExtensibilityGlobals) = postSolution
		SolutionGuid = {A5B6E1D1-2912-308E-B8FD-0D6E350D38D5}
	EndGlobalSection
	GlobalSection(ExtensibilityAddIns) = postSolution
	EndGlobalSection
EndGlobal
